// !$*UTF8*$!
{
	archiveVersion = 1;
	classes = {
	};
	objectVersion = 77;
	objects = {

/* Begin PBXBuildFile section */
		05582DF93304B1D434E21AF0 /* SFSafeSymbols in Frameworks */ = {isa = PBXBuildFile; productRef = AE7122B036132C0461B34AF9 /* SFSafeSymbols */; };
		12DA7CC0AF980F25EA979B43 /* FlinkyCore.framework in Embed Frameworks */ = {isa = PBXBuildFile; fileRef = 59B6AC6754A0DDA42CA41FC9 /* FlinkyCore.framework */; settings = {ATTRIBUTES = (CodeSignOnCopy, RemoveHeadersOnCopy, ); }; };
		2803E8EFE89B86291A9F548B /* SentrySPM in Frameworks */ = {isa = PBXBuildFile; productRef = 2C01956AD6D5DCCAF3C28AEC /* SentrySPM */; };
		2C6BD987973308B0243C414D /* SFSafeSymbols in Frameworks */ = {isa = PBXBuildFile; productRef = BAC933ED42E376C5EF3C8AE7 /* SFSafeSymbols */; };
		44A98D85DE55F00485CF0BF7 /* SFSafeSymbols in Frameworks */ = {isa = PBXBuildFile; productRef = 4C5E157AB4255CF94CE0CD0E /* SFSafeSymbols */; };
		47F425A51946B30DC6A79C10 /* FlinkyCore.framework in Frameworks */ = {isa = PBXBuildFile; fileRef = 59B6AC6754A0DDA42CA41FC9 /* FlinkyCore.framework */; };
		4CF5126445ED73B8B846D14E /* FlinkyCore.framework in Frameworks */ = {isa = PBXBuildFile; fileRef = 59B6AC6754A0DDA42CA41FC9 /* FlinkyCore.framework */; };
		870405694591E5E5755B022D /* OnLaunch in Frameworks */ = {isa = PBXBuildFile; productRef = D0FC6FBC28AA198B583B6E3D /* OnLaunch */; };
		9E7275EF9F1526BF331CACC9 /* FlinkyCore.framework in Embed Frameworks */ = {isa = PBXBuildFile; fileRef = 59B6AC6754A0DDA42CA41FC9 /* FlinkyCore.framework */; settings = {ATTRIBUTES = (CodeSignOnCopy, RemoveHeadersOnCopy, ); }; };
		A672FE160B683BA384D6108C /* SentrySPM in Frameworks */ = {isa = PBXBuildFile; productRef = 6CA689DC420160A093867FA6 /* SentrySPM */; };
		B05A2599B67DE9E9EE6F9740 /* FlinkyCore.framework in Embed Frameworks */ = {isa = PBXBuildFile; fileRef = 59B6AC6754A0DDA42CA41FC9 /* FlinkyCore.framework */; settings = {ATTRIBUTES = (CodeSignOnCopy, RemoveHeadersOnCopy, ); }; };
		B39E2B105C21799E412447E7 /* SFSafeSymbols in Frameworks */ = {isa = PBXBuildFile; productRef = C575308CEAAD4A95163ADBBD /* SFSafeSymbols */; };
		CB1BB79DA170E18EB4292621 /* FlinkyCore.framework in Frameworks */ = {isa = PBXBuildFile; fileRef = 59B6AC6754A0DDA42CA41FC9 /* FlinkyCore.framework */; };
		D6D0A17BDDD289306B0FCCA7 /* FlinkyCore.framework in Frameworks */ = {isa = PBXBuildFile; fileRef = 59B6AC6754A0DDA42CA41FC9 /* FlinkyCore.framework */; };
		F5F988FA16D87E7E098A61A9 /* ShareExtension.appex in Embed Foundation Extensions */ = {isa = PBXBuildFile; fileRef = ACA557858781CC46D5336CFC /* ShareExtension.appex */; settings = {ATTRIBUTES = (RemoveHeadersOnCopy, ); }; };
/* End PBXBuildFile section */

/* Begin PBXContainerItemProxy section */
		124C8FFF31024696DA8DDAB1 /* PBXContainerItemProxy */ = {
			isa = PBXContainerItemProxy;
			containerPortal = 965CCBA3B785C83A5EEAFD09 /* Project object */;
			proxyType = 1;
			remoteGlobalIDString = 43502ECD46B23B0DE3807D91;
			remoteInfo = FlinkyCore;
		};
		22753C479E53007CBFD19241 /* PBXContainerItemProxy */ = {
			isa = PBXContainerItemProxy;
			containerPortal = 965CCBA3B785C83A5EEAFD09 /* Project object */;
			proxyType = 1;
			remoteGlobalIDString = 9198AA103876EC14A96930E2;
			remoteInfo = Flinky;
		};
		32CB2A76CB9ADE3E50BEA9F0 /* PBXContainerItemProxy */ = {
			isa = PBXContainerItemProxy;
			containerPortal = 965CCBA3B785C83A5EEAFD09 /* Project object */;
			proxyType = 1;
			remoteGlobalIDString = 9198AA103876EC14A96930E2;
			remoteInfo = Flinky;
		};
		358642B03CF36AA3A156A9A9 /* PBXContainerItemProxy */ = {
			isa = PBXContainerItemProxy;
			containerPortal = 965CCBA3B785C83A5EEAFD09 /* Project object */;
			proxyType = 1;
			remoteGlobalIDString = 9198AA103876EC14A96930E2;
			remoteInfo = Flinky;
		};
		6653690A7C9AF7A4451DB6A4 /* PBXContainerItemProxy */ = {
			isa = PBXContainerItemProxy;
			containerPortal = 965CCBA3B785C83A5EEAFD09 /* Project object */;
			proxyType = 1;
			remoteGlobalIDString = 9198AA103876EC14A96930E2;
			remoteInfo = Flinky;
		};
		677D010EDA511ACF334716F2 /* PBXContainerItemProxy */ = {
			isa = PBXContainerItemProxy;
			containerPortal = 965CCBA3B785C83A5EEAFD09 /* Project object */;
			proxyType = 1;
			remoteGlobalIDString = 9198AA103876EC14A96930E2;
			remoteInfo = Flinky;
		};
		696270A9512FE11B633B73DE /* PBXContainerItemProxy */ = {
			isa = PBXContainerItemProxy;
			containerPortal = 965CCBA3B785C83A5EEAFD09 /* Project object */;
			proxyType = 1;
			remoteGlobalIDString = 43502ECD46B23B0DE3807D91;
			remoteInfo = FlinkyCore;
		};
		798AC121ECEB92319E9AFF45 /* PBXContainerItemProxy */ = {
			isa = PBXContainerItemProxy;
			containerPortal = 965CCBA3B785C83A5EEAFD09 /* Project object */;
			proxyType = 1;
			remoteGlobalIDString = 43502ECD46B23B0DE3807D91;
			remoteInfo = FlinkyCore;
		};
		8F945886DF1923AE94315D28 /* PBXContainerItemProxy */ = {
			isa = PBXContainerItemProxy;
			containerPortal = 965CCBA3B785C83A5EEAFD09 /* Project object */;
			proxyType = 1;
			remoteGlobalIDString = 5DE7B4773E669E09577A0496;
			remoteInfo = ShareExtension;
		};
		B95311C7917B142FE0424297 /* PBXContainerItemProxy */ = {
			isa = PBXContainerItemProxy;
			containerPortal = 965CCBA3B785C83A5EEAFD09 /* Project object */;
			proxyType = 1;
			remoteGlobalIDString = 43502ECD46B23B0DE3807D91;
			remoteInfo = FlinkyCore;
		};
		E4B36CC7086BD34BFC4B079C /* PBXContainerItemProxy */ = {
			isa = PBXContainerItemProxy;
			containerPortal = 965CCBA3B785C83A5EEAFD09 /* Project object */;
			proxyType = 1;
			remoteGlobalIDString = 9198AA103876EC14A96930E2;
			remoteInfo = Flinky;
		};
/* End PBXContainerItemProxy section */

/* Begin PBXCopyFilesBuildPhase section */
		1FB59A30ACFA1D79C6D1FE51 /* Embed Frameworks */ = {
			isa = PBXCopyFilesBuildPhase;
			buildActionMask = 2147483647;
			dstPath = "";
			dstSubfolderSpec = 10;
			files = (
				12DA7CC0AF980F25EA979B43 /* FlinkyCore.framework in Embed Frameworks */,
			);
			name = "Embed Frameworks";
			runOnlyForDeploymentPostprocessing = 0;
		};
		300593F2D75D50AE9B613D60 /* Embed Foundation Extensions */ = {
			isa = PBXCopyFilesBuildPhase;
			buildActionMask = 2147483647;
			dstPath = "";
			dstSubfolderSpec = 13;
			files = (
				F5F988FA16D87E7E098A61A9 /* ShareExtension.appex in Embed Foundation Extensions */,
			);
			name = "Embed Foundation Extensions";
			runOnlyForDeploymentPostprocessing = 0;
		};
		921A583A44821552BC0FF8FB /* Embed Frameworks */ = {
			isa = PBXCopyFilesBuildPhase;
			buildActionMask = 2147483647;
			dstPath = "";
			dstSubfolderSpec = 10;
			files = (
				9E7275EF9F1526BF331CACC9 /* FlinkyCore.framework in Embed Frameworks */,
			);
			name = "Embed Frameworks";
			runOnlyForDeploymentPostprocessing = 0;
		};
		A895ACDE37F35E1ABEACEB2F /* Embed Frameworks */ = {
			isa = PBXCopyFilesBuildPhase;
			buildActionMask = 2147483647;
			dstPath = "";
			dstSubfolderSpec = 10;
			files = (
				B05A2599B67DE9E9EE6F9740 /* FlinkyCore.framework in Embed Frameworks */,
			);
			name = "Embed Frameworks";
			runOnlyForDeploymentPostprocessing = 0;
		};
/* End PBXCopyFilesBuildPhase section */

/* Begin PBXFileReference section */
		059BCB5750D9FA391DD12D81 /* ScreenshotUITests.xctest */ = {isa = PBXFileReference; includeInIndex = 0; lastKnownFileType = wrapper.cfbundle; path = ScreenshotUITests.xctest; sourceTree = BUILT_PRODUCTS_DIR; };
		1D900CBF09B14E24193D89A4 /* UITests.xctest */ = {isa = PBXFileReference; includeInIndex = 0; lastKnownFileType = wrapper.cfbundle; path = UITests.xctest; sourceTree = BUILT_PRODUCTS_DIR; };
		38564E628219DE7E3AB7A218 /* Tests.xctest */ = {isa = PBXFileReference; includeInIndex = 0; lastKnownFileType = wrapper.cfbundle; path = Tests.xctest; sourceTree = BUILT_PRODUCTS_DIR; };
		42A63C68C7CE52097D4D6A87 /* ShareExtensionUITests.xctest */ = {isa = PBXFileReference; includeInIndex = 0; lastKnownFileType = wrapper.cfbundle; path = ShareExtensionUITests.xctest; sourceTree = BUILT_PRODUCTS_DIR; };
		59B6AC6754A0DDA42CA41FC9 /* FlinkyCore.framework */ = {isa = PBXFileReference; explicitFileType = wrapper.framework; includeInIndex = 0; path = FlinkyCore.framework; sourceTree = BUILT_PRODUCTS_DIR; };
		5A78BDEF1343DB01FD30C085 /* Flinky.app */ = {isa = PBXFileReference; includeInIndex = 0; lastKnownFileType = wrapper.application; path = Flinky.app; sourceTree = BUILT_PRODUCTS_DIR; };
		ACA557858781CC46D5336CFC /* ShareExtension.appex */ = {isa = PBXFileReference; includeInIndex = 0; lastKnownFileType = "wrapper.app-extension"; path = ShareExtension.appex; sourceTree = BUILT_PRODUCTS_DIR; };
		C125331DA10E849935655F97 /* ShareExtensionTests.xctest */ = {isa = PBXFileReference; includeInIndex = 0; lastKnownFileType = wrapper.cfbundle; path = ShareExtensionTests.xctest; sourceTree = BUILT_PRODUCTS_DIR; };
		D0E29C2ADD1C55FDD65047F6 /* FlinkyCoreTests.xctest */ = {isa = PBXFileReference; includeInIndex = 0; lastKnownFileType = wrapper.cfbundle; path = FlinkyCoreTests.xctest; sourceTree = BUILT_PRODUCTS_DIR; };
/* End PBXFileReference section */

/* Begin PBXFileSystemSynchronizedBuildFileExceptionSet section */
		A3EDFFCDCD55C83D0CADFC94 /* PBXFileSystemSynchronizedBuildFileExceptionSet */ = {
			isa = PBXFileSystemSynchronizedBuildFileExceptionSet;
			membershipExceptions = (
				Resources/Info.plist,
				Resources/Localizable.xcstrings,
			);
			target = 5DE7B4773E669E09577A0496 /* ShareExtension */;
		};
		BE3C127FE0C4A3162480CE38 /* PBXFileSystemSynchronizedBuildFileExceptionSet */ = {
			isa = PBXFileSystemSynchronizedBuildFileExceptionSet;
			membershipExceptions = (
				Sources/Resources/Info.plist,
			);
			target = 9198AA103876EC14A96930E2 /* Flinky */;
		};
		E651A0D863A3C222423586CC /* PBXFileSystemSynchronizedBuildFileExceptionSet */ = {
			isa = PBXFileSystemSynchronizedBuildFileExceptionSet;
			membershipExceptions = (
				Resources/Localizable.xcstrings,
			);
			target = 43502ECD46B23B0DE3807D91 /* FlinkyCore */;
		};
/* End PBXFileSystemSynchronizedBuildFileExceptionSet section */

/* Begin PBXFileSystemSynchronizedRootGroup section */
		00899E2C91190631EDD856E2 /* Sources */ = {
			isa = PBXFileSystemSynchronizedRootGroup;
			explicitFileTypes = {
			};
			explicitFolders = (
			);
			name = Sources;
			path = Sources;
			sourceTree = "<group>";
		};
		3785698F0DB7A7D24A15CB42 /* Sources */ = {
			isa = PBXFileSystemSynchronizedRootGroup;
			explicitFileTypes = {
			};
			explicitFolders = (
			);
			name = Sources;
			path = Sources;
			sourceTree = "<group>";
		};
		5273A9C7338FEC307FF81394 /* Sources */ = {
			isa = PBXFileSystemSynchronizedRootGroup;
			explicitFileTypes = {
			};
			explicitFolders = (
			);
			name = Sources;
			path = Sources;
			sourceTree = "<group>";
		};
		68B44DF7DB1B234C2FE0515C /* Sources */ = {
			isa = PBXFileSystemSynchronizedRootGroup;
			explicitFileTypes = {
			};
			explicitFolders = (
			);
			name = Sources;
			path = Sources;
			sourceTree = "<group>";
		};
		8C7AFEE60176D28EB8433EF0 /* Sources */ = {
			isa = PBXFileSystemSynchronizedRootGroup;
			explicitFileTypes = {
			};
			explicitFolders = (
			);
			name = Sources;
			path = Sources;
			sourceTree = "<group>";
		};
		A04DE5BF04B0E902D35CBE03 /* Sources */ = {
			isa = PBXFileSystemSynchronizedRootGroup;
			exceptions = (
				A3EDFFCDCD55C83D0CADFC94 /* PBXFileSystemSynchronizedBuildFileExceptionSet */,
			);
			explicitFileTypes = {
			};
			explicitFolders = (
			);
			name = Sources;
			path = Sources;
			sourceTree = "<group>";
		};
		BC5F79CA9A38A9EE6E30D032 /* App */ = {
			isa = PBXFileSystemSynchronizedRootGroup;
			exceptions = (
				BE3C127FE0C4A3162480CE38 /* PBXFileSystemSynchronizedBuildFileExceptionSet */,
			);
			explicitFileTypes = {
			};
			explicitFolders = (
			);
			name = App;
			path = App;
			sourceTree = "<group>";
		};
		C61D7A355BA14243C5CB1404 /* Sources */ = {
			isa = PBXFileSystemSynchronizedRootGroup;
			explicitFileTypes = {
			};
			explicitFolders = (
			);
			name = Sources;
			path = Sources;
			sourceTree = "<group>";
		};
		C806D5E5F780EFAF23B190B9 /* Sources */ = {
			isa = PBXFileSystemSynchronizedRootGroup;
			exceptions = (
				E651A0D863A3C222423586CC /* PBXFileSystemSynchronizedBuildFileExceptionSet */,
			);
			explicitFileTypes = {
			};
			explicitFolders = (
			);
			name = Sources;
			path = Sources;
			sourceTree = "<group>";
		};
/* End PBXFileSystemSynchronizedRootGroup section */

/* Begin PBXFrameworksBuildPhase section */
		0CC31B226CC106C2B3B64406 /* Frameworks */ = {
			isa = PBXFrameworksBuildPhase;
			buildActionMask = 2147483647;
			files = (
				CB1BB79DA170E18EB4292621 /* FlinkyCore.framework in Frameworks */,
				2C6BD987973308B0243C414D /* SFSafeSymbols in Frameworks */,
			);
			runOnlyForDeploymentPostprocessing = 0;
		};
		419A4B1CDDBE3527B80A74AE /* Frameworks */ = {
			isa = PBXFrameworksBuildPhase;
			buildActionMask = 2147483647;
			files = (
				D6D0A17BDDD289306B0FCCA7 /* FlinkyCore.framework in Frameworks */,
				A672FE160B683BA384D6108C /* SentrySPM in Frameworks */,
			);
			runOnlyForDeploymentPostprocessing = 0;
		};
		A30BC942211C9FFF85674D3F /* Frameworks */ = {
			isa = PBXFrameworksBuildPhase;
			buildActionMask = 2147483647;
			files = (
				47F425A51946B30DC6A79C10 /* FlinkyCore.framework in Frameworks */,
				B39E2B105C21799E412447E7 /* SFSafeSymbols in Frameworks */,
			);
			runOnlyForDeploymentPostprocessing = 0;
		};
		C8E868C6558174D58D749104 /* Frameworks */ = {
			isa = PBXFrameworksBuildPhase;
			buildActionMask = 2147483647;
			files = (
				05582DF93304B1D434E21AF0 /* SFSafeSymbols in Frameworks */,
			);
			runOnlyForDeploymentPostprocessing = 0;
		};
		FBFACB88D9CA43FE8A1BBBE7 /* Frameworks */ = {
			isa = PBXFrameworksBuildPhase;
			buildActionMask = 2147483647;
			files = (
				4CF5126445ED73B8B846D14E /* FlinkyCore.framework in Frameworks */,
				44A98D85DE55F00485CF0BF7 /* SFSafeSymbols in Frameworks */,
				2803E8EFE89B86291A9F548B /* SentrySPM in Frameworks */,
				870405694591E5E5755B022D /* OnLaunch in Frameworks */,
			);
			runOnlyForDeploymentPostprocessing = 0;
		};
/* End PBXFrameworksBuildPhase section */

/* Begin PBXGroup section */
		1A0019A19038AEB5DB058ADE /* ShareExtensionUITests */ = {
			isa = PBXGroup;
			children = (
				00899E2C91190631EDD856E2 /* Sources */,
			);
			path = ShareExtensionUITests;
			sourceTree = "<group>";
		};
		1BFAEE6BD3117452598FEF9E /* FlinkyCore */ = {
			isa = PBXGroup;
			children = (
				C806D5E5F780EFAF23B190B9 /* Sources */,
			);
			path = FlinkyCore;
			sourceTree = "<group>";
		};
		27F9FACA2BBF95F166C8D268 = {
			isa = PBXGroup;
			children = (
				D93A947CD72C6E70326EEFA5 /* Targets */,
				E2959B8E61645ABA034130D7 /* Products */,
			);
			sourceTree = "<group>";
		};
		307D936DE9A998C7E3F9F8C4 /* FlinkyCoreTests */ = {
			isa = PBXGroup;
			children = (
				8C7AFEE60176D28EB8433EF0 /* Sources */,
			);
			path = FlinkyCoreTests;
			sourceTree = "<group>";
		};
		3E92154CA14A72C25E3763AD /* ScreenshotUITests */ = {
			isa = PBXGroup;
			children = (
				C61D7A355BA14243C5CB1404 /* Sources */,
			);
			path = ScreenshotUITests;
			sourceTree = "<group>";
		};
		50D41DDCC1D09F20C8859BC5 /* UITests */ = {
			isa = PBXGroup;
			children = (
				5273A9C7338FEC307FF81394 /* Sources */,
			);
			path = UITests;
			sourceTree = "<group>";
		};
		A46B7CC8C36D029F9A827199 /* ShareExtensionTests */ = {
			isa = PBXGroup;
			children = (
				68B44DF7DB1B234C2FE0515C /* Sources */,
			);
			path = ShareExtensionTests;
			sourceTree = "<group>";
		};
		B738778E59EACA800DB85495 /* ShareExtension */ = {
			isa = PBXGroup;
			children = (
				A04DE5BF04B0E902D35CBE03 /* Sources */,
			);
			path = ShareExtension;
			sourceTree = "<group>";
		};
		BFB02730826A464D54B00F64 /* Tests */ = {
			isa = PBXGroup;
			children = (
				3785698F0DB7A7D24A15CB42 /* Sources */,
			);
			path = Tests;
			sourceTree = "<group>";
		};
		D93A947CD72C6E70326EEFA5 /* Targets */ = {
			isa = PBXGroup;
			children = (
				BC5F79CA9A38A9EE6E30D032 /* App */,
				1BFAEE6BD3117452598FEF9E /* FlinkyCore */,
				307D936DE9A998C7E3F9F8C4 /* FlinkyCoreTests */,
				3E92154CA14A72C25E3763AD /* ScreenshotUITests */,
				B738778E59EACA800DB85495 /* ShareExtension */,
				A46B7CC8C36D029F9A827199 /* ShareExtensionTests */,
				1A0019A19038AEB5DB058ADE /* ShareExtensionUITests */,
				BFB02730826A464D54B00F64 /* Tests */,
				50D41DDCC1D09F20C8859BC5 /* UITests */,
			);
			path = Targets;
			sourceTree = "<group>";
		};
		E2959B8E61645ABA034130D7 /* Products */ = {
			isa = PBXGroup;
			children = (
				5A78BDEF1343DB01FD30C085 /* Flinky.app */,
				59B6AC6754A0DDA42CA41FC9 /* FlinkyCore.framework */,
				D0E29C2ADD1C55FDD65047F6 /* FlinkyCoreTests.xctest */,
				059BCB5750D9FA391DD12D81 /* ScreenshotUITests.xctest */,
				ACA557858781CC46D5336CFC /* ShareExtension.appex */,
				C125331DA10E849935655F97 /* ShareExtensionTests.xctest */,
				42A63C68C7CE52097D4D6A87 /* ShareExtensionUITests.xctest */,
				38564E628219DE7E3AB7A218 /* Tests.xctest */,
				1D900CBF09B14E24193D89A4 /* UITests.xctest */,
			);
			name = Products;
			sourceTree = "<group>";
		};
/* End PBXGroup section */

/* Begin PBXNativeTarget section */
		31222234B0F5EAD020CD23EE /* UITests */ = {
			isa = PBXNativeTarget;
			buildConfigurationList = 6D02AA9AF8BC09900D6610F8 /* Build configuration list for PBXNativeTarget "UITests" */;
			buildPhases = (
				E6262D550689382CDE05568C /* Sources */,
				E32581141A7135EB664B31E5 /* Resources */,
			);
			buildRules = (
			);
			dependencies = (
				A25E8AC4D9389C9C5FEA8555 /* PBXTargetDependency */,
			);
			fileSystemSynchronizedGroups = (
				5273A9C7338FEC307FF81394 /* Sources */,
			);
			name = UITests;
			packageProductDependencies = (
			);
			productName = UITests;
			productReference = 1D900CBF09B14E24193D89A4 /* UITests.xctest */;
			productType = "com.apple.product-type.bundle.ui-testing";
		};
		43502ECD46B23B0DE3807D91 /* FlinkyCore */ = {
			isa = PBXNativeTarget;
			buildConfigurationList = 8C498AAB9092C57FE8C4329F /* Build configuration list for PBXNativeTarget "FlinkyCore" */;
			buildPhases = (
				5B309345733300975E1890B0 /* Run Script - Generate Files */,
				5BB4EF586157D92FB61F734E /* Sources */,
				D660524347B5A7FDA06E3DE6 /* Resources */,
				C8E868C6558174D58D749104 /* Frameworks */,
			);
			buildRules = (
			);
			dependencies = (
			);
			fileSystemSynchronizedGroups = (
				C806D5E5F780EFAF23B190B9 /* Sources */,
			);
			name = FlinkyCore;
			packageProductDependencies = (
				AE7122B036132C0461B34AF9 /* SFSafeSymbols */,
			);
			productName = FlinkyCore;
			productReference = 59B6AC6754A0DDA42CA41FC9 /* FlinkyCore.framework */;
			productType = "com.apple.product-type.framework";
		};
		4693EB40E5A585A7709559FF /* FlinkyCoreTests */ = {
			isa = PBXNativeTarget;
			buildConfigurationList = 9ED64D8C6679BBCDA24C98BF /* Build configuration list for PBXNativeTarget "FlinkyCoreTests" */;
			buildPhases = (
				2E5AE95B4D996AFD86C1505F /* Sources */,
				1B8B2832C7CC884F4B22AC18 /* Resources */,
				A30BC942211C9FFF85674D3F /* Frameworks */,
				1FB59A30ACFA1D79C6D1FE51 /* Embed Frameworks */,
			);
			buildRules = (
			);
			dependencies = (
				15AE0EEC8239D72C1D804213 /* PBXTargetDependency */,
				44B8989FF4295FA9B4DED3C0 /* PBXTargetDependency */,
			);
			fileSystemSynchronizedGroups = (
				8C7AFEE60176D28EB8433EF0 /* Sources */,
			);
			name = FlinkyCoreTests;
			packageProductDependencies = (
				C575308CEAAD4A95163ADBBD /* SFSafeSymbols */,
			);
			productName = FlinkyCoreTests;
			productReference = D0E29C2ADD1C55FDD65047F6 /* FlinkyCoreTests.xctest */;
			productType = "com.apple.product-type.bundle.unit-test";
		};
		5251C822963952BF41D07C48 /* Tests */ = {
			isa = PBXNativeTarget;
			buildConfigurationList = 10D2290FDEB16E147B7AE5E3 /* Build configuration list for PBXNativeTarget "Tests" */;
			buildPhases = (
				1B96BA432219603C48D5A037 /* Sources */,
				03AB9BD79917645CA54DBFFD /* Resources */,
				0CC31B226CC106C2B3B64406 /* Frameworks */,
				921A583A44821552BC0FF8FB /* Embed Frameworks */,
			);
			buildRules = (
			);
			dependencies = (
				F04AE942B7926359CE51A4B7 /* PBXTargetDependency */,
				B3A983A495AAA44BCD2C45CA /* PBXTargetDependency */,
			);
			fileSystemSynchronizedGroups = (
				3785698F0DB7A7D24A15CB42 /* Sources */,
			);
			name = Tests;
			packageProductDependencies = (
				BAC933ED42E376C5EF3C8AE7 /* SFSafeSymbols */,
			);
			productName = Tests;
			productReference = 38564E628219DE7E3AB7A218 /* Tests.xctest */;
			productType = "com.apple.product-type.bundle.unit-test";
		};
		5DE7B4773E669E09577A0496 /* ShareExtension */ = {
			isa = PBXNativeTarget;
			buildConfigurationList = 2045CB7B3EF648406899C6C1 /* Build configuration list for PBXNativeTarget "ShareExtension" */;
			buildPhases = (
				69EDF5F1B50B8F9BE66F2815 /* Sources */,
				388E26CA1877F0D8D98CFBC8 /* Resources */,
				419A4B1CDDBE3527B80A74AE /* Frameworks */,
			);
			buildRules = (
			);
			dependencies = (
				A5BF53BEB3DBF1380DD8ADE5 /* PBXTargetDependency */,
			);
			fileSystemSynchronizedGroups = (
				A04DE5BF04B0E902D35CBE03 /* Sources */,
			);
			name = ShareExtension;
			packageProductDependencies = (
				6CA689DC420160A093867FA6 /* SentrySPM */,
			);
			productName = ShareExtension;
			productReference = ACA557858781CC46D5336CFC /* ShareExtension.appex */;
			productType = "com.apple.product-type.app-extension";
		};
		60C904CE0B184F208257759C /* ScreenshotUITests */ = {
			isa = PBXNativeTarget;
			buildConfigurationList = 5C1049511F84545C3F4B0047 /* Build configuration list for PBXNativeTarget "ScreenshotUITests" */;
			buildPhases = (
				1B7FB520672654284CADEC1E /* Sources */,
				9F17FE9B3CBCFF341B19EB00 /* Resources */,
			);
			buildRules = (
			);
			dependencies = (
				AD7F7EC95F1C8253047A5593 /* PBXTargetDependency */,
			);
			fileSystemSynchronizedGroups = (
				C61D7A355BA14243C5CB1404 /* Sources */,
			);
			name = ScreenshotUITests;
			packageProductDependencies = (
			);
			productName = ScreenshotUITests;
			productReference = 059BCB5750D9FA391DD12D81 /* ScreenshotUITests.xctest */;
			productType = "com.apple.product-type.bundle.ui-testing";
		};
		9198AA103876EC14A96930E2 /* Flinky */ = {
			isa = PBXNativeTarget;
			buildConfigurationList = D645BE068D7345DC6FE4BA36 /* Build configuration list for PBXNativeTarget "Flinky" */;
			buildPhases = (
				8846DFFDA955D0C53BD7F4E9 /* Run Script - Generate Files */,
				F4B8E3B8744DCD5DAD93BE5C /* Sources */,
				5E4CB8F8BA60E646BDA49630 /* Resources */,
				FBFACB88D9CA43FE8A1BBBE7 /* Frameworks */,
				300593F2D75D50AE9B613D60 /* Embed Foundation Extensions */,
				A895ACDE37F35E1ABEACEB2F /* Embed Frameworks */,
				4086B9DF7AC999CC3119B8B0 /* Lint */,
				68B17CC7F0009840C7087143 /* Upload Debug Symbols to Sentry */,
			);
			buildRules = (
			);
			dependencies = (
				CDE075573320016E0C7E6986 /* PBXTargetDependency */,
				A84479D92F7ACC81EDDAD250 /* PBXTargetDependency */,
			);
			fileSystemSynchronizedGroups = (
				BC5F79CA9A38A9EE6E30D032 /* App */,
			);
			name = Flinky;
			packageProductDependencies = (
				4C5E157AB4255CF94CE0CD0E /* SFSafeSymbols */,
				2C01956AD6D5DCCAF3C28AEC /* SentrySPM */,
				D0FC6FBC28AA198B583B6E3D /* OnLaunch */,
			);
			productName = Flinky;
			productReference = 5A78BDEF1343DB01FD30C085 /* Flinky.app */;
			productType = "com.apple.product-type.application";
		};
		C7204C8FA7F18BE7B8526098 /* ShareExtensionTests */ = {
			isa = PBXNativeTarget;
			buildConfigurationList = F28CED6C7CB6F2F9DE33B15B /* Build configuration list for PBXNativeTarget "ShareExtensionTests" */;
			buildPhases = (
				32B7E7A2277B9CEA33854D98 /* Sources */,
				FDB7021C9B01EC36BB5121FE /* Resources */,
			);
			buildRules = (
			);
			dependencies = (
				CD2DF8D805CE38617DEB7EBC /* PBXTargetDependency */,
			);
			fileSystemSynchronizedGroups = (
				68B44DF7DB1B234C2FE0515C /* Sources */,
			);
			name = ShareExtensionTests;
			packageProductDependencies = (
			);
			productName = ShareExtensionTests;
			productReference = C125331DA10E849935655F97 /* ShareExtensionTests.xctest */;
			productType = "com.apple.product-type.bundle.unit-test";
		};
		DC44702A3CEA6A63C027A551 /* ShareExtensionUITests */ = {
			isa = PBXNativeTarget;
			buildConfigurationList = 3E9644BB56878DB01184A76E /* Build configuration list for PBXNativeTarget "ShareExtensionUITests" */;
			buildPhases = (
				B3D492F246EA795323E6A0DC /* Sources */,
				FD56734EDC85177BC261F98F /* Resources */,
			);
			buildRules = (
			);
			dependencies = (
				0BF46FAE4D6093369C095256 /* PBXTargetDependency */,
			);
			fileSystemSynchronizedGroups = (
				00899E2C91190631EDD856E2 /* Sources */,
			);
			name = ShareExtensionUITests;
			packageProductDependencies = (
			);
			productName = ShareExtensionUITests;
			productReference = 42A63C68C7CE52097D4D6A87 /* ShareExtensionUITests.xctest */;
			productType = "com.apple.product-type.bundle.ui-testing";
		};
/* End PBXNativeTarget section */

/* Begin PBXProject section */
		965CCBA3B785C83A5EEAFD09 /* Project object */ = {
			isa = PBXProject;
			attributes = {
				BuildIndependentTargetsInParallel = YES;
				LastUpgradeCheck = 1640;
				TargetAttributes = {
					31222234B0F5EAD020CD23EE = {
						DevelopmentTeam = "";
						ProvisioningStyle = Manual;
						TestTargetID = 9198AA103876EC14A96930E2;
					};
					43502ECD46B23B0DE3807D91 = {
						DevelopmentTeam = "";
						ProvisioningStyle = Manual;
					};
					4693EB40E5A585A7709559FF = {
						DevelopmentTeam = "";
						ProvisioningStyle = Manual;
					};
					5251C822963952BF41D07C48 = {
						DevelopmentTeam = "";
						ProvisioningStyle = Manual;
					};
					5DE7B4773E669E09577A0496 = {
						DevelopmentTeam = "";
						ProvisioningStyle = Manual;
					};
					60C904CE0B184F208257759C = {
						DevelopmentTeam = "";
						ProvisioningStyle = Manual;
						TestTargetID = 9198AA103876EC14A96930E2;
					};
					9198AA103876EC14A96930E2 = {
						DevelopmentTeam = BZ362SQ6AB;
						ProvisioningStyle = Manual;
					};
					C7204C8FA7F18BE7B8526098 = {
						DevelopmentTeam = "";
						ProvisioningStyle = Manual;
					};
					DC44702A3CEA6A63C027A551 = {
						DevelopmentTeam = "";
						ProvisioningStyle = Manual;
						TestTargetID = 9198AA103876EC14A96930E2;
					};
				};
			};
			buildConfigurationList = 9D49B2D6EF3E37A07A77D3A6 /* Build configuration list for PBXProject "Flinky" */;
			developmentRegion = en;
			hasScannedForEncodings = 0;
			knownRegions = (
				en,
			);
			mainGroup = 27F9FACA2BBF95F166C8D268;
			minimizedProjectReferenceProxies = 1;
			packageReferences = (
				7CF5260102AC15C88D8F085F /* XCRemoteSwiftPackageReference "OnLaunch-iOS-Client" */,
				F413361543B0C4B43037DC13 /* XCRemoteSwiftPackageReference "SFSafeSymbols" */,
				271C86CF23714BA569B6BC68 /* XCRemoteSwiftPackageReference "sentry-cocoa" */,
			);
			preferredProjectObjectVersion = 77;
			productRefGroup = E2959B8E61645ABA034130D7 /* Products */;
			projectDirPath = "";
			projectRoot = "";
			targets = (
				9198AA103876EC14A96930E2 /* Flinky */,
				43502ECD46B23B0DE3807D91 /* FlinkyCore */,
				4693EB40E5A585A7709559FF /* FlinkyCoreTests */,
				60C904CE0B184F208257759C /* ScreenshotUITests */,
				5DE7B4773E669E09577A0496 /* ShareExtension */,
				C7204C8FA7F18BE7B8526098 /* ShareExtensionTests */,
				DC44702A3CEA6A63C027A551 /* ShareExtensionUITests */,
				5251C822963952BF41D07C48 /* Tests */,
				31222234B0F5EAD020CD23EE /* UITests */,
			);
		};
/* End PBXProject section */

/* Begin PBXResourcesBuildPhase section */
		03AB9BD79917645CA54DBFFD /* Resources */ = {
			isa = PBXResourcesBuildPhase;
			buildActionMask = 2147483647;
			files = (
			);
			runOnlyForDeploymentPostprocessing = 0;
		};
		1B8B2832C7CC884F4B22AC18 /* Resources */ = {
			isa = PBXResourcesBuildPhase;
			buildActionMask = 2147483647;
			files = (
			);
			runOnlyForDeploymentPostprocessing = 0;
		};
		388E26CA1877F0D8D98CFBC8 /* Resources */ = {
			isa = PBXResourcesBuildPhase;
			buildActionMask = 2147483647;
			files = (
			);
			runOnlyForDeploymentPostprocessing = 0;
		};
		5E4CB8F8BA60E646BDA49630 /* Resources */ = {
			isa = PBXResourcesBuildPhase;
			buildActionMask = 2147483647;
			files = (
			);
			runOnlyForDeploymentPostprocessing = 0;
		};
		9F17FE9B3CBCFF341B19EB00 /* Resources */ = {
			isa = PBXResourcesBuildPhase;
			buildActionMask = 2147483647;
			files = (
			);
			runOnlyForDeploymentPostprocessing = 0;
		};
		D660524347B5A7FDA06E3DE6 /* Resources */ = {
			isa = PBXResourcesBuildPhase;
			buildActionMask = 2147483647;
			files = (
			);
			runOnlyForDeploymentPostprocessing = 0;
		};
		E32581141A7135EB664B31E5 /* Resources */ = {
			isa = PBXResourcesBuildPhase;
			buildActionMask = 2147483647;
			files = (
			);
			runOnlyForDeploymentPostprocessing = 0;
		};
		FD56734EDC85177BC261F98F /* Resources */ = {
			isa = PBXResourcesBuildPhase;
			buildActionMask = 2147483647;
			files = (
			);
			runOnlyForDeploymentPostprocessing = 0;
		};
		FDB7021C9B01EC36BB5121FE /* Resources */ = {
			isa = PBXResourcesBuildPhase;
			buildActionMask = 2147483647;
			files = (
			);
			runOnlyForDeploymentPostprocessing = 0;
		};
/* End PBXResourcesBuildPhase section */

/* Begin PBXShellScriptBuildPhase section */
		4086B9DF7AC999CC3119B8B0 /* Lint */ = {
			isa = PBXShellScriptBuildPhase;
			alwaysOutOfDate = 1;
			buildActionMask = 2147483647;
			files = (
			);
			inputFileListPaths = (
			);
			inputPaths = (
			);
			name = Lint;
			outputFileListPaths = (
			);
			outputPaths = (
			);
			runOnlyForDeploymentPostprocessing = 0;
			shellPath = /bin/sh;
			shellScript = "if [[ \"$(uname -m)\" == arm64 ]]\nthen\n    export PATH=\"/opt/homebrew/bin:$PATH\"\nfi\n\nif command -v swiftlint >/dev/null 2>&1\nthen\n    swiftlint\nelse\n    echo \"warning: `swiftlint` command not found - See https://github.com/realm/SwiftLint#installation for installation instructions.\"\nfi\n";
		};
		5B309345733300975E1890B0 /* Run Script - Generate Files */ = {
			isa = PBXShellScriptBuildPhase;
			buildActionMask = 2147483647;
			files = (
			);
			inputFileListPaths = (
			);
			inputPaths = (
			);
			name = "Run Script - Generate Files";
			outputFileListPaths = (
			);
			outputPaths = (
			);
			runOnlyForDeploymentPostprocessing = 0;
			shellPath = /bin/sh;
			shellScript = "set -e\n\n# Set up PATH for Homebrew tools\nif [[ \"$(uname -m)\" == arm64 ]]; then\n    export PATH=\"/opt/homebrew/bin:$PATH\"\nelse\n    export PATH=\"/usr/local/bin:$PATH\"\nfi\n\n# Change to project directory\ncd \"$SRCROOT\"\n\n# Generate localization\n./Scripts/generate-localization.sh\n\necho \"✅ All generation tasks completed successfully\"\n";
		};
		68B17CC7F0009840C7087143 /* Upload Debug Symbols to Sentry */ = {
			isa = PBXShellScriptBuildPhase;
			alwaysOutOfDate = 1;
			buildActionMask = 2147483647;
			files = (
			);
			inputFileListPaths = (
			);
			inputPaths = (
				"${DWARF_DSYM_FOLDER_PATH}/${DWARF_DSYM_FILE_NAME}/Contents/Resources/DWARF/${TARGET_NAME}",
			);
			name = "Upload Debug Symbols to Sentry";
			outputFileListPaths = (
			);
			outputPaths = (
			);
			runOnlyForDeploymentPostprocessing = 0;
			shellPath = /bin/sh;
			shellScript = "# This script is responsible for uploading debug symbols and source context for Sentry.\nif [[ \"$(uname -m)\" == arm64 ]]; then\n    export PATH=\"/opt/homebrew/bin:$PATH\"\nfi\n\nif which sentry-cli >/dev/null; then\n    export SENTRY_ORG=techprimate\n    export SENTRY_PROJECT=flinky\n    ERROR=$(sentry-cli debug-files upload --include-sources \"$DWARF_DSYM_FOLDER_PATH\" 2>&1 >/dev/null)\n    if [ ! $? -eq 0 ]; then\n        echo \"warning: sentry-cli - $ERROR\"\n    fi\nelse\n    echo \"warning: sentry-cli not installed, download from https://github.com/getsentry/sentry-cli/releases\"\nfi\n";
		};
		8846DFFDA955D0C53BD7F4E9 /* Run Script - Generate Files */ = {
			isa = PBXShellScriptBuildPhase;
			buildActionMask = 2147483647;
			files = (
			);
			inputFileListPaths = (
			);
			inputPaths = (
				"$(SRCROOT)/Scripts/generate-licenses.sh",
				"$(SRCROOT)/Scripts/generate-version-in-settings.sh",
				"$(SRCROOT)/Scripts/generate-localization.sh",
				"$(SRCROOT)/Sources/Resources/Localizable.xcstrings",
				"$(SRCROOT)/Templates/en-strings.stencil",
				"$(SRCROOT)/Templates/l21strings.stencil",
				"$(SRCROOT)/Flinky.xcodeproj/project.pbxproj",
				"$(SRCROOT)/Flinky.xcodeproj/project.xcworkspace/xcshareddata/swiftpm/Package.resolved",
			);
			name = "Run Script - Generate Files";
			outputFileListPaths = (
			);
			outputPaths = (
				"$(SRCROOT)/Sources/Resources/Settings.bundle/Licenses.plist",
				"$(SRCROOT)/Sources/Resources/Settings.bundle/Licenses.latest_result.txt",
				"$(SRCROOT)/Sources/Resources/Settings.bundle/Root.plist",
				"$(SRCROOT)/Sources/Utils/Localization.swift",
				"$(SRCROOT)/Generated/generated-en.strings",
			);
			runOnlyForDeploymentPostprocessing = 0;
			shellPath = /bin/zsh;
			shellScript = "set -e\n\n# Set up PATH for Homebrew tools\nif [[ \"$(uname -m)\" == arm64 ]]; then\n    export PATH=\"/opt/homebrew/bin:$PATH\"\nelse\n    export PATH=\"/usr/local/bin:$PATH\"\nfi\n\n# Change to project directory\ncd \"$SRCROOT\"\n\n# Generate licenses\n./Scripts/generate-licenses.sh\n\n# Generate version in settings\n./Scripts/generate-version-in-settings.sh\n\n# Generate localization\n./Scripts/generate-localization.sh\n\necho \"✅ All generation tasks completed successfully\"\n";
		};
/* End PBXShellScriptBuildPhase section */

/* Begin PBXSourcesBuildPhase section */
		1B7FB520672654284CADEC1E /* Sources */ = {
			isa = PBXSourcesBuildPhase;
			buildActionMask = 2147483647;
			files = (
			);
			runOnlyForDeploymentPostprocessing = 0;
		};
		1B96BA432219603C48D5A037 /* Sources */ = {
			isa = PBXSourcesBuildPhase;
			buildActionMask = 2147483647;
			files = (
			);
			runOnlyForDeploymentPostprocessing = 0;
		};
		2E5AE95B4D996AFD86C1505F /* Sources */ = {
			isa = PBXSourcesBuildPhase;
			buildActionMask = 2147483647;
			files = (
			);
			runOnlyForDeploymentPostprocessing = 0;
		};
		32B7E7A2277B9CEA33854D98 /* Sources */ = {
			isa = PBXSourcesBuildPhase;
			buildActionMask = 2147483647;
			files = (
			);
			runOnlyForDeploymentPostprocessing = 0;
		};
		5BB4EF586157D92FB61F734E /* Sources */ = {
			isa = PBXSourcesBuildPhase;
			buildActionMask = 2147483647;
			files = (
			);
			runOnlyForDeploymentPostprocessing = 0;
		};
		69EDF5F1B50B8F9BE66F2815 /* Sources */ = {
			isa = PBXSourcesBuildPhase;
			buildActionMask = 2147483647;
			files = (
			);
			runOnlyForDeploymentPostprocessing = 0;
		};
		B3D492F246EA795323E6A0DC /* Sources */ = {
			isa = PBXSourcesBuildPhase;
			buildActionMask = 2147483647;
			files = (
			);
			runOnlyForDeploymentPostprocessing = 0;
		};
		E6262D550689382CDE05568C /* Sources */ = {
			isa = PBXSourcesBuildPhase;
			buildActionMask = 2147483647;
			files = (
			);
			runOnlyForDeploymentPostprocessing = 0;
		};
		F4B8E3B8744DCD5DAD93BE5C /* Sources */ = {
			isa = PBXSourcesBuildPhase;
			buildActionMask = 2147483647;
			files = (
			);
			runOnlyForDeploymentPostprocessing = 0;
		};
/* End PBXSourcesBuildPhase section */

/* Begin PBXTargetDependency section */
		0BF46FAE4D6093369C095256 /* PBXTargetDependency */ = {
			isa = PBXTargetDependency;
			target = 9198AA103876EC14A96930E2 /* Flinky */;
			targetProxy = 677D010EDA511ACF334716F2 /* PBXContainerItemProxy */;
		};
		15AE0EEC8239D72C1D804213 /* PBXTargetDependency */ = {
			isa = PBXTargetDependency;
			target = 9198AA103876EC14A96930E2 /* Flinky */;
			targetProxy = 32CB2A76CB9ADE3E50BEA9F0 /* PBXContainerItemProxy */;
		};
		44B8989FF4295FA9B4DED3C0 /* PBXTargetDependency */ = {
			isa = PBXTargetDependency;
			target = 43502ECD46B23B0DE3807D91 /* FlinkyCore */;
			targetProxy = B95311C7917B142FE0424297 /* PBXContainerItemProxy */;
		};
		A25E8AC4D9389C9C5FEA8555 /* PBXTargetDependency */ = {
			isa = PBXTargetDependency;
			target = 9198AA103876EC14A96930E2 /* Flinky */;
			targetProxy = 22753C479E53007CBFD19241 /* PBXContainerItemProxy */;
		};
		A5BF53BEB3DBF1380DD8ADE5 /* PBXTargetDependency */ = {
			isa = PBXTargetDependency;
			target = 43502ECD46B23B0DE3807D91 /* FlinkyCore */;
			targetProxy = 696270A9512FE11B633B73DE /* PBXContainerItemProxy */;
		};
		A84479D92F7ACC81EDDAD250 /* PBXTargetDependency */ = {
			isa = PBXTargetDependency;
			target = 5DE7B4773E669E09577A0496 /* ShareExtension */;
			targetProxy = 8F945886DF1923AE94315D28 /* PBXContainerItemProxy */;
		};
		AD7F7EC95F1C8253047A5593 /* PBXTargetDependency */ = {
			isa = PBXTargetDependency;
			target = 9198AA103876EC14A96930E2 /* Flinky */;
			targetProxy = 6653690A7C9AF7A4451DB6A4 /* PBXContainerItemProxy */;
		};
		B3A983A495AAA44BCD2C45CA /* PBXTargetDependency */ = {
			isa = PBXTargetDependency;
			target = 43502ECD46B23B0DE3807D91 /* FlinkyCore */;
			targetProxy = 124C8FFF31024696DA8DDAB1 /* PBXContainerItemProxy */;
		};
		CD2DF8D805CE38617DEB7EBC /* PBXTargetDependency */ = {
			isa = PBXTargetDependency;
			target = 9198AA103876EC14A96930E2 /* Flinky */;
			targetProxy = 358642B03CF36AA3A156A9A9 /* PBXContainerItemProxy */;
		};
		CDE075573320016E0C7E6986 /* PBXTargetDependency */ = {
			isa = PBXTargetDependency;
			target = 43502ECD46B23B0DE3807D91 /* FlinkyCore */;
			targetProxy = 798AC121ECEB92319E9AFF45 /* PBXContainerItemProxy */;
		};
		F04AE942B7926359CE51A4B7 /* PBXTargetDependency */ = {
			isa = PBXTargetDependency;
			target = 9198AA103876EC14A96930E2 /* Flinky */;
			targetProxy = E4B36CC7086BD34BFC4B079C /* PBXContainerItemProxy */;
		};
/* End PBXTargetDependency section */

/* Begin XCBuildConfiguration section */
		05D0980CA7429508A83484C3 /* Release */ = {
			isa = XCBuildConfiguration;
			buildSettings = {
				BUNDLE_LOADER = "$(TEST_HOST)";
				CODE_SIGN_STYLE = Manual;
				CURRENT_PROJECT_VERSION = 8;
				DEVELOPMENT_TEAM = "";
				GENERATE_INFOPLIST_FILE = YES;
				IPHONEOS_DEPLOYMENT_TARGET = 18.0;
				LD_RUNPATH_SEARCH_PATHS = (
					"$(inherited)",
					"@executable_path/Frameworks",
					"@loader_path/Frameworks",
				);
				MARKETING_VERSION = 1.1.5;
				PRODUCT_BUNDLE_IDENTIFIER = com.techprimate.Flinky.Tests;
				PRODUCT_NAME = "$(TARGET_NAME)";
				SDKROOT = iphoneos;
				SWIFT_EMIT_LOC_STRINGS = NO;
				SWIFT_VERSION = 5.0;
				TARGETED_DEVICE_FAMILY = "1,2";
				TEST_HOST = "$(BUILT_PRODUCTS_DIR)/Flinky.app/$(BUNDLE_EXECUTABLE_FOLDER_PATH)/Flinky";
			};
			name = Release;
		};
		113AA6FA3429A14FA579160E /* Debug */ = {
			isa = XCBuildConfiguration;
			buildSettings = {
				CODE_SIGN_ENTITLEMENTS = Targets/ShareExtension/Sources/Resources/ShareExtension.entitlements;
				CODE_SIGN_IDENTITY = "Apple Development";
				CODE_SIGN_STYLE = Manual;
				CURRENT_PROJECT_VERSION = 8;
				DEVELOPMENT_TEAM = "";
				GENERATE_INFOPLIST_FILE = YES;
				INFOPLIST_FILE = Targets/ShareExtension/Sources/Resources/Info.plist;
				IPHONEOS_DEPLOYMENT_TARGET = 18.0;
				LD_RUNPATH_SEARCH_PATHS = (
					"$(inherited)",
					"@executable_path/Frameworks",
					"@executable_path/../../Frameworks",
				);
				MARKETING_VERSION = 1.1.5;
				PRODUCT_BUNDLE_IDENTIFIER = com.techprimate.Flinky.ShareExtension;
				PRODUCT_NAME = "$(TARGET_NAME)";
				PROVISIONING_PROFILE_SPECIFIER = "";
				SDKROOT = iphoneos;
				SKIP_INSTALL = YES;
				SWIFT_EMIT_LOC_STRINGS = YES;
				SWIFT_VERSION = 5.0;
				TARGETED_DEVICE_FAMILY = "1,2";
			};
			name = Debug;
		};
		172B4ECA385BA43B1588D66A /* Release */ = {
			isa = XCBuildConfiguration;
			buildSettings = {
				ALWAYS_SEARCH_USER_PATHS = NO;
				CLANG_ANALYZER_NONNULL = YES;
				CLANG_ANALYZER_NUMBER_OBJECT_CONVERSION = YES_AGGRESSIVE;
				CLANG_CXX_LANGUAGE_STANDARD = "gnu++14";
				CLANG_CXX_LIBRARY = "libc++";
				CLANG_ENABLE_MODULES = YES;
				CLANG_ENABLE_OBJC_ARC = YES;
				CLANG_ENABLE_OBJC_WEAK = YES;
				CLANG_WARN_BLOCK_CAPTURE_AUTORELEASING = YES;
				CLANG_WARN_BOOL_CONVERSION = YES;
				CLANG_WARN_COMMA = YES;
				CLANG_WARN_CONSTANT_CONVERSION = YES;
				CLANG_WARN_DEPRECATED_OBJC_IMPLEMENTATIONS = YES;
				CLANG_WARN_DIRECT_OBJC_ISA_USAGE = YES_ERROR;
				CLANG_WARN_DOCUMENTATION_COMMENTS = YES;
				CLANG_WARN_EMPTY_BODY = YES;
				CLANG_WARN_ENUM_CONVERSION = YES;
				CLANG_WARN_INFINITE_RECURSION = YES;
				CLANG_WARN_INT_CONVERSION = YES;
				CLANG_WARN_NON_LITERAL_NULL_CONVERSION = YES;
				CLANG_WARN_OBJC_IMPLICIT_RETAIN_SELF = YES;
				CLANG_WARN_OBJC_LITERAL_CONVERSION = YES;
				CLANG_WARN_OBJC_ROOT_CLASS = YES_ERROR;
				CLANG_WARN_QUOTED_INCLUDE_IN_FRAMEWORK_HEADER = YES;
				CLANG_WARN_RANGE_LOOP_ANALYSIS = YES;
				CLANG_WARN_STRICT_PROTOTYPES = YES;
				CLANG_WARN_SUSPICIOUS_MOVE = YES;
				CLANG_WARN_UNGUARDED_AVAILABILITY = YES_AGGRESSIVE;
				CLANG_WARN_UNREACHABLE_CODE = YES;
				CLANG_WARN__DUPLICATE_METHOD_MATCH = YES;
				COPY_PHASE_STRIP = NO;
				DEBUG_INFORMATION_FORMAT = "dwarf-with-dsym";
				ENABLE_NS_ASSERTIONS = NO;
				ENABLE_STRICT_OBJC_MSGSEND = YES;
				GCC_C_LANGUAGE_STANDARD = gnu11;
				GCC_NO_COMMON_BLOCKS = YES;
				GCC_WARN_64_TO_32_BIT_CONVERSION = YES;
				GCC_WARN_ABOUT_RETURN_TYPE = YES_ERROR;
				GCC_WARN_UNDECLARED_SELECTOR = YES;
				GCC_WARN_UNINITIALIZED_AUTOS = YES_AGGRESSIVE;
				GCC_WARN_UNUSED_FUNCTION = YES;
				GCC_WARN_UNUSED_VARIABLE = YES;
				IPHONEOS_DEPLOYMENT_TARGET = 18.0;
				MTL_ENABLE_DEBUG_INFO = NO;
				MTL_FAST_MATH = YES;
				PRODUCT_NAME = "$(TARGET_NAME)";
				SDKROOT = iphoneos;
				SWIFT_COMPILATION_MODE = wholemodule;
				SWIFT_OPTIMIZATION_LEVEL = "-O";
				SWIFT_VERSION = 5.0;
				VALIDATE_PRODUCT = YES;
			};
			name = Release;
		};
		195CAECF74D0031BE37D5070 /* Release */ = {
			isa = XCBuildConfiguration;
			buildSettings = {
				BUNDLE_LOADER = "$(TEST_HOST)";
				CODE_SIGN_STYLE = Manual;
				CURRENT_PROJECT_VERSION = 8;
				DEVELOPMENT_TEAM = "";
				GENERATE_INFOPLIST_FILE = YES;
				IPHONEOS_DEPLOYMENT_TARGET = 18.0;
				LD_RUNPATH_SEARCH_PATHS = (
					"$(inherited)",
					"@executable_path/Frameworks",
					"@loader_path/Frameworks",
				);
				MARKETING_VERSION = 1.1.5;
				PRODUCT_BUNDLE_IDENTIFIER = com.techprimate.Flinky.ShareExtensionUITests;
				PRODUCT_NAME = "$(TARGET_NAME)";
				SDKROOT = iphoneos;
				SWIFT_EMIT_LOC_STRINGS = NO;
				SWIFT_VERSION = 5.0;
				TARGETED_DEVICE_FAMILY = "1,2";
				TEST_TARGET_NAME = Flinky;
			};
			name = Release;
		};
		24EA9E54B4836CBD7D761670 /* Debug */ = {
			isa = XCBuildConfiguration;
			buildSettings = {
				BUILD_LIBRARY_FOR_DISTRIBUTION = NO;
				CODE_SIGN_IDENTITY = "";
				CODE_SIGN_STYLE = Manual;
				CURRENT_PROJECT_VERSION = 8;
				DEFINES_MODULE = YES;
				DEVELOPMENT_TEAM = "";
				DYLIB_COMPATIBILITY_VERSION = 1;
				DYLIB_CURRENT_VERSION = 1;
				DYLIB_INSTALL_NAME_BASE = "@rpath";
				ENABLE_MODULE_VERIFIER = YES;
				ENABLE_USER_SCRIPT_SANDBOXING = NO;
				GENERATE_INFOPLIST_FILE = YES;
				INSTALL_PATH = "$(LOCAL_LIBRARY_DIR)/Frameworks";
				IPHONEOS_DEPLOYMENT_TARGET = 18.0;
				LD_RUNPATH_SEARCH_PATHS = (
					"$(inherited)",
					"@executable_path/Frameworks",
				);
				MARKETING_VERSION = 1.1.5;
				MODULE_VERIFIER_SUPPORTED_LANGUAGES = "objective-c objective-c++";
				MODULE_VERIFIER_SUPPORTED_LANGUAGE_STANDARDS = "gnu17 gnu++20";
				PRODUCT_BUNDLE_IDENTIFIER = com.techprimate.Flinky.Core;
				PRODUCT_NAME = "$(TARGET_NAME:c99extidentifier)";
				PROVISIONING_PROFILE_SPECIFIER = "";
				SDKROOT = iphoneos;
				SKIP_INSTALL = YES;
				SWIFT_EMIT_LOC_STRINGS = YES;
				SWIFT_INSTALL_MODULE = YES;
				SWIFT_INSTALL_OBJC_HEADER = NO;
				SWIFT_VERSION = 5.0;
				TARGETED_DEVICE_FAMILY = "1,2";
				VERSIONING_SYSTEM = "apple-generic";
				VERSION_INFO_PREFIX = "";
			};
			name = Debug;
		};
		39D6053AE6FEF8DB4B725104 /* Release */ = {
			isa = XCBuildConfiguration;
			buildSettings = {
				BUILD_LIBRARY_FOR_DISTRIBUTION = NO;
				CODE_SIGN_IDENTITY = "";
				CODE_SIGN_STYLE = Manual;
				CURRENT_PROJECT_VERSION = 8;
				DEFINES_MODULE = YES;
				DEVELOPMENT_TEAM = "";
				DYLIB_COMPATIBILITY_VERSION = 1;
				DYLIB_CURRENT_VERSION = 1;
				DYLIB_INSTALL_NAME_BASE = "@rpath";
				ENABLE_MODULE_VERIFIER = YES;
				ENABLE_USER_SCRIPT_SANDBOXING = NO;
				GENERATE_INFOPLIST_FILE = YES;
				INSTALL_PATH = "$(LOCAL_LIBRARY_DIR)/Frameworks";
				IPHONEOS_DEPLOYMENT_TARGET = 18.0;
				LD_RUNPATH_SEARCH_PATHS = (
					"$(inherited)",
					"@executable_path/Frameworks",
				);
				MARKETING_VERSION = 1.1.5;
				MODULE_VERIFIER_SUPPORTED_LANGUAGES = "objective-c objective-c++";
				MODULE_VERIFIER_SUPPORTED_LANGUAGE_STANDARDS = "gnu17 gnu++20";
				PRODUCT_BUNDLE_IDENTIFIER = com.techprimate.Flinky.Core;
				PRODUCT_NAME = "$(TARGET_NAME:c99extidentifier)";
				PROVISIONING_PROFILE_SPECIFIER = "";
				SDKROOT = iphoneos;
				SKIP_INSTALL = YES;
				SWIFT_EMIT_LOC_STRINGS = YES;
				SWIFT_INSTALL_MODULE = YES;
				SWIFT_INSTALL_OBJC_HEADER = NO;
				SWIFT_VERSION = 5.0;
				TARGETED_DEVICE_FAMILY = "1,2";
				VERSIONING_SYSTEM = "apple-generic";
				VERSION_INFO_PREFIX = "";
			};
			name = Release;
		};
		425B83A459D9C58ACC6BEF04 /* Debug */ = {
			isa = XCBuildConfiguration;
			buildSettings = {
				BUNDLE_LOADER = "$(TEST_HOST)";
				CODE_SIGN_STYLE = Manual;
				CURRENT_PROJECT_VERSION = 8;
				DEVELOPMENT_TEAM = "";
				GENERATE_INFOPLIST_FILE = YES;
				IPHONEOS_DEPLOYMENT_TARGET = 18.0;
				LD_RUNPATH_SEARCH_PATHS = (
					"$(inherited)",
					"@executable_path/Frameworks",
					"@loader_path/Frameworks",
				);
				MARKETING_VERSION = 1.1.5;
				PRODUCT_BUNDLE_IDENTIFIER = com.techprimate.Flinky.ShareExtensionUITests;
				PRODUCT_NAME = "$(TARGET_NAME)";
				SDKROOT = iphoneos;
				SWIFT_EMIT_LOC_STRINGS = NO;
				SWIFT_VERSION = 5.0;
				TARGETED_DEVICE_FAMILY = "1,2";
				TEST_TARGET_NAME = Flinky;
			};
			name = Debug;
		};
		44ECF7DF30305F4C6DD3FD51 /* Debug */ = {
			isa = XCBuildConfiguration;
			buildSettings = {
				ASSETCATALOG_COMPILER_APPICON_NAME = AppIcon;
				ASSETCATALOG_COMPILER_GLOBAL_ACCENT_COLOR_NAME = AccentColor;
				CODE_SIGN_ENTITLEMENTS = Targets/App/Sources/Resources/App.entitlements;
				CODE_SIGN_IDENTITY = "iPhone Developer";
				CODE_SIGN_STYLE = Manual;
				CURRENT_PROJECT_VERSION = 8;
				DEBUG_INFORMATION_FORMAT = "dwarf-with-dsym";
				DEVELOPMENT_TEAM = BZ362SQ6AB;
				ENABLE_PREVIEWS = YES;
				ENABLE_USER_SCRIPT_SANDBOXING = NO;
				GENERATE_INFOPLIST_FILE = YES;
				INFOPLIST_FILE = Targets/App/Sources/Resources/Info.plist;
				IPHONEOS_DEPLOYMENT_TARGET = 18.0;
				LD_RUNPATH_SEARCH_PATHS = (
					"$(inherited)",
					"@executable_path/Frameworks",
				);
				MARKETING_VERSION = 1.1.5;
				PRODUCT_BUNDLE_IDENTIFIER = com.techprimate.Flinky;
				PRODUCT_NAME = "$(TARGET_NAME)";
				SDKROOT = iphoneos;
				SWIFT_EMIT_LOC_STRINGS = YES;
				SWIFT_VERSION = 5.0;
				TARGETED_DEVICE_FAMILY = "1,2";
			};
			name = Debug;
		};
		483C6819C2A1337C33371554 /* Debug */ = {
			isa = XCBuildConfiguration;
			buildSettings = {
				BUNDLE_LOADER = "$(TEST_HOST)";
				CODE_SIGN_STYLE = Manual;
				CURRENT_PROJECT_VERSION = 8;
				DEVELOPMENT_TEAM = "";
				GENERATE_INFOPLIST_FILE = YES;
				IPHONEOS_DEPLOYMENT_TARGET = 18.0;
				LD_RUNPATH_SEARCH_PATHS = (
					"$(inherited)",
					"@executable_path/Frameworks",
					"@loader_path/Frameworks",
				);
				MARKETING_VERSION = 1.1.5;
				PRODUCT_BUNDLE_IDENTIFIER = com.techprimate.Flinky.ScreenshotUITests;
				PRODUCT_NAME = "$(TARGET_NAME)";
				SDKROOT = iphoneos;
				SWIFT_EMIT_LOC_STRINGS = NO;
				SWIFT_VERSION = 5.0;
				TARGETED_DEVICE_FAMILY = "1,2";
				TEST_TARGET_NAME = Flinky;
			};
			name = Debug;
		};
		4D7D28268B71D6A2C37821C0 /* Debug */ = {
			isa = XCBuildConfiguration;
			buildSettings = {
				BUNDLE_LOADER = "$(TEST_HOST)";
				CODE_SIGN_STYLE = Manual;
				CURRENT_PROJECT_VERSION = 8;
				DEVELOPMENT_TEAM = "";
				GENERATE_INFOPLIST_FILE = YES;
				IPHONEOS_DEPLOYMENT_TARGET = 18.5;
				LD_RUNPATH_SEARCH_PATHS = (
					"$(inherited)",
					"@executable_path/Frameworks",
					"@loader_path/Frameworks",
				);
				MARKETING_VERSION = 1.1.5;
				PRODUCT_BUNDLE_IDENTIFIER = com.techprimate.Flinky.ShareExtensionTests;
				PRODUCT_NAME = "$(TARGET_NAME)";
				SDKROOT = iphoneos;
				SWIFT_EMIT_LOC_STRINGS = NO;
				SWIFT_VERSION = 5.0;
				TARGETED_DEVICE_FAMILY = "1,2";
				TEST_HOST = "$(BUILT_PRODUCTS_DIR)/Flinky.app/$(BUNDLE_EXECUTABLE_FOLDER_PATH)/Flinky";
			};
			name = Debug;
		};
		5601555042F839D2E27AA0AF /* Release */ = {
			isa = XCBuildConfiguration;
			buildSettings = {
				BUNDLE_LOADER = "$(TEST_HOST)";
				CODE_SIGN_STYLE = Manual;
				CURRENT_PROJECT_VERSION = 8;
				DEVELOPMENT_TEAM = "";
				GENERATE_INFOPLIST_FILE = YES;
				IPHONEOS_DEPLOYMENT_TARGET = 18.0;
				LD_RUNPATH_SEARCH_PATHS = (
					"$(inherited)",
					"@executable_path/Frameworks",
					"@loader_path/Frameworks",
				);
				MARKETING_VERSION = 1.1.5;
				PRODUCT_BUNDLE_IDENTIFIER = com.techprimate.Flinky.ScreenshotUITests;
				PRODUCT_NAME = "$(TARGET_NAME)";
				SDKROOT = iphoneos;
				SWIFT_EMIT_LOC_STRINGS = NO;
				SWIFT_VERSION = 5.0;
				TARGETED_DEVICE_FAMILY = "1,2";
				TEST_TARGET_NAME = Flinky;
			};
			name = Release;
		};
		701247E7758B1E74D7E0CBB6 /* Release */ = {
			isa = XCBuildConfiguration;
			buildSettings = {
				BUNDLE_LOADER = "$(TEST_HOST)";
				CODE_SIGN_STYLE = Manual;
				CURRENT_PROJECT_VERSION = 8;
				DEVELOPMENT_TEAM = "";
				GENERATE_INFOPLIST_FILE = YES;
				IPHONEOS_DEPLOYMENT_TARGET = 18.5;
				LD_RUNPATH_SEARCH_PATHS = (
					"$(inherited)",
					"@executable_path/Frameworks",
					"@loader_path/Frameworks",
				);
				MARKETING_VERSION = 1.1.5;
				PRODUCT_BUNDLE_IDENTIFIER = com.techprimate.Flinky.UITests;
				PRODUCT_NAME = "$(TARGET_NAME)";
				SDKROOT = iphoneos;
				SWIFT_EMIT_LOC_STRINGS = NO;
				SWIFT_VERSION = 5.0;
				TARGETED_DEVICE_FAMILY = "1,2";
				TEST_TARGET_NAME = Flinky;
			};
			name = Release;
		};
		70997997F9721C0AEC4C2D9E /* Debug */ = {
			isa = XCBuildConfiguration;
			buildSettings = {
				BUNDLE_LOADER = "$(TEST_HOST)";
				CODE_SIGN_STYLE = Manual;
				CURRENT_PROJECT_VERSION = 8;
				DEVELOPMENT_TEAM = "";
				GENERATE_INFOPLIST_FILE = YES;
				IPHONEOS_DEPLOYMENT_TARGET = 18.0;
				LD_RUNPATH_SEARCH_PATHS = (
					"$(inherited)",
					"@executable_path/Frameworks",
					"@loader_path/Frameworks",
				);
				MARKETING_VERSION = 1.1.5;
				PRODUCT_BUNDLE_IDENTIFIER = com.techprimate.Flinky.CoreTests;
				PRODUCT_NAME = "$(TARGET_NAME)";
				SDKROOT = iphoneos;
				SWIFT_EMIT_LOC_STRINGS = NO;
				SWIFT_VERSION = 5.0;
				TARGETED_DEVICE_FAMILY = "1,2";
				TEST_HOST = "$(BUILT_PRODUCTS_DIR)/Flinky.app/$(BUNDLE_EXECUTABLE_FOLDER_PATH)/Flinky";
			};
			name = Debug;
		};
		8048E0B5171F04912DEB6605 /* Debug */ = {
			isa = XCBuildConfiguration;
			buildSettings = {
				BUNDLE_LOADER = "$(TEST_HOST)";
				CODE_SIGN_STYLE = Manual;
				CURRENT_PROJECT_VERSION = 8;
				DEVELOPMENT_TEAM = "";
				GENERATE_INFOPLIST_FILE = YES;
				IPHONEOS_DEPLOYMENT_TARGET = 18.5;
				LD_RUNPATH_SEARCH_PATHS = (
					"$(inherited)",
					"@executable_path/Frameworks",
					"@loader_path/Frameworks",
				);
				MARKETING_VERSION = 1.1.5;
				PRODUCT_BUNDLE_IDENTIFIER = com.techprimate.Flinky.UITests;
				PRODUCT_NAME = "$(TARGET_NAME)";
				SDKROOT = iphoneos;
				SWIFT_EMIT_LOC_STRINGS = NO;
				SWIFT_VERSION = 5.0;
				TARGETED_DEVICE_FAMILY = "1,2";
				TEST_TARGET_NAME = Flinky;
			};
			name = Debug;
		};
		9B8295DE779EA695B5C57F9C /* Debug */ = {
			isa = XCBuildConfiguration;
			buildSettings = {
				BUNDLE_LOADER = "$(TEST_HOST)";
				CODE_SIGN_STYLE = Manual;
				CURRENT_PROJECT_VERSION = 8;
				DEVELOPMENT_TEAM = "";
				GENERATE_INFOPLIST_FILE = YES;
				IPHONEOS_DEPLOYMENT_TARGET = 18.0;
				LD_RUNPATH_SEARCH_PATHS = (
					"$(inherited)",
					"@executable_path/Frameworks",
					"@loader_path/Frameworks",
				);
				MARKETING_VERSION = 1.1.5;
				PRODUCT_BUNDLE_IDENTIFIER = com.techprimate.Flinky.Tests;
				PRODUCT_NAME = "$(TARGET_NAME)";
				SDKROOT = iphoneos;
				SWIFT_EMIT_LOC_STRINGS = NO;
				SWIFT_VERSION = 5.0;
				TARGETED_DEVICE_FAMILY = "1,2";
				TEST_HOST = "$(BUILT_PRODUCTS_DIR)/Flinky.app/$(BUNDLE_EXECUTABLE_FOLDER_PATH)/Flinky";
			};
			name = Debug;
		};
		A1D977EDCFFEDEEE3D3B5968 /* Release */ = {
			isa = XCBuildConfiguration;
			buildSettings = {
				CODE_SIGN_ENTITLEMENTS = Targets/ShareExtension/Sources/Resources/ShareExtension.entitlements;
				CODE_SIGN_IDENTITY = "Apple Development";
				CODE_SIGN_STYLE = Manual;
				CURRENT_PROJECT_VERSION = 8;
				DEVELOPMENT_TEAM = "";
				GENERATE_INFOPLIST_FILE = YES;
				INFOPLIST_FILE = Targets/ShareExtension/Sources/Resources/Info.plist;
				IPHONEOS_DEPLOYMENT_TARGET = 18.0;
				LD_RUNPATH_SEARCH_PATHS = (
					"$(inherited)",
					"@executable_path/Frameworks",
					"@executable_path/../../Frameworks",
				);
				MARKETING_VERSION = 1.1.5;
				PRODUCT_BUNDLE_IDENTIFIER = com.techprimate.Flinky.ShareExtension;
				PRODUCT_NAME = "$(TARGET_NAME)";
				PROVISIONING_PROFILE_SPECIFIER = "";
				SDKROOT = iphoneos;
				SKIP_INSTALL = YES;
				SWIFT_EMIT_LOC_STRINGS = YES;
				SWIFT_VERSION = 5.0;
				TARGETED_DEVICE_FAMILY = "1,2";
			};
			name = Release;
		};
		B392170ECD2344DCF3AFCFD1 /* Release */ = {
			isa = XCBuildConfiguration;
			buildSettings = {
				BUNDLE_LOADER = "$(TEST_HOST)";
				CODE_SIGN_STYLE = Manual;
				CURRENT_PROJECT_VERSION = 8;
				DEVELOPMENT_TEAM = "";
				GENERATE_INFOPLIST_FILE = YES;
				IPHONEOS_DEPLOYMENT_TARGET = 18.5;
				LD_RUNPATH_SEARCH_PATHS = (
					"$(inherited)",
					"@executable_path/Frameworks",
					"@loader_path/Frameworks",
				);
				MARKETING_VERSION = 1.1.5;
				PRODUCT_BUNDLE_IDENTIFIER = com.techprimate.Flinky.ShareExtensionTests;
				PRODUCT_NAME = "$(TARGET_NAME)";
				SDKROOT = iphoneos;
				SWIFT_EMIT_LOC_STRINGS = NO;
				SWIFT_VERSION = 5.0;
				TARGETED_DEVICE_FAMILY = "1,2";
				TEST_HOST = "$(BUILT_PRODUCTS_DIR)/Flinky.app/$(BUNDLE_EXECUTABLE_FOLDER_PATH)/Flinky";
			};
			name = Release;
		};
		BB0A985907CED6C4A6C492E0 /* Release */ = {
			isa = XCBuildConfiguration;
			buildSettings = {
				BUNDLE_LOADER = "$(TEST_HOST)";
				CODE_SIGN_STYLE = Manual;
				CURRENT_PROJECT_VERSION = 8;
				DEVELOPMENT_TEAM = "";
				GENERATE_INFOPLIST_FILE = YES;
				IPHONEOS_DEPLOYMENT_TARGET = 18.0;
				LD_RUNPATH_SEARCH_PATHS = (
					"$(inherited)",
					"@executable_path/Frameworks",
					"@loader_path/Frameworks",
				);
				MARKETING_VERSION = 1.1.5;
				PRODUCT_BUNDLE_IDENTIFIER = com.techprimate.Flinky.CoreTests;
				PRODUCT_NAME = "$(TARGET_NAME)";
				SDKROOT = iphoneos;
				SWIFT_EMIT_LOC_STRINGS = NO;
				SWIFT_VERSION = 5.0;
				TARGETED_DEVICE_FAMILY = "1,2";
				TEST_HOST = "$(BUILT_PRODUCTS_DIR)/Flinky.app/$(BUNDLE_EXECUTABLE_FOLDER_PATH)/Flinky";
			};
			name = Release;
		};
		BDA70CE464ADA0FEF28D4081 /* Release */ = {
			isa = XCBuildConfiguration;
			buildSettings = {
				ASSETCATALOG_COMPILER_APPICON_NAME = AppIcon;
				ASSETCATALOG_COMPILER_GLOBAL_ACCENT_COLOR_NAME = AccentColor;
				CODE_SIGN_ENTITLEMENTS = Targets/App/Sources/Resources/App.entitlements;
				CODE_SIGN_IDENTITY = "iPhone Developer";
				CODE_SIGN_STYLE = Manual;
				CURRENT_PROJECT_VERSION = 8;
				DEBUG_INFORMATION_FORMAT = "dwarf-with-dsym";
				DEVELOPMENT_TEAM = BZ362SQ6AB;
				ENABLE_PREVIEWS = YES;
				ENABLE_USER_SCRIPT_SANDBOXING = NO;
				GENERATE_INFOPLIST_FILE = YES;
				INFOPLIST_FILE = Targets/App/Sources/Resources/Info.plist;
				IPHONEOS_DEPLOYMENT_TARGET = 18.0;
				LD_RUNPATH_SEARCH_PATHS = (
					"$(inherited)",
					"@executable_path/Frameworks",
				);
				MARKETING_VERSION = 1.1.5;
				PRODUCT_BUNDLE_IDENTIFIER = com.techprimate.Flinky;
				PRODUCT_NAME = "$(TARGET_NAME)";
				SDKROOT = iphoneos;
				SWIFT_EMIT_LOC_STRINGS = YES;
				SWIFT_VERSION = 5.0;
				TARGETED_DEVICE_FAMILY = "1,2";
			};
			name = Release;
		};
		EBAB1991B9C58F20D68CAFB3 /* Debug */ = {
			isa = XCBuildConfiguration;
			buildSettings = {
				ALWAYS_SEARCH_USER_PATHS = NO;
				CLANG_ANALYZER_NONNULL = YES;
				CLANG_ANALYZER_NUMBER_OBJECT_CONVERSION = YES_AGGRESSIVE;
				CLANG_CXX_LANGUAGE_STANDARD = "gnu++14";
				CLANG_CXX_LIBRARY = "libc++";
				CLANG_ENABLE_MODULES = YES;
				CLANG_ENABLE_OBJC_ARC = YES;
				CLANG_ENABLE_OBJC_WEAK = YES;
				CLANG_WARN_BLOCK_CAPTURE_AUTORELEASING = YES;
				CLANG_WARN_BOOL_CONVERSION = YES;
				CLANG_WARN_COMMA = YES;
				CLANG_WARN_CONSTANT_CONVERSION = YES;
				CLANG_WARN_DEPRECATED_OBJC_IMPLEMENTATIONS = YES;
				CLANG_WARN_DIRECT_OBJC_ISA_USAGE = YES_ERROR;
				CLANG_WARN_DOCUMENTATION_COMMENTS = YES;
				CLANG_WARN_EMPTY_BODY = YES;
				CLANG_WARN_ENUM_CONVERSION = YES;
				CLANG_WARN_INFINITE_RECURSION = YES;
				CLANG_WARN_INT_CONVERSION = YES;
				CLANG_WARN_NON_LITERAL_NULL_CONVERSION = YES;
				CLANG_WARN_OBJC_IMPLICIT_RETAIN_SELF = YES;
				CLANG_WARN_OBJC_LITERAL_CONVERSION = YES;
				CLANG_WARN_OBJC_ROOT_CLASS = YES_ERROR;
				CLANG_WARN_QUOTED_INCLUDE_IN_FRAMEWORK_HEADER = YES;
				CLANG_WARN_RANGE_LOOP_ANALYSIS = YES;
				CLANG_WARN_STRICT_PROTOTYPES = YES;
				CLANG_WARN_SUSPICIOUS_MOVE = YES;
				CLANG_WARN_UNGUARDED_AVAILABILITY = YES_AGGRESSIVE;
				CLANG_WARN_UNREACHABLE_CODE = YES;
				CLANG_WARN__DUPLICATE_METHOD_MATCH = YES;
				COPY_PHASE_STRIP = NO;
				DEBUG_INFORMATION_FORMAT = dwarf;
				ENABLE_STRICT_OBJC_MSGSEND = YES;
				ENABLE_TESTABILITY = YES;
				GCC_C_LANGUAGE_STANDARD = gnu11;
				GCC_DYNAMIC_NO_PIC = NO;
				GCC_NO_COMMON_BLOCKS = YES;
				GCC_OPTIMIZATION_LEVEL = 0;
				GCC_PREPROCESSOR_DEFINITIONS = (
					"DEBUG=1",
					"$(inherited)",
				);
				GCC_WARN_64_TO_32_BIT_CONVERSION = YES;
				GCC_WARN_ABOUT_RETURN_TYPE = YES_ERROR;
				GCC_WARN_UNDECLARED_SELECTOR = YES;
				GCC_WARN_UNINITIALIZED_AUTOS = YES_AGGRESSIVE;
				GCC_WARN_UNUSED_FUNCTION = YES;
				GCC_WARN_UNUSED_VARIABLE = YES;
				IPHONEOS_DEPLOYMENT_TARGET = 18.0;
				MTL_ENABLE_DEBUG_INFO = INCLUDE_SOURCE;
				MTL_FAST_MATH = YES;
				ONLY_ACTIVE_ARCH = YES;
				PRODUCT_NAME = "$(TARGET_NAME)";
				SDKROOT = iphoneos;
				SWIFT_ACTIVE_COMPILATION_CONDITIONS = (
					DEBUG,
					"$(inherited)",
				);
				SWIFT_OPTIMIZATION_LEVEL = "-Onone";
				SWIFT_VERSION = 5.0;
			};
			name = Debug;
		};
/* End XCBuildConfiguration section */

/* Begin XCConfigurationList section */
		10D2290FDEB16E147B7AE5E3 /* Build configuration list for PBXNativeTarget "Tests" */ = {
			isa = XCConfigurationList;
			buildConfigurations = (
				9B8295DE779EA695B5C57F9C /* Debug */,
				05D0980CA7429508A83484C3 /* Release */,
			);
			defaultConfigurationIsVisible = 0;
			defaultConfigurationName = Debug;
		};
		2045CB7B3EF648406899C6C1 /* Build configuration list for PBXNativeTarget "ShareExtension" */ = {
			isa = XCConfigurationList;
			buildConfigurations = (
				113AA6FA3429A14FA579160E /* Debug */,
				A1D977EDCFFEDEEE3D3B5968 /* Release */,
			);
			defaultConfigurationIsVisible = 0;
			defaultConfigurationName = Debug;
		};
		3E9644BB56878DB01184A76E /* Build configuration list for PBXNativeTarget "ShareExtensionUITests" */ = {
			isa = XCConfigurationList;
			buildConfigurations = (
				425B83A459D9C58ACC6BEF04 /* Debug */,
				195CAECF74D0031BE37D5070 /* Release */,
			);
			defaultConfigurationIsVisible = 0;
			defaultConfigurationName = Debug;
		};
		5C1049511F84545C3F4B0047 /* Build configuration list for PBXNativeTarget "ScreenshotUITests" */ = {
			isa = XCConfigurationList;
			buildConfigurations = (
				483C6819C2A1337C33371554 /* Debug */,
				5601555042F839D2E27AA0AF /* Release */,
			);
			defaultConfigurationIsVisible = 0;
			defaultConfigurationName = Debug;
		};
		6D02AA9AF8BC09900D6610F8 /* Build configuration list for PBXNativeTarget "UITests" */ = {
			isa = XCConfigurationList;
			buildConfigurations = (
				8048E0B5171F04912DEB6605 /* Debug */,
				701247E7758B1E74D7E0CBB6 /* Release */,
			);
			defaultConfigurationIsVisible = 0;
			defaultConfigurationName = Debug;
		};
		8C498AAB9092C57FE8C4329F /* Build configuration list for PBXNativeTarget "FlinkyCore" */ = {
			isa = XCConfigurationList;
			buildConfigurations = (
				24EA9E54B4836CBD7D761670 /* Debug */,
				39D6053AE6FEF8DB4B725104 /* Release */,
			);
			defaultConfigurationIsVisible = 0;
			defaultConfigurationName = Debug;
		};
		9D49B2D6EF3E37A07A77D3A6 /* Build configuration list for PBXProject "Flinky" */ = {
			isa = XCConfigurationList;
			buildConfigurations = (
				EBAB1991B9C58F20D68CAFB3 /* Debug */,
				172B4ECA385BA43B1588D66A /* Release */,
			);
			defaultConfigurationIsVisible = 0;
			defaultConfigurationName = Debug;
		};
		9ED64D8C6679BBCDA24C98BF /* Build configuration list for PBXNativeTarget "FlinkyCoreTests" */ = {
			isa = XCConfigurationList;
			buildConfigurations = (
				70997997F9721C0AEC4C2D9E /* Debug */,
				BB0A985907CED6C4A6C492E0 /* Release */,
			);
			defaultConfigurationIsVisible = 0;
			defaultConfigurationName = Debug;
		};
		D645BE068D7345DC6FE4BA36 /* Build configuration list for PBXNativeTarget "Flinky" */ = {
			isa = XCConfigurationList;
			buildConfigurations = (
				44ECF7DF30305F4C6DD3FD51 /* Debug */,
				BDA70CE464ADA0FEF28D4081 /* Release */,
			);
			defaultConfigurationIsVisible = 0;
			defaultConfigurationName = Debug;
		};
		F28CED6C7CB6F2F9DE33B15B /* Build configuration list for PBXNativeTarget "ShareExtensionTests" */ = {
			isa = XCConfigurationList;
			buildConfigurations = (
				4D7D28268B71D6A2C37821C0 /* Debug */,
				B392170ECD2344DCF3AFCFD1 /* Release */,
			);
			defaultConfigurationIsVisible = 0;
			defaultConfigurationName = Debug;
		};
/* End XCConfigurationList section */

/* Begin XCRemoteSwiftPackageReference section */
		271C86CF23714BA569B6BC68 /* XCRemoteSwiftPackageReference "sentry-cocoa" */ = {
			isa = XCRemoteSwiftPackageReference;
			repositoryURL = "https://github.com/getsentry/sentry-cocoa.git";
			requirement = {
				kind = exactVersion;
				version = 9.16.1;
			};
		};
		7CF5260102AC15C88D8F085F /* XCRemoteSwiftPackageReference "OnLaunch-iOS-Client" */ = {
			isa = XCRemoteSwiftPackageReference;
			repositoryURL = "https://github.com/kula-app/OnLaunch-iOS-Client";
			requirement = {
				kind = exactVersion;
				version = 0.0.6;
			};
		};
		F413361543B0C4B43037DC13 /* XCRemoteSwiftPackageReference "SFSafeSymbols" */ = {
			isa = XCRemoteSwiftPackageReference;
			repositoryURL = "https://github.com/SFSafeSymbols/SFSafeSymbols";
			requirement = {
				kind = exactVersion;
				version = 7.0.0;
			};
		};
/* End XCRemoteSwiftPackageReference section */

/* Begin XCSwiftPackageProductDependency section */
		2C01956AD6D5DCCAF3C28AEC /* SentrySPM */ = {
			isa = XCSwiftPackageProductDependency;
			package = 271C86CF23714BA569B6BC68 /* XCRemoteSwiftPackageReference "sentry-cocoa" */;
			productName = SentrySPM;
		};
		4C5E157AB4255CF94CE0CD0E /* SFSafeSymbols */ = {
			isa = XCSwiftPackageProductDependency;
			package = F413361543B0C4B43037DC13 /* XCRemoteSwiftPackageReference "SFSafeSymbols" */;
			productName = SFSafeSymbols;
		};
		6CA689DC420160A093867FA6 /* SentrySPM */ = {
			isa = XCSwiftPackageProductDependency;
			package = 271C86CF23714BA569B6BC68 /* XCRemoteSwiftPackageReference "sentry-cocoa" */;
			productName = SentrySPM;
		};
		AE7122B036132C0461B34AF9 /* SFSafeSymbols */ = {
			isa = XCSwiftPackageProductDependency;
			package = F413361543B0C4B43037DC13 /* XCRemoteSwiftPackageReference "SFSafeSymbols" */;
			productName = SFSafeSymbols;
		};
		BAC933ED42E376C5EF3C8AE7 /* SFSafeSymbols */ = {
			isa = XCSwiftPackageProductDependency;
			package = F413361543B0C4B43037DC13 /* XCRemoteSwiftPackageReference "SFSafeSymbols" */;
			productName = SFSafeSymbols;
		};
		C575308CEAAD4A95163ADBBD /* SFSafeSymbols */ = {
			isa = XCSwiftPackageProductDependency;
			package = F413361543B0C4B43037DC13 /* XCRemoteSwiftPackageReference "SFSafeSymbols" */;
			productName = SFSafeSymbols;
		};
		D0FC6FBC28AA198B583B6E3D /* OnLaunch */ = {
			isa = XCSwiftPackageProductDependency;
			package = 7CF5260102AC15C88D8F085F /* XCRemoteSwiftPackageReference "OnLaunch-iOS-Client" */;
			productName = OnLaunch;
		};
/* End XCSwiftPackageProductDependency section */
	};
	rootObject = 965CCBA3B785C83A5EEAFD09 /* Project object */;
}
