// !$*UTF8*$!
{
	archiveVersion = 1;
	classes = {
	};
	objectVersion = 77;
	objects = {

/* Begin PBXBuildFile section */
		D410FC5D2F3C8AAB0028B18D /* SentrySPM in Frameworks */ = {isa = PBXBuildFile; productRef = D410FC5C2F3C8AAB0028B18D /* SentrySPM */; };
		D44A62A62E33B2800018D789 /* OnLaunch in Frameworks */ = {isa = PBXBuildFile; productRef = D44A62A52E33B2800018D789 /* OnLaunch */; };
		D4563C912EBA0B4C005B33E2 /* FlinkyCore.framework in Frameworks */ = {isa = PBXBuildFile; fileRef = D4A5DC462E46133A00027944 /* FlinkyCore.framework */; };
		D462B7812E659CC8006EB4FB /* ShareExtension.appex in Embed Foundation Extensions */ = {isa = PBXBuildFile; fileRef = D4D509DF2E4621120067A402 /* ShareExtension.appex */; settings = {ATTRIBUTES = (RemoveHeadersOnCopy, ); }; };
		D4A016252E83E4EB00117E01 /* SwiftUI.framework in Frameworks */ = {isa = PBXBuildFile; fileRef = D4A016242E83E4EB00117E01 /* SwiftUI.framework */; };
		D4A016272E83E8FB00117E01 /* SFSafeSymbols in Frameworks */ = {isa = PBXBuildFile; productRef = D4A016262E83E8FB00117E01 /* SFSafeSymbols */; };
		D4A5DC592E46133A00027944 /* FlinkyCore.framework in Frameworks */ = {isa = PBXBuildFile; fileRef = D4A5DC462E46133A00027944 /* FlinkyCore.framework */; };
		D4A5DC5A2E46133A00027944 /* FlinkyCore.framework in Embed Frameworks */ = {isa = PBXBuildFile; fileRef = D4A5DC462E46133A00027944 /* FlinkyCore.framework */; settings = {ATTRIBUTES = (CodeSignOnCopy, RemoveHeadersOnCopy, ); }; };
		D4A5DD8E2E46142D00027944 /* SFSafeSymbols in Frameworks */ = {isa = PBXBuildFile; productRef = D4A5DD8D2E46142D00027944 /* SFSafeSymbols */; };
		D4A5DD932E46146400027944 /* FlinkyCore.framework in Frameworks */ = {isa = PBXBuildFile; fileRef = D4A5DC462E46133A00027944 /* FlinkyCore.framework */; };
		D4A5DD942E46146400027944 /* FlinkyCore.framework in Embed Frameworks */ = {isa = PBXBuildFile; fileRef = D4A5DC462E46133A00027944 /* FlinkyCore.framework */; settings = {ATTRIBUTES = (CodeSignOnCopy, RemoveHeadersOnCopy, ); }; };
		D4A5DD9B2E46160F00027944 /* SFSafeSymbols in Frameworks */ = {isa = PBXBuildFile; productRef = D4A5DD9A2E46160F00027944 /* SFSafeSymbols */; };
		D4C71A142F3C8B05006E688D /* SentrySPM in Frameworks */ = {isa = PBXBuildFile; productRef = D4C71A132F3C8B05006E688D /* SentrySPM */; };
		D4CFD1792E1E38F2001447E9 /* SFSafeSymbols in Frameworks */ = {isa = PBXBuildFile; productRef = D4CFD1782E1E38F2001447E9 /* SFSafeSymbols */; };
		D4E7891B2E461A95005DA720 /* FlinkyCore.framework in Frameworks */ = {isa = PBXBuildFile; fileRef = D4A5DC462E46133A00027944 /* FlinkyCore.framework */; };
		D4E7891C2E461A95005DA720 /* FlinkyCore.framework in Embed Frameworks */ = {isa = PBXBuildFile; fileRef = D4A5DC462E46133A00027944 /* FlinkyCore.framework */; settings = {ATTRIBUTES = (CodeSignOnCopy, RemoveHeadersOnCopy, ); }; };
/* End PBXBuildFile section */

/* Begin PBXContainerItemProxy section */
		D40BEC1B2E2EE0C500391C5A /* PBXContainerItemProxy */ = {
			isa = PBXContainerItemProxy;
			containerPortal = D4D359D12E1BDF540006226D /* Project object */;
			proxyType = 1;
			remoteGlobalIDString = D4D359D82E1BDF540006226D;
			remoteInfo = Flinky;
		};
		D462B7822E659CC8006EB4FB /* PBXContainerItemProxy */ = {
			isa = PBXContainerItemProxy;
			containerPortal = D4D359D12E1BDF540006226D /* Project object */;
			proxyType = 1;
			remoteGlobalIDString = D4D509DE2E4621120067A402;
			remoteInfo = ShareExtension;
		};
		D4A014D22E83DE2900117E01 /* PBXContainerItemProxy */ = {
			isa = PBXContainerItemProxy;
			containerPortal = D4D359D12E1BDF540006226D /* Project object */;
			proxyType = 1;
			remoteGlobalIDString = D4D359D82E1BDF540006226D;
			remoteInfo = Flinky;
		};
		D4A014E92E83E11500117E01 /* PBXContainerItemProxy */ = {
			isa = PBXContainerItemProxy;
			containerPortal = D4D359D12E1BDF540006226D /* Project object */;
			proxyType = 1;
			remoteGlobalIDString = D4D359D82E1BDF540006226D;
			remoteInfo = Flinky;
		};
		D4A5DC572E46133A00027944 /* PBXContainerItemProxy */ = {
			isa = PBXContainerItemProxy;
			containerPortal = D4D359D12E1BDF540006226D /* Project object */;
			proxyType = 1;
			remoteGlobalIDString = D4A5DC452E46133A00027944;
			remoteInfo = FlinkyShared;
		};
		D4A5DD912E46143F00027944 /* PBXContainerItemProxy */ = {
			isa = PBXContainerItemProxy;
			containerPortal = D4D359D12E1BDF540006226D /* Project object */;
			proxyType = 1;
			remoteGlobalIDString = D4A5DC452E46133A00027944;
			remoteInfo = FlinkyShared;
		};
		D4A5DD952E46146400027944 /* PBXContainerItemProxy */ = {
			isa = PBXContainerItemProxy;
			containerPortal = D4D359D12E1BDF540006226D /* Project object */;
			proxyType = 1;
			remoteGlobalIDString = D4A5DC452E46133A00027944;
			remoteInfo = FlinkyShared;
		};
		D4CD57102ECF2A4900C36BF6 /* PBXContainerItemProxy */ = {
			isa = PBXContainerItemProxy;
			containerPortal = D4D359D12E1BDF540006226D /* Project object */;
			proxyType = 1;
			remoteGlobalIDString = D4A5DC452E46133A00027944;
			remoteInfo = FlinkyCore;
		};
		D4D509E72E4621120067A402 /* PBXContainerItemProxy */ = {
			isa = PBXContainerItemProxy;
			containerPortal = D4D359D12E1BDF540006226D /* Project object */;
			proxyType = 1;
			remoteGlobalIDString = D4D509DE2E4621120067A402;
			remoteInfo = ShareExtension;
		};
		D4D50A0A2E46286D0067A402 /* PBXContainerItemProxy */ = {
			isa = PBXContainerItemProxy;
			containerPortal = D4D359D12E1BDF540006226D /* Project object */;
			proxyType = 1;
			remoteGlobalIDString = D4D359D82E1BDF540006226D;
			remoteInfo = Flinky;
		};
		D4E7891D2E461A95005DA720 /* PBXContainerItemProxy */ = {
			isa = PBXContainerItemProxy;
			containerPortal = D4D359D12E1BDF540006226D /* Project object */;
			proxyType = 1;
			remoteGlobalIDString = D4A5DC452E46133A00027944;
			remoteInfo = FlinkyCore;
		};
		D4E789252E461B19005DA720 /* PBXContainerItemProxy */ = {
			isa = PBXContainerItemProxy;
			containerPortal = D4D359D12E1BDF540006226D /* Project object */;
			proxyType = 1;
			remoteGlobalIDString = D4D359D82E1BDF540006226D;
			remoteInfo = Flinky;
		};
		D4ECAABA2E3CF6FB00C757EA /* PBXContainerItemProxy */ = {
			isa = PBXContainerItemProxy;
			containerPortal = D4D359D12E1BDF540006226D /* Project object */;
			proxyType = 1;
			remoteGlobalIDString = D4D359D82E1BDF540006226D;
			remoteInfo = Flinky;
		};
/* End PBXContainerItemProxy section */

/* Begin PBXCopyFilesBuildPhase section */
		D4563C902EBA0B44005B33E2 /* Embed Frameworks */ = {
			isa = PBXCopyFilesBuildPhase;
			buildActionMask = 2147483647;
			dstPath = "";
			dstSubfolderSpec = 10;
			files = (
			);
			name = "Embed Frameworks";
			runOnlyForDeploymentPostprocessing = 0;
		};
		D4A5DC5E2E46133A00027944 /* Embed Frameworks */ = {
			isa = PBXCopyFilesBuildPhase;
			buildActionMask = 2147483647;
			dstPath = "";
			dstSubfolderSpec = 10;
			files = (
				D4A5DC5A2E46133A00027944 /* FlinkyCore.framework in Embed Frameworks */,
			);
			name = "Embed Frameworks";
			runOnlyForDeploymentPostprocessing = 0;
		};
		D4A5DD972E46146400027944 /* Embed Frameworks */ = {
			isa = PBXCopyFilesBuildPhase;
			buildActionMask = 2147483647;
			dstPath = "";
			dstSubfolderSpec = 10;
			files = (
				D4A5DD942E46146400027944 /* FlinkyCore.framework in Embed Frameworks */,
			);
			name = "Embed Frameworks";
			runOnlyForDeploymentPostprocessing = 0;
		};
		D4D509EE2E4621120067A402 /* Embed Foundation Extensions */ = {
			isa = PBXCopyFilesBuildPhase;
			buildActionMask = 2147483647;
			dstPath = "";
			dstSubfolderSpec = 13;
			files = (
				D462B7812E659CC8006EB4FB /* ShareExtension.appex in Embed Foundation Extensions */,
			);
			name = "Embed Foundation Extensions";
			runOnlyForDeploymentPostprocessing = 0;
		};
		D4E7891F2E461A95005DA720 /* Embed Frameworks */ = {
			isa = PBXCopyFilesBuildPhase;
			buildActionMask = 2147483647;
			dstPath = "";
			dstSubfolderSpec = 10;
			files = (
				D4E7891C2E461A95005DA720 /* FlinkyCore.framework in Embed Frameworks */,
			);
			name = "Embed Frameworks";
			runOnlyForDeploymentPostprocessing = 0;
		};
/* End PBXCopyFilesBuildPhase section */

/* Begin PBXFileReference section */
		D40BEC172E2EE0C500391C5A /* Tests.xctest */ = {isa = PBXFileReference; explicitFileType = wrapper.cfbundle; includeInIndex = 0; path = Tests.xctest; sourceTree = BUILT_PRODUCTS_DIR; };
		D4A014CC2E83DE2900117E01 /* UITests.xctest */ = {isa = PBXFileReference; explicitFileType = wrapper.cfbundle; includeInIndex = 0; path = UITests.xctest; sourceTree = BUILT_PRODUCTS_DIR; };
		D4A014E52E83E11500117E01 /* ShareExtensionTests.xctest */ = {isa = PBXFileReference; explicitFileType = wrapper.cfbundle; includeInIndex = 0; path = ShareExtensionTests.xctest; sourceTree = BUILT_PRODUCTS_DIR; };
		D4A016242E83E4EB00117E01 /* SwiftUI.framework */ = {isa = PBXFileReference; lastKnownFileType = wrapper.framework; name = SwiftUI.framework; path = Platforms/MacOSX.platform/Developer/SDKs/MacOSX15.5.sdk/System/iOSSupport/System/Library/Frameworks/SwiftUI.framework; sourceTree = DEVELOPER_DIR; };
		D4A5DC462E46133A00027944 /* FlinkyCore.framework */ = {isa = PBXFileReference; explicitFileType = wrapper.framework; includeInIndex = 0; path = FlinkyCore.framework; sourceTree = BUILT_PRODUCTS_DIR; };
		D4D359D92E1BDF540006226D /* Flinky.app */ = {isa = PBXFileReference; explicitFileType = wrapper.application; includeInIndex = 0; path = Flinky.app; sourceTree = BUILT_PRODUCTS_DIR; };
		D4D509DF2E4621120067A402 /* ShareExtension.appex */ = {isa = PBXFileReference; explicitFileType = "wrapper.app-extension"; includeInIndex = 0; path = ShareExtension.appex; sourceTree = BUILT_PRODUCTS_DIR; };
		D4D50A042E46286D0067A402 /* ShareExtensionUITests.xctest */ = {isa = PBXFileReference; explicitFileType = wrapper.cfbundle; includeInIndex = 0; path = ShareExtensionUITests.xctest; sourceTree = BUILT_PRODUCTS_DIR; };
		D4E789122E461A83005DA720 /* FlinkyCoreTests.xctest */ = {isa = PBXFileReference; explicitFileType = wrapper.cfbundle; includeInIndex = 0; path = FlinkyCoreTests.xctest; sourceTree = BUILT_PRODUCTS_DIR; };
		D4ECAAB42E3CF6FB00C757EA /* ScreenshotUITests.xctest */ = {isa = PBXFileReference; explicitFileType = wrapper.cfbundle; includeInIndex = 0; path = ScreenshotUITests.xctest; sourceTree = BUILT_PRODUCTS_DIR; };
/* End PBXFileReference section */

/* Begin PBXFileSystemSynchronizedBuildFileExceptionSet section */
		D4A014F42E83E1C400117E01 /* Exceptions for "Config" folder in "ShareExtensionTests" target */ = {
			isa = PBXFileSystemSynchronizedBuildFileExceptionSet;
			membershipExceptions = (
				ShareExtensionTests.xctestplan,
			);
			target = D4A014E42E83E11500117E01 /* ShareExtensionTests */;
		};
		D4D509EA2E4621120067A402 /* Exceptions for "Sources" folder in "ShareExtension" target */ = {
			isa = PBXFileSystemSynchronizedBuildFileExceptionSet;
			membershipExceptions = (
				Resources/Info.plist,
			);
			target = D4D509DE2E4621120067A402 /* ShareExtension */;
		};
		D4E788FD2E4619C5005DA720 /* Exceptions for "Sources" folder in "FlinkyCore" target */ = {
			isa = PBXFileSystemSynchronizedBuildFileExceptionSet;
			membershipExceptions = (
				Resources/Localizable.xcstrings,
			);
			target = D4A5DC452E46133A00027944 /* FlinkyCore */;
		};
		D4F7B8E42E4205EF004A2D77 /* Exceptions for "Sources" folder in "Flinky" target */ = {
			isa = PBXFileSystemSynchronizedBuildFileExceptionSet;
			membershipExceptions = (
				Resources/Info.plist,
			);
			target = D4D359D82E1BDF540006226D /* Flinky */;
		};
/* End PBXFileSystemSynchronizedBuildFileExceptionSet section */

/* Begin PBXFileSystemSynchronizedGroupBuildPhaseMembershipExceptionSet section */
		D4E788FE2E4619C5005DA720 /* Exceptions for "Sources" folder in "Compile Sources" phase from "FlinkyCore" target */ = {
			isa = PBXFileSystemSynchronizedGroupBuildPhaseMembershipExceptionSet;
			buildPhase = D4A5DC422E46133A00027944 /* Sources */;
			membershipExceptions = (
				Resources/Localizable.xcstrings,
			);
		};
/* End PBXFileSystemSynchronizedGroupBuildPhaseMembershipExceptionSet section */

/* Begin PBXFileSystemSynchronizedRootGroup section */
		D40BEF142E2EFFD600391C5A /* Generated */ = {
			isa = PBXFileSystemSynchronizedRootGroup;
			path = Generated;
			sourceTree = "<group>";
		};
		D40BEF182E2EFFDD00391C5A /* Scripts */ = {
			isa = PBXFileSystemSynchronizedRootGroup;
			path = Scripts;
			sourceTree = "<group>";
		};
		D40BEF1B2E2EFFE300391C5A /* Templates */ = {
			isa = PBXFileSystemSynchronizedRootGroup;
			path = Templates;
			sourceTree = "<group>";
		};
		D4A014872E83DDA500117E01 /* Sources */ = {
			isa = PBXFileSystemSynchronizedRootGroup;
			path = Sources;
			sourceTree = "<group>";
		};
		D4A0148B2E83DDB300117E01 /* Config */ = {
			isa = PBXFileSystemSynchronizedRootGroup;
			path = Config;
			sourceTree = "<group>";
		};
		D4A0148D2E83DDCA00117E01 /* Config */ = {
			isa = PBXFileSystemSynchronizedRootGroup;
			path = Config;
			sourceTree = "<group>";
		};
		D4A014A92E83DDCA00117E01 /* Sources */ = {
			isa = PBXFileSystemSynchronizedRootGroup;
			path = Sources;
			sourceTree = "<group>";
		};
		D4A014C32E83DDEC00117E01 /* Config */ = {
			isa = PBXFileSystemSynchronizedRootGroup;
			path = Config;
			sourceTree = "<group>";
		};
		D4A014C52E83DDEC00117E01 /* Sources */ = {
			isa = PBXFileSystemSynchronizedRootGroup;
			path = Sources;
			sourceTree = "<group>";
		};
		D4A014DA2E83DE6400117E01 /* Sources */ = {
			isa = PBXFileSystemSynchronizedRootGroup;
			path = Sources;
			sourceTree = "<group>";
		};
		D4A014DE2E83DF3100117E01 /* Config */ = {
			isa = PBXFileSystemSynchronizedRootGroup;
			path = Config;
			sourceTree = "<group>";
		};
		D4A014F12E83E18700117E01 /* Sources */ = {
			isa = PBXFileSystemSynchronizedRootGroup;
			path = Sources;
			sourceTree = "<group>";
		};
		D4A014F32E83E1BF00117E01 /* Config */ = {
			isa = PBXFileSystemSynchronizedRootGroup;
			exceptions = (
				D4A014F42E83E1C400117E01 /* Exceptions for "Config" folder in "ShareExtensionTests" target */,
			);
			path = Config;
			sourceTree = "<group>";
		};
		D4D359DB2E1BDF540006226D /* Sources */ = {
			isa = PBXFileSystemSynchronizedRootGroup;
			exceptions = (
				D4F7B8E42E4205EF004A2D77 /* Exceptions for "Sources" folder in "Flinky" target */,
			);
			path = Sources;
			sourceTree = "<group>";
		};
		D4D509E02E4621120067A402 /* Sources */ = {
			isa = PBXFileSystemSynchronizedRootGroup;
			exceptions = (
				D4D509EA2E4621120067A402 /* Exceptions for "Sources" folder in "ShareExtension" target */,
			);
			path = Sources;
			sourceTree = "<group>";
		};
		D4E788512E461996005DA720 /* Sources */ = {
			isa = PBXFileSystemSynchronizedRootGroup;
			path = Sources;
			sourceTree = "<group>";
		};
		D4E7886E2E4619A6005DA720 /* Config */ = {
			isa = PBXFileSystemSynchronizedRootGroup;
			path = Config;
			sourceTree = "<group>";
		};
		D4E788DC2E4619C5005DA720 /* Sources */ = {
			isa = PBXFileSystemSynchronizedRootGroup;
			exceptions = (
				D4E788FD2E4619C5005DA720 /* Exceptions for "Sources" folder in "FlinkyCore" target */,
				D4E788FE2E4619C5005DA720 /* Exceptions for "Sources" folder in "Compile Sources" phase from "FlinkyCore" target */,
			);
			path = Sources;
			sourceTree = "<group>";
		};
/* End PBXFileSystemSynchronizedRootGroup section */

/* Begin PBXFrameworksBuildPhase section */
		D40BEC142E2EE0C500391C5A /* Frameworks */ = {
			isa = PBXFrameworksBuildPhase;
			buildActionMask = 2147483647;
			files = (
				D4A5DD9B2E46160F00027944 /* SFSafeSymbols in Frameworks */,
				D4A5DD932E46146400027944 /* FlinkyCore.framework in Frameworks */,
			);
			runOnlyForDeploymentPostprocessing = 0;
		};
		D4A014C92E83DE2900117E01 /* Frameworks */ = {
			isa = PBXFrameworksBuildPhase;
			buildActionMask = 2147483647;
			files = (
			);
			runOnlyForDeploymentPostprocessing = 0;
		};
		D4A014E22E83E11500117E01 /* Frameworks */ = {
			isa = PBXFrameworksBuildPhase;
			buildActionMask = 2147483647;
			files = (
			);
			runOnlyForDeploymentPostprocessing = 0;
		};
		D4A5DC432E46133A00027944 /* Frameworks */ = {
			isa = PBXFrameworksBuildPhase;
			buildActionMask = 2147483647;
			files = (
				D4A016252E83E4EB00117E01 /* SwiftUI.framework in Frameworks */,
				D4A5DD8E2E46142D00027944 /* SFSafeSymbols in Frameworks */,
			);
			runOnlyForDeploymentPostprocessing = 0;
		};
		D4D359D62E1BDF540006226D /* Frameworks */ = {
			isa = PBXFrameworksBuildPhase;
			buildActionMask = 2147483647;
			files = (
				D44A62A62E33B2800018D789 /* OnLaunch in Frameworks */,
				D4A5DC592E46133A00027944 /* FlinkyCore.framework in Frameworks */,
				D410FC5D2F3C8AAB0028B18D /* SentrySPM in Frameworks */,
				D4CFD1792E1E38F2001447E9 /* SFSafeSymbols in Frameworks */,
			);
			runOnlyForDeploymentPostprocessing = 0;
		};
		D4D509DC2E4621120067A402 /* Frameworks */ = {
			isa = PBXFrameworksBuildPhase;
			buildActionMask = 2147483647;
			files = (
				D4C71A142F3C8B05006E688D /* SentrySPM in Frameworks */,
				D4563C912EBA0B4C005B33E2 /* FlinkyCore.framework in Frameworks */,
			);
			runOnlyForDeploymentPostprocessing = 0;
		};
		D4D50A012E46286D0067A402 /* Frameworks */ = {
			isa = PBXFrameworksBuildPhase;
			buildActionMask = 2147483647;
			files = (
			);
			runOnlyForDeploymentPostprocessing = 0;
		};
		D4E7890F2E461A83005DA720 /* Frameworks */ = {
			isa = PBXFrameworksBuildPhase;
			buildActionMask = 2147483647;
			files = (
				D4A016272E83E8FB00117E01 /* SFSafeSymbols in Frameworks */,
				D4E7891B2E461A95005DA720 /* FlinkyCore.framework in Frameworks */,
			);
			runOnlyForDeploymentPostprocessing = 0;
		};
		D4ECAAB12E3CF6FB00C757EA /* Frameworks */ = {
			isa = PBXFrameworksBuildPhase;
			buildActionMask = 2147483647;
			files = (
			);
			runOnlyForDeploymentPostprocessing = 0;
		};
/* End PBXFrameworksBuildPhase section */

/* Begin PBXGroup section */
		D4A014822E83DD4300117E01 /* FlinkyCoreTests */ = {
			isa = PBXGroup;
			children = (
				D4A0148D2E83DDCA00117E01 /* Config */,
				D4A014A92E83DDCA00117E01 /* Sources */,
			);
			path = FlinkyCoreTests;
			sourceTree = "<group>";
		};
		D4A014832E83DD6300117E01 /* ScreenshotUITests */ = {
			isa = PBXGroup;
			children = (
				D4A0148B2E83DDB300117E01 /* Config */,
				D4A014872E83DDA500117E01 /* Sources */,
			);
			path = ScreenshotUITests;
			sourceTree = "<group>";
		};
		D4A014842E83DD7500117E01 /* ShareExtensionUITests */ = {
			isa = PBXGroup;
			children = (
				D4A014C32E83DDEC00117E01 /* Config */,
				D4A014C52E83DDEC00117E01 /* Sources */,
			);
			path = ShareExtensionUITests;
			sourceTree = "<group>";
		};
		D4A014D72E83DE4E00117E01 /* UITests */ = {
			isa = PBXGroup;
			children = (
				D4A014DE2E83DF3100117E01 /* Config */,
				D4A014DA2E83DE6400117E01 /* Sources */,
			);
			path = UITests;
			sourceTree = "<group>";
		};
		D4A014EF2E83E18300117E01 /* ShareExtensionTests */ = {
			isa = PBXGroup;
			children = (
				D4A014F32E83E1BF00117E01 /* Config */,
				D4A014F12E83E18700117E01 /* Sources */,
			);
			path = ShareExtensionTests;
			sourceTree = "<group>";
		};
		D4A016232E83E4EB00117E01 /* Frameworks */ = {
			isa = PBXGroup;
			children = (
				D4A016242E83E4EB00117E01 /* SwiftUI.framework */,
			);
			name = Frameworks;
			sourceTree = "<group>";
		};
		D4D359D02E1BDF540006226D = {
			isa = PBXGroup;
			children = (
				D4E787FD2E46192F005DA720 /* Targets */,
				D40BEF182E2EFFDD00391C5A /* Scripts */,
				D40BEF1B2E2EFFE300391C5A /* Templates */,
				D4A016232E83E4EB00117E01 /* Frameworks */,
				D4D359DA2E1BDF540006226D /* Products */,
			);
			sourceTree = "<group>";
		};
		D4D359DA2E1BDF540006226D /* Products */ = {
			isa = PBXGroup;
			children = (
				D4D359D92E1BDF540006226D /* Flinky.app */,
				D40BEC172E2EE0C500391C5A /* Tests.xctest */,
				D4ECAAB42E3CF6FB00C757EA /* ScreenshotUITests.xctest */,
				D4A5DC462E46133A00027944 /* FlinkyCore.framework */,
				D4E789122E461A83005DA720 /* FlinkyCoreTests.xctest */,
				D4D509DF2E4621120067A402 /* ShareExtension.appex */,
				D4D50A042E46286D0067A402 /* ShareExtensionUITests.xctest */,
				D4A014CC2E83DE2900117E01 /* UITests.xctest */,
				D4A014E52E83E11500117E01 /* ShareExtensionTests.xctest */,
			);
			name = Products;
			sourceTree = "<group>";
		};
		D4D509EF2E4621200067A402 /* ShareExtension */ = {
			isa = PBXGroup;
			children = (
				D4D509E02E4621120067A402 /* Sources */,
			);
			path = ShareExtension;
			sourceTree = "<group>";
		};
		D4E787FC2E461909005DA720 /* App */ = {
			isa = PBXGroup;
			children = (
				D40BEF142E2EFFD600391C5A /* Generated */,
				D4D359DB2E1BDF540006226D /* Sources */,
			);
			path = App;
			sourceTree = "<group>";
		};
		D4E787FD2E46192F005DA720 /* Targets */ = {
			isa = PBXGroup;
			children = (
				D4E787FC2E461909005DA720 /* App */,
				D4E7881B2E461992005DA720 /* Tests */,
				D4A014832E83DD6300117E01 /* ScreenshotUITests */,
				D4A014D72E83DE4E00117E01 /* UITests */,
				D4E788962E4619C3005DA720 /* FlinkyCore */,
				D4A014822E83DD4300117E01 /* FlinkyCoreTests */,
				D4D509EF2E4621200067A402 /* ShareExtension */,
				D4A014842E83DD7500117E01 /* ShareExtensionUITests */,
				D4A014EF2E83E18300117E01 /* ShareExtensionTests */,
			);
			path = Targets;
			sourceTree = "<group>";
		};
		D4E7881B2E461992005DA720 /* Tests */ = {
			isa = PBXGroup;
			children = (
				D4E7886E2E4619A6005DA720 /* Config */,
				D4E788512E461996005DA720 /* Sources */,
			);
			path = Tests;
			sourceTree = "<group>";
		};
		D4E788962E4619C3005DA720 /* FlinkyCore */ = {
			isa = PBXGroup;
			children = (
				D4E788DC2E4619C5005DA720 /* Sources */,
			);
			path = FlinkyCore;
			sourceTree = "<group>";
		};
/* End PBXGroup section */

/* Begin PBXHeadersBuildPhase section */
		D4A5DC412E46133A00027944 /* Headers */ = {
			isa = PBXHeadersBuildPhase;
			buildActionMask = 2147483647;
			files = (
			);
			runOnlyForDeploymentPostprocessing = 0;
		};
/* End PBXHeadersBuildPhase section */

/* Begin PBXNativeTarget section */
		D40BEC162E2EE0C500391C5A /* Tests */ = {
			isa = PBXNativeTarget;
			buildConfigurationList = D40BEC1D2E2EE0C500391C5A /* Build configuration list for PBXNativeTarget "Tests" */;
			buildPhases = (
				D40BEC132E2EE0C500391C5A /* Sources */,
				D40BEC142E2EE0C500391C5A /* Frameworks */,
				D40BEC152E2EE0C500391C5A /* Resources */,
				D4A5DD972E46146400027944 /* Embed Frameworks */,
			);
			buildRules = (
			);
			dependencies = (
				D4A5DD992E46160B00027944 /* PBXTargetDependency */,
				D4A5DD922E46143F00027944 /* PBXTargetDependency */,
				D40BEC1C2E2EE0C500391C5A /* PBXTargetDependency */,
				D4A5DD962E46146400027944 /* PBXTargetDependency */,
			);
			fileSystemSynchronizedGroups = (
				D4E788512E461996005DA720 /* Sources */,
			);
			name = Tests;
			packageProductDependencies = (
				D4A5DD9A2E46160F00027944 /* SFSafeSymbols */,
			);
			productName = Tests;
			productReference = D40BEC172E2EE0C500391C5A /* Tests.xctest */;
			productType = "com.apple.product-type.bundle.unit-test";
		};
		D4A014CB2E83DE2900117E01 /* UITests */ = {
			isa = PBXNativeTarget;
			buildConfigurationList = D4A014D42E83DE2900117E01 /* Build configuration list for PBXNativeTarget "UITests" */;
			buildPhases = (
				D4A014C82E83DE2900117E01 /* Sources */,
				D4A014C92E83DE2900117E01 /* Frameworks */,
				D4A014CA2E83DE2900117E01 /* Resources */,
			);
			buildRules = (
			);
			dependencies = (
				D4A014D32E83DE2900117E01 /* PBXTargetDependency */,
			);
			fileSystemSynchronizedGroups = (
				D4A014DA2E83DE6400117E01 /* Sources */,
			);
			name = UITests;
			packageProductDependencies = (
			);
			productName = UITests;
			productReference = D4A014CC2E83DE2900117E01 /* UITests.xctest */;
			productType = "com.apple.product-type.bundle.ui-testing";
		};
		D4A014E42E83E11500117E01 /* ShareExtensionTests */ = {
			isa = PBXNativeTarget;
			buildConfigurationList = D4A014EB2E83E11500117E01 /* Build configuration list for PBXNativeTarget "ShareExtensionTests" */;
			buildPhases = (
				D4A014E12E83E11500117E01 /* Sources */,
				D4A014E22E83E11500117E01 /* Frameworks */,
				D4A014E32E83E11500117E01 /* Resources */,
			);
			buildRules = (
			);
			dependencies = (
				D4A014EA2E83E11500117E01 /* PBXTargetDependency */,
			);
			fileSystemSynchronizedGroups = (
				D4A014F12E83E18700117E01 /* Sources */,
				D4A014F32E83E1BF00117E01 /* Config */,
			);
			name = ShareExtensionTests;
			packageProductDependencies = (
			);
			productName = ShareExtensionTests;
			productReference = D4A014E52E83E11500117E01 /* ShareExtensionTests.xctest */;
			productType = "com.apple.product-type.bundle.unit-test";
		};
		D4A5DC452E46133A00027944 /* FlinkyCore */ = {
			isa = PBXNativeTarget;
			buildConfigurationList = D4A5DC5B2E46133A00027944 /* Build configuration list for PBXNativeTarget "FlinkyCore" */;
			buildPhases = (
				D4DB2E772E61DC15000ADF50 /* Run Script - Generate Files */,
				D4A5DC412E46133A00027944 /* Headers */,
				D4A5DC422E46133A00027944 /* Sources */,
				D4A5DC432E46133A00027944 /* Frameworks */,
				D4A5DC442E46133A00027944 /* Resources */,
			);
			buildRules = (
			);
			dependencies = (
				D4A5DD902E46143500027944 /* PBXTargetDependency */,
			);
			fileSystemSynchronizedGroups = (
				D4E788DC2E4619C5005DA720 /* Sources */,
			);
			name = FlinkyCore;
			packageProductDependencies = (
				D4A5DD8D2E46142D00027944 /* SFSafeSymbols */,
			);
			productName = FlinkyShared;
			productReference = D4A5DC462E46133A00027944 /* FlinkyCore.framework */;
			productType = "com.apple.product-type.framework";
		};
		D4D359D82E1BDF540006226D /* Flinky */ = {
			isa = PBXNativeTarget;
			buildConfigurationList = D4D359E62E1BDF560006226D /* Build configuration list for PBXNativeTarget "Flinky" */;
			buildPhases = (
				D4D359DC2E1BDF540006226D /* Run Script - Generate Files */,
				D4D359D52E1BDF540006226D /* Sources */,
				D4D359D62E1BDF540006226D /* Frameworks */,
				D4D359D72E1BDF540006226D /* Resources */,
				D4A5DC5E2E46133A00027944 /* Embed Frameworks */,
				D4D509EE2E4621120067A402 /* Embed Foundation Extensions */,
				D4F7B8E32E41FA15004A2D77 /* Lint */,
				8260B96167064F3C9C0B45C7 /* Upload Debug Symbols to Sentry */,
			);
			buildRules = (
			);
			dependencies = (
				D4C71A182F3C8B0E006E688D /* PBXTargetDependency */,
				D4A5DC582E46133A00027944 /* PBXTargetDependency */,
				D4B4718A2E1F1300005099F3 /* PBXTargetDependency */,
				D4D509E82E4621120067A402 /* PBXTargetDependency */,
				D462B7832E659CC8006EB4FB /* PBXTargetDependency */,
			);
			fileSystemSynchronizedGroups = (
				D4D359DB2E1BDF540006226D /* Sources */,
			);
			name = Flinky;
			packageProductDependencies = (
				D4CFD1782E1E38F2001447E9 /* SFSafeSymbols */,
				D44A62A52E33B2800018D789 /* OnLaunch */,
				D410FC5C2F3C8AAB0028B18D /* SentrySPM */,
			);
			productName = LinkManager;
			productReference = D4D359D92E1BDF540006226D /* Flinky.app */;
			productType = "com.apple.product-type.application";
		};
		D4D509DE2E4621120067A402 /* ShareExtension */ = {
			isa = PBXNativeTarget;
			buildConfigurationList = D4D509EB2E4621120067A402 /* Build configuration list for PBXNativeTarget "ShareExtension" */;
			buildPhases = (
				D4D509DB2E4621120067A402 /* Sources */,
				D4D509DC2E4621120067A402 /* Frameworks */,
				D4D509DD2E4621120067A402 /* Resources */,
				D4563C902EBA0B44005B33E2 /* Embed Frameworks */,
			);
			buildRules = (
			);
			dependencies = (
				D4C71A162F3C8B0A006E688D /* PBXTargetDependency */,
				D4CD57112ECF2A4900C36BF6 /* PBXTargetDependency */,
			);
			fileSystemSynchronizedGroups = (
				D4D509E02E4621120067A402 /* Sources */,
			);
			name = ShareExtension;
			packageProductDependencies = (
				D4C71A132F3C8B05006E688D /* SentrySPM */,
			);
			productName = ShareExtension;
			productReference = D4D509DF2E4621120067A402 /* ShareExtension.appex */;
			productType = "com.apple.product-type.app-extension";
		};
		D4D50A032E46286D0067A402 /* ShareExtensionUITests */ = {
			isa = PBXNativeTarget;
			buildConfigurationList = D4D50A0C2E46286D0067A402 /* Build configuration list for PBXNativeTarget "ShareExtensionUITests" */;
			buildPhases = (
				D4D50A002E46286D0067A402 /* Sources */,
				D4D50A012E46286D0067A402 /* Frameworks */,
				D4D50A022E46286D0067A402 /* Resources */,
			);
			buildRules = (
			);
			dependencies = (
				D4D50A0B2E46286D0067A402 /* PBXTargetDependency */,
			);
			fileSystemSynchronizedGroups = (
				D4A014C52E83DDEC00117E01 /* Sources */,
			);
			name = ShareExtensionUITests;
			packageProductDependencies = (
			);
			productName = ShareExtensionUITests;
			productReference = D4D50A042E46286D0067A402 /* ShareExtensionUITests.xctest */;
			productType = "com.apple.product-type.bundle.ui-testing";
		};
		D4E789112E461A83005DA720 /* FlinkyCoreTests */ = {
			isa = PBXNativeTarget;
			buildConfigurationList = D4E789182E461A83005DA720 /* Build configuration list for PBXNativeTarget "FlinkyCoreTests" */;
			buildPhases = (
				D4E7890E2E461A83005DA720 /* Sources */,
				D4E7890F2E461A83005DA720 /* Frameworks */,
				D4E789102E461A83005DA720 /* Resources */,
				D4E7891F2E461A95005DA720 /* Embed Frameworks */,
			);
			buildRules = (
			);
			dependencies = (
				D4E7891E2E461A95005DA720 /* PBXTargetDependency */,
				D4E789262E461B19005DA720 /* PBXTargetDependency */,
			);
			fileSystemSynchronizedGroups = (
				D4A014A92E83DDCA00117E01 /* Sources */,
			);
			name = FlinkyCoreTests;
			packageProductDependencies = (
				D4A016262E83E8FB00117E01 /* SFSafeSymbols */,
			);
			productName = FlinkyCoreTests;
			productReference = D4E789122E461A83005DA720 /* FlinkyCoreTests.xctest */;
			productType = "com.apple.product-type.bundle.unit-test";
		};
		D4ECAAB32E3CF6FB00C757EA /* ScreenshotUITests */ = {
			isa = PBXNativeTarget;
			buildConfigurationList = D4ECAABE2E3CF6FB00C757EA /* Build configuration list for PBXNativeTarget "ScreenshotUITests" */;
			buildPhases = (
				D4ECAAB02E3CF6FB00C757EA /* Sources */,
				D4ECAAB12E3CF6FB00C757EA /* Frameworks */,
				D4ECAAB22E3CF6FB00C757EA /* Resources */,
			);
			buildRules = (
			);
			dependencies = (
				D4ECAABB2E3CF6FB00C757EA /* PBXTargetDependency */,
			);
			fileSystemSynchronizedGroups = (
				D4A014872E83DDA500117E01 /* Sources */,
			);
			name = ScreenshotUITests;
			packageProductDependencies = (
			);
			productName = ScreenshotUITests;
			productReference = D4ECAAB42E3CF6FB00C757EA /* ScreenshotUITests.xctest */;
			productType = "com.apple.product-type.bundle.ui-testing";
		};
/* End PBXNativeTarget section */

/* Begin PBXProject section */
		D4D359D12E1BDF540006226D /* Project object */ = {
			isa = PBXProject;
			attributes = {
				BuildIndependentTargetsInParallel = 1;
				LastSwiftUpdateCheck = 1640;
				LastUpgradeCheck = 1640;
				TargetAttributes = {
					D40BEC162E2EE0C500391C5A = {
						CreatedOnToolsVersion = 16.4;
						TestTargetID = D4D359D82E1BDF540006226D;
					};
					D4A014CB2E83DE2900117E01 = {
						CreatedOnToolsVersion = 16.4;
						TestTargetID = D4D359D82E1BDF540006226D;
					};
					D4A014E42E83E11500117E01 = {
						CreatedOnToolsVersion = 16.4;
						TestTargetID = D4D359D82E1BDF540006226D;
					};
					D4A5DC452E46133A00027944 = {
						CreatedOnToolsVersion = 16.4;
					};
					D4D359D82E1BDF540006226D = {
						CreatedOnToolsVersion = 16.4;
					};
					D4D509DE2E4621120067A402 = {
						CreatedOnToolsVersion = 16.4;
					};
					D4D50A032E46286D0067A402 = {
						CreatedOnToolsVersion = 16.4;
						TestTargetID = D4D359D82E1BDF540006226D;
					};
					D4E789112E461A83005DA720 = {
						CreatedOnToolsVersion = 16.4;
						TestTargetID = D4D359D82E1BDF540006226D;
					};
					D4ECAAB32E3CF6FB00C757EA = {
						CreatedOnToolsVersion = 16.4;
						TestTargetID = D4D359D82E1BDF540006226D;
					};
				};
			};
			buildConfigurationList = D4D359D42E1BDF540006226D /* Build configuration list for PBXProject "Flinky" */;
			developmentRegion = en;
			hasScannedForEncodings = 0;
			knownRegions = (
				en,
				Base,
			);
			mainGroup = D4D359D02E1BDF540006226D;
			minimizedProjectReferenceProxies = 1;
			packageReferences = (
				D4CFD1772E1E38F2001447E9 /* XCRemoteSwiftPackageReference "SFSafeSymbols" */,
				D44A62A42E33B2800018D789 /* XCRemoteSwiftPackageReference "OnLaunch-iOS-Client" */,
				D410FC5E2F3C8ABD0028B18D /* XCRemoteSwiftPackageReference "sentry-cocoa" */,
			);
			preferredProjectObjectVersion = 77;
			productRefGroup = D4D359DA2E1BDF540006226D /* Products */;
			projectDirPath = "";
			projectRoot = "";
			targets = (
				D4D359D82E1BDF540006226D /* Flinky */,
				D40BEC162E2EE0C500391C5A /* Tests */,
				D4ECAAB32E3CF6FB00C757EA /* ScreenshotUITests */,
				D4A014CB2E83DE2900117E01 /* UITests */,
				D4A5DC452E46133A00027944 /* FlinkyCore */,
				D4E789112E461A83005DA720 /* FlinkyCoreTests */,
				D4D509DE2E4621120067A402 /* ShareExtension */,
				D4A014E42E83E11500117E01 /* ShareExtensionTests */,
				D4D50A032E46286D0067A402 /* ShareExtensionUITests */,
			);
		};
/* End PBXProject section */

/* Begin PBXResourcesBuildPhase section */
		D40BEC152E2EE0C500391C5A /* Resources */ = {
			isa = PBXResourcesBuildPhase;
			buildActionMask = 2147483647;
			files = (
			);
			runOnlyForDeploymentPostprocessing = 0;
		};
		D4A014CA2E83DE2900117E01 /* Resources */ = {
			isa = PBXResourcesBuildPhase;
			buildActionMask = 2147483647;
			files = (
			);
			runOnlyForDeploymentPostprocessing = 0;
		};
		D4A014E32E83E11500117E01 /* Resources */ = {
			isa = PBXResourcesBuildPhase;
			buildActionMask = 2147483647;
			files = (
			);
			runOnlyForDeploymentPostprocessing = 0;
		};
		D4A5DC442E46133A00027944 /* Resources */ = {
			isa = PBXResourcesBuildPhase;
			buildActionMask = 2147483647;
			files = (
			);
			runOnlyForDeploymentPostprocessing = 0;
		};
		D4D359D72E1BDF540006226D /* Resources */ = {
			isa = PBXResourcesBuildPhase;
			buildActionMask = 2147483647;
			files = (
			);
			runOnlyForDeploymentPostprocessing = 0;
		};
		D4D509DD2E4621120067A402 /* Resources */ = {
			isa = PBXResourcesBuildPhase;
			buildActionMask = 2147483647;
			files = (
			);
			runOnlyForDeploymentPostprocessing = 0;
		};
		D4D50A022E46286D0067A402 /* Resources */ = {
			isa = PBXResourcesBuildPhase;
			buildActionMask = 2147483647;
			files = (
			);
			runOnlyForDeploymentPostprocessing = 0;
		};
		D4E789102E461A83005DA720 /* Resources */ = {
			isa = PBXResourcesBuildPhase;
			buildActionMask = 2147483647;
			files = (
			);
			runOnlyForDeploymentPostprocessing = 0;
		};
		D4ECAAB22E3CF6FB00C757EA /* Resources */ = {
			isa = PBXResourcesBuildPhase;
			buildActionMask = 2147483647;
			files = (
			);
			runOnlyForDeploymentPostprocessing = 0;
		};
/* End PBXResourcesBuildPhase section */

/* Begin PBXShellScriptBuildPhase section */
		8260B96167064F3C9C0B45C7 /* Upload Debug Symbols to Sentry */ = {
			isa = PBXShellScriptBuildPhase;
			alwaysOutOfDate = 1;
			buildActionMask = 2147483647;
			files = (
			);
			inputPaths = (
				"${DWARF_DSYM_FOLDER_PATH}/${DWARF_DSYM_FILE_NAME}/Contents/Resources/DWARF/${TARGET_NAME}",
			);
			name = "Upload Debug Symbols to Sentry";
			outputPaths = (
			);
			runOnlyForDeploymentPostprocessing = 0;
			shellPath = /bin/sh;
			shellScript = "# This script is responsible for uploading debug symbols and source context for Sentry.\nif [[ \"$(uname -m)\" == arm64 ]]; then\n    export PATH=\"/opt/homebrew/bin:$PATH\"\nfi\n\nif which sentry-cli >/dev/null; then\n    export SENTRY_ORG=techprimate\n    export SENTRY_PROJECT=flinky\n    ERROR=$(sentry-cli debug-files upload --include-sources \"$DWARF_DSYM_FOLDER_PATH\" 2>&1 >/dev/null)\n    if [ ! $? -eq 0 ]; then\n        echo \"warning: sentry-cli - $ERROR\"\n    fi\nelse\n    echo \"warning: sentry-cli not installed, download from https://github.com/getsentry/sentry-cli/releases\"\nfi\n";
		};
		D4D359DC2E1BDF540006226D /* Run Script - Generate Files */ = {
			isa = PBXShellScriptBuildPhase;
			buildActionMask = 2147483647;
			files = (
			);
			inputFileListPaths = (
			);
			inputPaths = (
				"$(SRCROOT)/Scripts/generate-licenses.sh",
				"$(SRCROOT)/Scripts/generate-version-in-settings.sh",
				"$(SRCROOT)/Scripts/generate-localization.sh",
				"$(SRCROOT)/Sources/Resources/Localizable.xcstrings",
				"$(SRCROOT)/Templates/en-strings.stencil",
				"$(SRCROOT)/Templates/l21strings.stencil",
				"$(SRCROOT)/Flinky.xcodeproj/project.pbxproj",
				"$(SRCROOT)/Flinky.xcodeproj/project.xcworkspace/xcshareddata/swiftpm/Package.resolved",
			);
			name = "Run Script - Generate Files";
			outputFileListPaths = (
			);
			outputPaths = (
				"$(SRCROOT)/Sources/Resources/Settings.bundle/Licenses.plist",
				"$(SRCROOT)/Sources/Resources/Settings.bundle/Licenses.latest_result.txt",
				"$(SRCROOT)/Sources/Resources/Settings.bundle/Root.plist",
				"$(SRCROOT)/Sources/Utils/Localization.swift",
				"$(SRCROOT)/Generated/generated-en.strings",
			);
			runOnlyForDeploymentPostprocessing = 0;
			shellPath = /bin/zsh;
			shellScript = "set -e\n\n# Set up PATH for Homebrew tools\nif [[ \"$(uname -m)\" == arm64 ]]; then\n    export PATH=\"/opt/homebrew/bin:$PATH\"\nelse\n    export PATH=\"/usr/local/bin:$PATH\"\nfi\n\n# Change to project directory\ncd \"$SRCROOT\"\n\n# Generate licenses\n./Scripts/generate-licenses.sh\n\n# Generate version in settings\n./Scripts/generate-version-in-settings.sh\n\n# Generate localization\n./Scripts/generate-localization.sh\n\necho \"✅ All generation tasks completed successfully\"\n";
		};
		D4DB2E772E61DC15000ADF50 /* Run Script - Generate Files */ = {
			isa = PBXShellScriptBuildPhase;
			buildActionMask = 2147483647;
			files = (
			);
			inputFileListPaths = (
			);
			inputPaths = (
			);
			name = "Run Script - Generate Files";
			outputFileListPaths = (
			);
			outputPaths = (
			);
			runOnlyForDeploymentPostprocessing = 0;
			shellPath = /bin/sh;
			shellScript = "set -e\n\n# Set up PATH for Homebrew tools\nif [[ \"$(uname -m)\" == arm64 ]]; then\n    export PATH=\"/opt/homebrew/bin:$PATH\"\nelse\n    export PATH=\"/usr/local/bin:$PATH\"\nfi\n\n# Change to project directory\ncd \"$SRCROOT\"\n\n# Generate localization\n./Scripts/generate-localization.sh\n\necho \"✅ All generation tasks completed successfully\"\n";
		};
		D4F7B8E32E41FA15004A2D77 /* Lint */ = {
			isa = PBXShellScriptBuildPhase;
			alwaysOutOfDate = 1;
			buildActionMask = 2147483647;
			files = (
			);
			inputFileListPaths = (
			);
			inputPaths = (
			);
			name = Lint;
			outputFileListPaths = (
			);
			outputPaths = (
			);
			runOnlyForDeploymentPostprocessing = 0;
			shellPath = /bin/sh;
			shellScript = "if [[ \"$(uname -m)\" == arm64 ]]\nthen\n    export PATH=\"/opt/homebrew/bin:$PATH\"\nfi\n\nif command -v swiftlint >/dev/null 2>&1\nthen\n    swiftlint\nelse\n    echo \"warning: `swiftlint` command not found - See https://github.com/realm/SwiftLint#installation for installation instructions.\"\nfi\n";
		};
/* End PBXShellScriptBuildPhase section */

/* Begin PBXSourcesBuildPhase section */
		D40BEC132E2EE0C500391C5A /* Sources */ = {
			isa = PBXSourcesBuildPhase;
			buildActionMask = 2147483647;
			files = (
			);
			runOnlyForDeploymentPostprocessing = 0;
		};
		D4A014C82E83DE2900117E01 /* Sources */ = {
			isa = PBXSourcesBuildPhase;
			buildActionMask = 2147483647;
			files = (
			);
			runOnlyForDeploymentPostprocessing = 0;
		};
		D4A014E12E83E11500117E01 /* Sources */ = {
			isa = PBXSourcesBuildPhase;
			buildActionMask = 2147483647;
			files = (
			);
			runOnlyForDeploymentPostprocessing = 0;
		};
		D4A5DC422E46133A00027944 /* Sources */ = {
			isa = PBXSourcesBuildPhase;
			buildActionMask = 2147483647;
			files = (
			);
			runOnlyForDeploymentPostprocessing = 0;
		};
		D4D359D52E1BDF540006226D /* Sources */ = {
			isa = PBXSourcesBuildPhase;
			buildActionMask = 2147483647;
			files = (
			);
			runOnlyForDeploymentPostprocessing = 0;
		};
		D4D509DB2E4621120067A402 /* Sources */ = {
			isa = PBXSourcesBuildPhase;
			buildActionMask = 2147483647;
			files = (
			);
			runOnlyForDeploymentPostprocessing = 0;
		};
		D4D50A002E46286D0067A402 /* Sources */ = {
			isa = PBXSourcesBuildPhase;
			buildActionMask = 2147483647;
			files = (
			);
			runOnlyForDeploymentPostprocessing = 0;
		};
		D4E7890E2E461A83005DA720 /* Sources */ = {
			isa = PBXSourcesBuildPhase;
			buildActionMask = 2147483647;
			files = (
			);
			runOnlyForDeploymentPostprocessing = 0;
		};
		D4ECAAB02E3CF6FB00C757EA /* Sources */ = {
			isa = PBXSourcesBuildPhase;
			buildActionMask = 2147483647;
			files = (
			);
			runOnlyForDeploymentPostprocessing = 0;
		};
/* End PBXSourcesBuildPhase section */

/* Begin PBXTargetDependency section */
		D40BEC1C2E2EE0C500391C5A /* PBXTargetDependency */ = {
			isa = PBXTargetDependency;
			target = D4D359D82E1BDF540006226D /* Flinky */;
			targetProxy = D40BEC1B2E2EE0C500391C5A /* PBXContainerItemProxy */;
		};
		D462B7832E659CC8006EB4FB /* PBXTargetDependency */ = {
			isa = PBXTargetDependency;
			target = D4D509DE2E4621120067A402 /* ShareExtension */;
			targetProxy = D462B7822E659CC8006EB4FB /* PBXContainerItemProxy */;
		};
		D4A014D32E83DE2900117E01 /* PBXTargetDependency */ = {
			isa = PBXTargetDependency;
			target = D4D359D82E1BDF540006226D /* Flinky */;
			targetProxy = D4A014D22E83DE2900117E01 /* PBXContainerItemProxy */;
		};
		D4A014EA2E83E11500117E01 /* PBXTargetDependency */ = {
			isa = PBXTargetDependency;
			target = D4D359D82E1BDF540006226D /* Flinky */;
			targetProxy = D4A014E92E83E11500117E01 /* PBXContainerItemProxy */;
		};
		D4A5DC582E46133A00027944 /* PBXTargetDependency */ = {
			isa = PBXTargetDependency;
			target = D4A5DC452E46133A00027944 /* FlinkyCore */;
			targetProxy = D4A5DC572E46133A00027944 /* PBXContainerItemProxy */;
		};
		D4A5DD902E46143500027944 /* PBXTargetDependency */ = {
			isa = PBXTargetDependency;
			productRef = D4A5DD8F2E46143500027944 /* SFSafeSymbols */;
		};
		D4A5DD922E46143F00027944 /* PBXTargetDependency */ = {
			isa = PBXTargetDependency;
			target = D4A5DC452E46133A00027944 /* FlinkyCore */;
			targetProxy = D4A5DD912E46143F00027944 /* PBXContainerItemProxy */;
		};
		D4A5DD962E46146400027944 /* PBXTargetDependency */ = {
			isa = PBXTargetDependency;
			target = D4A5DC452E46133A00027944 /* FlinkyCore */;
			targetProxy = D4A5DD952E46146400027944 /* PBXContainerItemProxy */;
		};
		D4A5DD992E46160B00027944 /* PBXTargetDependency */ = {
			isa = PBXTargetDependency;
			productRef = D4A5DD982E46160B00027944 /* SFSafeSymbols */;
		};
		D4B4718A2E1F1300005099F3 /* PBXTargetDependency */ = {
			isa = PBXTargetDependency;
			productRef = D4B471892E1F1300005099F3 /* SFSafeSymbols */;
		};
		D4C71A162F3C8B0A006E688D /* PBXTargetDependency */ = {
			isa = PBXTargetDependency;
			productRef = D4C71A152F3C8B0A006E688D /* SentrySPM */;
		};
		D4C71A182F3C8B0E006E688D /* PBXTargetDependency */ = {
			isa = PBXTargetDependency;
			productRef = D4C71A172F3C8B0E006E688D /* SentrySPM */;
		};
		D4CD57112ECF2A4900C36BF6 /* PBXTargetDependency */ = {
			isa = PBXTargetDependency;
			target = D4A5DC452E46133A00027944 /* FlinkyCore */;
			targetProxy = D4CD57102ECF2A4900C36BF6 /* PBXContainerItemProxy */;
		};
		D4D509E82E4621120067A402 /* PBXTargetDependency */ = {
			isa = PBXTargetDependency;
			target = D4D509DE2E4621120067A402 /* ShareExtension */;
			targetProxy = D4D509E72E4621120067A402 /* PBXContainerItemProxy */;
		};
		D4D50A0B2E46286D0067A402 /* PBXTargetDependency */ = {
			isa = PBXTargetDependency;
			target = D4D359D82E1BDF540006226D /* Flinky */;
			targetProxy = D4D50A0A2E46286D0067A402 /* PBXContainerItemProxy */;
		};
		D4E7891E2E461A95005DA720 /* PBXTargetDependency */ = {
			isa = PBXTargetDependency;
			target = D4A5DC452E46133A00027944 /* FlinkyCore */;
			targetProxy = D4E7891D2E461A95005DA720 /* PBXContainerItemProxy */;
		};
		D4E789262E461B19005DA720 /* PBXTargetDependency */ = {
			isa = PBXTargetDependency;
			target = D4D359D82E1BDF540006226D /* Flinky */;
			targetProxy = D4E789252E461B19005DA720 /* PBXContainerItemProxy */;
		};
		D4ECAABB2E3CF6FB00C757EA /* PBXTargetDependency */ = {
			isa = PBXTargetDependency;
			target = D4D359D82E1BDF540006226D /* Flinky */;
			targetProxy = D4ECAABA2E3CF6FB00C757EA /* PBXContainerItemProxy */;
		};
/* End PBXTargetDependency section */

/* Begin XCBuildConfiguration section */
		D40BEC1E2E2EE0C500391C5A /* Debug */ = {
			isa = XCBuildConfiguration;
			buildSettings = {
				BUNDLE_LOADER = "$(TEST_HOST)";
				CODE_SIGN_STYLE = Manual;
				CURRENT_PROJECT_VERSION = 42;
				DEVELOPMENT_TEAM = "";
				GENERATE_INFOPLIST_FILE = YES;
				IPHONEOS_DEPLOYMENT_TARGET = 18.0;
				MARKETING_VERSION = 1.1.3;
				PRODUCT_BUNDLE_IDENTIFIER = com.techprimate.Flinky.Tests;
				PRODUCT_NAME = "$(TARGET_NAME)";
				PROVISIONING_PROFILE_SPECIFIER = "";
				SWIFT_EMIT_LOC_STRINGS = NO;
				SWIFT_VERSION = 5.0;
				TARGETED_DEVICE_FAMILY = "1,2";
				TEST_HOST = "$(BUILT_PRODUCTS_DIR)/Flinky.app/$(BUNDLE_EXECUTABLE_FOLDER_PATH)/Flinky";
			};
			name = Debug;
		};
		D40BEC1F2E2EE0C500391C5A /* Release */ = {
			isa = XCBuildConfiguration;
			buildSettings = {
				BUNDLE_LOADER = "$(TEST_HOST)";
				CODE_SIGN_STYLE = Manual;
				CURRENT_PROJECT_VERSION = 42;
				DEVELOPMENT_TEAM = "";
				GENERATE_INFOPLIST_FILE = YES;
				IPHONEOS_DEPLOYMENT_TARGET = 18.0;
				MARKETING_VERSION = 1.1.3;
				PRODUCT_BUNDLE_IDENTIFIER = com.techprimate.Flinky.Tests;
				PRODUCT_NAME = "$(TARGET_NAME)";
				PROVISIONING_PROFILE_SPECIFIER = "";
				SWIFT_EMIT_LOC_STRINGS = NO;
				SWIFT_VERSION = 5.0;
				TARGETED_DEVICE_FAMILY = "1,2";
				TEST_HOST = "$(BUILT_PRODUCTS_DIR)/Flinky.app/$(BUNDLE_EXECUTABLE_FOLDER_PATH)/Flinky";
			};
			name = Release;
		};
		D4A014D52E83DE2900117E01 /* Debug */ = {
			isa = XCBuildConfiguration;
			buildSettings = {
				CODE_SIGN_STYLE = Manual;
				CURRENT_PROJECT_VERSION = 42;
				DEVELOPMENT_TEAM = "";
				GENERATE_INFOPLIST_FILE = YES;
				IPHONEOS_DEPLOYMENT_TARGET = 18.5;
				MARKETING_VERSION = 1.1.3;
				PRODUCT_BUNDLE_IDENTIFIER = com.techprimate.Flinky.UITests;
				PRODUCT_NAME = "$(TARGET_NAME)";
				PROVISIONING_PROFILE_SPECIFIER = "";
				SWIFT_EMIT_LOC_STRINGS = NO;
				SWIFT_VERSION = 5.0;
				TARGETED_DEVICE_FAMILY = "1,2";
				TEST_TARGET_NAME = Flinky;
			};
			name = Debug;
		};
		D4A014D62E83DE2900117E01 /* Release */ = {
			isa = XCBuildConfiguration;
			buildSettings = {
				CODE_SIGN_STYLE = Manual;
				CURRENT_PROJECT_VERSION = 42;
				DEVELOPMENT_TEAM = "";
				GENERATE_INFOPLIST_FILE = YES;
				IPHONEOS_DEPLOYMENT_TARGET = 18.5;
				MARKETING_VERSION = 1.1.3;
				PRODUCT_BUNDLE_IDENTIFIER = com.techprimate.Flinky.UITests;
				PRODUCT_NAME = "$(TARGET_NAME)";
				PROVISIONING_PROFILE_SPECIFIER = "";
				SWIFT_EMIT_LOC_STRINGS = NO;
				SWIFT_VERSION = 5.0;
				TARGETED_DEVICE_FAMILY = "1,2";
				TEST_TARGET_NAME = Flinky;
			};
			name = Release;
		};
		D4A014EC2E83E11500117E01 /* Debug */ = {
			isa = XCBuildConfiguration;
			buildSettings = {
				BUNDLE_LOADER = "$(TEST_HOST)";
				CODE_SIGN_STYLE = Manual;
				CURRENT_PROJECT_VERSION = 42;
				DEVELOPMENT_TEAM = "";
				GENERATE_INFOPLIST_FILE = YES;
				IPHONEOS_DEPLOYMENT_TARGET = 18.5;
				MARKETING_VERSION = 1.1.3;
				PRODUCT_BUNDLE_IDENTIFIER = com.techprimate.Flinky.ShareExtensionTests;
				PRODUCT_NAME = "$(TARGET_NAME)";
				PROVISIONING_PROFILE_SPECIFIER = "";
				SWIFT_EMIT_LOC_STRINGS = NO;
				SWIFT_VERSION = 5.0;
				TARGETED_DEVICE_FAMILY = "1,2";
				TEST_HOST = "$(BUILT_PRODUCTS_DIR)/Flinky.app/$(BUNDLE_EXECUTABLE_FOLDER_PATH)/Flinky";
			};
			name = Debug;
		};
		D4A014ED2E83E11500117E01 /* Release */ = {
			isa = XCBuildConfiguration;
			buildSettings = {
				BUNDLE_LOADER = "$(TEST_HOST)";
				CODE_SIGN_STYLE = Manual;
				CURRENT_PROJECT_VERSION = 42;
				DEVELOPMENT_TEAM = "";
				GENERATE_INFOPLIST_FILE = YES;
				IPHONEOS_DEPLOYMENT_TARGET = 18.5;
				MARKETING_VERSION = 1.1.3;
				PRODUCT_BUNDLE_IDENTIFIER = com.techprimate.Flinky.ShareExtensionTests;
				PRODUCT_NAME = "$(TARGET_NAME)";
				PROVISIONING_PROFILE_SPECIFIER = "";
				SWIFT_EMIT_LOC_STRINGS = NO;
				SWIFT_VERSION = 5.0;
				TARGETED_DEVICE_FAMILY = "1,2";
				TEST_HOST = "$(BUILT_PRODUCTS_DIR)/Flinky.app/$(BUNDLE_EXECUTABLE_FOLDER_PATH)/Flinky";
			};
			name = Release;
		};
		D4A5DC5C2E46133A00027944 /* Debug */ = {
			isa = XCBuildConfiguration;
			buildSettings = {
				BUILD_LIBRARY_FOR_DISTRIBUTION = NO;
				CODE_SIGN_IDENTITY = "Apple Development";
				CODE_SIGN_STYLE = Manual;
				CURRENT_PROJECT_VERSION = 42;
				DEVELOPMENT_TEAM = "";
				DYLIB_COMPATIBILITY_VERSION = 1;
				DYLIB_CURRENT_VERSION = 42;
				DYLIB_INSTALL_NAME_BASE = "@rpath";
				ENABLE_MODULE_VERIFIER = YES;
				ENABLE_USER_SCRIPT_SANDBOXING = NO;
				GENERATE_INFOPLIST_FILE = YES;
				INSTALL_PATH = "$(LOCAL_LIBRARY_DIR)/Frameworks";
				IPHONEOS_DEPLOYMENT_TARGET = 18.0;
				LD_RUNPATH_SEARCH_PATHS = (
					"$(inherited)",
					"@executable_path/Frameworks",
					"@loader_path/Frameworks",
				);
				MARKETING_VERSION = 1.1.3;
				MODULE_VERIFIER_SUPPORTED_LANGUAGES = "objective-c objective-c++";
				MODULE_VERIFIER_SUPPORTED_LANGUAGE_STANDARDS = "gnu17 gnu++20";
				PRODUCT_BUNDLE_IDENTIFIER = com.techprimate.Flinky.Core;
				PRODUCT_NAME = "$(TARGET_NAME:c99extidentifier)";
				PROVISIONING_PROFILE_SPECIFIER = "";
				SKIP_INSTALL = YES;
				SWIFT_EMIT_LOC_STRINGS = YES;
				SWIFT_INSTALL_MODULE = YES;
				SWIFT_INSTALL_OBJC_HEADER = NO;
				SWIFT_VERSION = 5.0;
				TARGETED_DEVICE_FAMILY = "1,2";
				VERSIONING_SYSTEM = "apple-generic";
				VERSION_INFO_PREFIX = "";
			};
			name = Debug;
		};
		D4A5DC5D2E46133A00027944 /* Release */ = {
			isa = XCBuildConfiguration;
			buildSettings = {
				BUILD_LIBRARY_FOR_DISTRIBUTION = NO;
				CODE_SIGN_IDENTITY = "Apple Development";
				"CODE_SIGN_IDENTITY[sdk=iphoneos*]" = "Apple Distribution";
				CODE_SIGN_STYLE = Manual;
				CURRENT_PROJECT_VERSION = 42;
				DEVELOPMENT_TEAM = "";
				DYLIB_COMPATIBILITY_VERSION = 1;
				DYLIB_CURRENT_VERSION = 42;
				DYLIB_INSTALL_NAME_BASE = "@rpath";
				ENABLE_MODULE_VERIFIER = YES;
				ENABLE_USER_SCRIPT_SANDBOXING = NO;
				GENERATE_INFOPLIST_FILE = YES;
				INSTALL_PATH = "$(LOCAL_LIBRARY_DIR)/Frameworks";
				IPHONEOS_DEPLOYMENT_TARGET = 18.0;
				LD_RUNPATH_SEARCH_PATHS = (
					"$(inherited)",
					"@executable_path/Frameworks",
					"@loader_path/Frameworks",
				);
				MARKETING_VERSION = 1.1.3;
				MODULE_VERIFIER_SUPPORTED_LANGUAGES = "objective-c objective-c++";
				MODULE_VERIFIER_SUPPORTED_LANGUAGE_STANDARDS = "gnu17 gnu++20";
				PRODUCT_BUNDLE_IDENTIFIER = com.techprimate.Flinky.Core;
				PRODUCT_NAME = "$(TARGET_NAME:c99extidentifier)";
				PROVISIONING_PROFILE_SPECIFIER = "";
				SKIP_INSTALL = YES;
				SWIFT_EMIT_LOC_STRINGS = YES;
				SWIFT_INSTALL_MODULE = YES;
				SWIFT_INSTALL_OBJC_HEADER = NO;
				SWIFT_VERSION = 5.0;
				TARGETED_DEVICE_FAMILY = "1,2";
				VERSIONING_SYSTEM = "apple-generic";
				VERSION_INFO_PREFIX = "";
			};
			name = Release;
		};
		D4D359E42E1BDF560006226D /* Debug */ = {
			isa = XCBuildConfiguration;
			buildSettings = {
				ALWAYS_SEARCH_USER_PATHS = NO;
				ASSETCATALOG_COMPILER_GENERATE_SWIFT_ASSET_SYMBOL_EXTENSIONS = YES;
				CLANG_ANALYZER_NONNULL = YES;
				CLANG_ANALYZER_NUMBER_OBJECT_CONVERSION = YES_AGGRESSIVE;
				CLANG_CXX_LANGUAGE_STANDARD = "gnu++20";
				CLANG_ENABLE_MODULES = YES;
				CLANG_ENABLE_OBJC_ARC = YES;
				CLANG_ENABLE_OBJC_WEAK = YES;
				CLANG_WARN_BLOCK_CAPTURE_AUTORELEASING = YES;
				CLANG_WARN_BOOL_CONVERSION = YES;
				CLANG_WARN_COMMA = YES;
				CLANG_WARN_CONSTANT_CONVERSION = YES;
				CLANG_WARN_DEPRECATED_OBJC_IMPLEMENTATIONS = YES;
				CLANG_WARN_DIRECT_OBJC_ISA_USAGE = YES_ERROR;
				CLANG_WARN_DOCUMENTATION_COMMENTS = YES;
				CLANG_WARN_EMPTY_BODY = YES;
				CLANG_WARN_ENUM_CONVERSION = YES;
				CLANG_WARN_INFINITE_RECURSION = YES;
				CLANG_WARN_INT_CONVERSION = YES;
				CLANG_WARN_NON_LITERAL_NULL_CONVERSION = YES;
				CLANG_WARN_OBJC_IMPLICIT_RETAIN_SELF = YES;
				CLANG_WARN_OBJC_LITERAL_CONVERSION = YES;
				CLANG_WARN_OBJC_ROOT_CLASS = YES_ERROR;
				CLANG_WARN_QUOTED_INCLUDE_IN_FRAMEWORK_HEADER = YES;
				CLANG_WARN_RANGE_LOOP_ANALYSIS = YES;
				CLANG_WARN_STRICT_PROTOTYPES = YES;
				CLANG_WARN_SUSPICIOUS_MOVE = YES;
				CLANG_WARN_UNGUARDED_AVAILABILITY = YES_AGGRESSIVE;
				CLANG_WARN_UNREACHABLE_CODE = YES;
				CLANG_WARN__DUPLICATE_METHOD_MATCH = YES;
				COPY_PHASE_STRIP = NO;
				DEBUG_INFORMATION_FORMAT = dwarf;
				DEVELOPMENT_TEAM = BZ362SQ6AB;
				ENABLE_STRICT_OBJC_MSGSEND = YES;
				ENABLE_TESTABILITY = YES;
				ENABLE_USER_SCRIPT_SANDBOXING = NO;
				GCC_C_LANGUAGE_STANDARD = gnu17;
				GCC_DYNAMIC_NO_PIC = NO;
				GCC_NO_COMMON_BLOCKS = YES;
				GCC_OPTIMIZATION_LEVEL = 0;
				GCC_PREPROCESSOR_DEFINITIONS = (
					"DEBUG=1",
					"$(inherited)",
				);
				GCC_WARN_64_TO_32_BIT_CONVERSION = YES;
				GCC_WARN_ABOUT_RETURN_TYPE = YES_ERROR;
				GCC_WARN_UNDECLARED_SELECTOR = YES;
				GCC_WARN_UNINITIALIZED_AUTOS = YES_AGGRESSIVE;
				GCC_WARN_UNUSED_FUNCTION = YES;
				GCC_WARN_UNUSED_VARIABLE = YES;
				IPHONEOS_DEPLOYMENT_TARGET = 18.4;
				LOCALIZATION_PREFERS_STRING_CATALOGS = YES;
				MTL_ENABLE_DEBUG_INFO = INCLUDE_SOURCE;
				MTL_FAST_MATH = YES;
				ONLY_ACTIVE_ARCH = YES;
				SDKROOT = iphoneos;
				SWIFT_ACTIVE_COMPILATION_CONDITIONS = "DEBUG $(inherited)";
				SWIFT_EMIT_LOC_STRINGS = YES;
				SWIFT_OPTIMIZATION_LEVEL = "-Onone";
			};
			name = Debug;
		};
		D4D359E52E1BDF560006226D /* Release */ = {
			isa = XCBuildConfiguration;
			buildSettings = {
				ALWAYS_SEARCH_USER_PATHS = NO;
				ASSETCATALOG_COMPILER_GENERATE_SWIFT_ASSET_SYMBOL_EXTENSIONS = YES;
				CLANG_ANALYZER_NONNULL = YES;
				CLANG_ANALYZER_NUMBER_OBJECT_CONVERSION = YES_AGGRESSIVE;
				CLANG_CXX_LANGUAGE_STANDARD = "gnu++20";
				CLANG_ENABLE_MODULES = YES;
				CLANG_ENABLE_OBJC_ARC = YES;
				CLANG_ENABLE_OBJC_WEAK = YES;
				CLANG_WARN_BLOCK_CAPTURE_AUTORELEASING = YES;
				CLANG_WARN_BOOL_CONVERSION = YES;
				CLANG_WARN_COMMA = YES;
				CLANG_WARN_CONSTANT_CONVERSION = YES;
				CLANG_WARN_DEPRECATED_OBJC_IMPLEMENTATIONS = YES;
				CLANG_WARN_DIRECT_OBJC_ISA_USAGE = YES_ERROR;
				CLANG_WARN_DOCUMENTATION_COMMENTS = YES;
				CLANG_WARN_EMPTY_BODY = YES;
				CLANG_WARN_ENUM_CONVERSION = YES;
				CLANG_WARN_INFINITE_RECURSION = YES;
				CLANG_WARN_INT_CONVERSION = YES;
				CLANG_WARN_NON_LITERAL_NULL_CONVERSION = YES;
				CLANG_WARN_OBJC_IMPLICIT_RETAIN_SELF = YES;
				CLANG_WARN_OBJC_LITERAL_CONVERSION = YES;
				CLANG_WARN_OBJC_ROOT_CLASS = YES_ERROR;
				CLANG_WARN_QUOTED_INCLUDE_IN_FRAMEWORK_HEADER = YES;
				CLANG_WARN_RANGE_LOOP_ANALYSIS = YES;
				CLANG_WARN_STRICT_PROTOTYPES = YES;
				CLANG_WARN_SUSPICIOUS_MOVE = YES;
				CLANG_WARN_UNGUARDED_AVAILABILITY = YES_AGGRESSIVE;
				CLANG_WARN_UNREACHABLE_CODE = YES;
				CLANG_WARN__DUPLICATE_METHOD_MATCH = YES;
				COPY_PHASE_STRIP = NO;
				DEBUG_INFORMATION_FORMAT = "dwarf-with-dsym";
				DEVELOPMENT_TEAM = BZ362SQ6AB;
				ENABLE_NS_ASSERTIONS = NO;
				ENABLE_STRICT_OBJC_MSGSEND = YES;
				ENABLE_USER_SCRIPT_SANDBOXING = NO;
				GCC_C_LANGUAGE_STANDARD = gnu17;
				GCC_NO_COMMON_BLOCKS = YES;
				GCC_WARN_64_TO_32_BIT_CONVERSION = YES;
				GCC_WARN_ABOUT_RETURN_TYPE = YES_ERROR;
				GCC_WARN_UNDECLARED_SELECTOR = YES;
				GCC_WARN_UNINITIALIZED_AUTOS = YES_AGGRESSIVE;
				GCC_WARN_UNUSED_FUNCTION = YES;
				GCC_WARN_UNUSED_VARIABLE = YES;
				IPHONEOS_DEPLOYMENT_TARGET = 18.4;
				LOCALIZATION_PREFERS_STRING_CATALOGS = YES;
				MTL_ENABLE_DEBUG_INFO = NO;
				MTL_FAST_MATH = YES;
				SDKROOT = iphoneos;
				SWIFT_COMPILATION_MODE = wholemodule;
				SWIFT_EMIT_LOC_STRINGS = YES;
				VALIDATE_PRODUCT = YES;
			};
			name = Release;
		};
		D4D359E72E1BDF560006226D /* Debug */ = {
			isa = XCBuildConfiguration;
			buildSettings = {
				ASSETCATALOG_COMPILER_APPICON_NAME = AppIcon;
				ASSETCATALOG_COMPILER_GLOBAL_ACCENT_COLOR_NAME = AccentColor;
				CODE_SIGN_ENTITLEMENTS = Targets/App/Sources/Resources/App.entitlements;
				"CODE_SIGN_IDENTITY[sdk=iphoneos*]" = "iPhone Developer";
				CODE_SIGN_STYLE = Manual;
				CURRENT_PROJECT_VERSION = 42;
				DEBUG_INFORMATION_FORMAT = "dwarf-with-dsym";
				DEVELOPMENT_TEAM = BZ362SQ6AB;
				"DEVELOPMENT_TEAM[sdk=iphoneos*]" = BZ362SQ6AB;
				ENABLE_PREVIEWS = YES;
				ENABLE_USER_SCRIPT_SANDBOXING = NO;
				GENERATE_INFOPLIST_FILE = YES;
				INFOPLIST_FILE = Targets/App/Sources/Resources/Info.plist;
				INFOPLIST_KEY_CFBundleDisplayName = Flinky;
				INFOPLIST_KEY_ITSAppUsesNonExemptEncryption = NO;
				INFOPLIST_KEY_LSApplicationCategoryType = "public.app-category.productivity";
				INFOPLIST_KEY_NFCReaderUsageDescription = "Share links with other NFC-capable devices by bringing them close together.";
				INFOPLIST_KEY_NSPhotoLibraryAddUsageDescription = "Save your QRCode to your Photos";
				INFOPLIST_KEY_UIApplicationSceneManifest_Generation = YES;
				INFOPLIST_KEY_UIApplicationSupportsIndirectInputEvents = YES;
				INFOPLIST_KEY_UILaunchScreen_Generation = YES;
				INFOPLIST_KEY_UISupportedInterfaceOrientations = UIInterfaceOrientationPortrait;
				INFOPLIST_KEY_UISupportedInterfaceOrientations_iPad = "UIInterfaceOrientationLandscapeLeft UIInterfaceOrientationLandscapeRight UIInterfaceOrientationPortrait UIInterfaceOrientationPortraitUpsideDown";
				IPHONEOS_DEPLOYMENT_TARGET = 18.0;
				LD_RUNPATH_SEARCH_PATHS = (
					"$(inherited)",
					"@executable_path/Frameworks",
				);
				MARKETING_VERSION = 1.1.3;
				OTHER_SWIFT_FLAGS = "";
				PRODUCT_BUNDLE_IDENTIFIER = com.techprimate.Flinky;
				PRODUCT_NAME = "$(TARGET_NAME)";
				"PROVISIONING_PROFILE_SPECIFIER[sdk=iphoneos*]" = "match Development com.techprimate.Flinky";
				SWIFT_EMIT_LOC_STRINGS = YES;
				SWIFT_VERSION = 5.0;
				TARGETED_DEVICE_FAMILY = "1,2";
			};
			name = Debug;
		};
		D4D359E82E1BDF560006226D /* Release */ = {
			isa = XCBuildConfiguration;
			buildSettings = {
				ASSETCATALOG_COMPILER_APPICON_NAME = AppIcon;
				ASSETCATALOG_COMPILER_GLOBAL_ACCENT_COLOR_NAME = AccentColor;
				CODE_SIGN_ENTITLEMENTS = Targets/App/Sources/Resources/App.entitlements;
				"CODE_SIGN_IDENTITY[sdk=iphoneos*]" = "iPhone Distribution";
				CODE_SIGN_STYLE = Manual;
				CURRENT_PROJECT_VERSION = 42;
				DEBUG_INFORMATION_FORMAT = "dwarf-with-dsym";
				DEVELOPMENT_TEAM = BZ362SQ6AB;
				"DEVELOPMENT_TEAM[sdk=iphoneos*]" = BZ362SQ6AB;
				ENABLE_PREVIEWS = YES;
				ENABLE_USER_SCRIPT_SANDBOXING = NO;
				GENERATE_INFOPLIST_FILE = YES;
				INFOPLIST_FILE = Targets/App/Sources/Resources/Info.plist;
				INFOPLIST_KEY_CFBundleDisplayName = Flinky;
				INFOPLIST_KEY_ITSAppUsesNonExemptEncryption = NO;
				INFOPLIST_KEY_LSApplicationCategoryType = "public.app-category.productivity";
				INFOPLIST_KEY_NFCReaderUsageDescription = "Share links with other NFC-capable devices by bringing them close together.";
				INFOPLIST_KEY_NSPhotoLibraryAddUsageDescription = "Save your QRCode to your Photos";
				INFOPLIST_KEY_UIApplicationSceneManifest_Generation = YES;
				INFOPLIST_KEY_UIApplicationSupportsIndirectInputEvents = YES;
				INFOPLIST_KEY_UILaunchScreen_Generation = YES;
				INFOPLIST_KEY_UISupportedInterfaceOrientations = UIInterfaceOrientationPortrait;
				INFOPLIST_KEY_UISupportedInterfaceOrientations_iPad = "UIInterfaceOrientationLandscapeLeft UIInterfaceOrientationLandscapeRight UIInterfaceOrientationPortrait UIInterfaceOrientationPortraitUpsideDown";
				IPHONEOS_DEPLOYMENT_TARGET = 18.0;
				LD_RUNPATH_SEARCH_PATHS = (
					"$(inherited)",
					"@executable_path/Frameworks",
				);
				MARKETING_VERSION = 1.1.3;
				OTHER_SWIFT_FLAGS = "";
				PRODUCT_BUNDLE_IDENTIFIER = com.techprimate.Flinky;
				PRODUCT_NAME = "$(TARGET_NAME)";
				"PROVISIONING_PROFILE_SPECIFIER[sdk=iphoneos*]" = "match AppStore com.techprimate.Flinky";
				SWIFT_ACTIVE_COMPILATION_CONDITIONS = ANALYTICS;
				SWIFT_EMIT_LOC_STRINGS = YES;
				SWIFT_VERSION = 5.0;
				TARGETED_DEVICE_FAMILY = "1,2";
			};
			name = Release;
		};
		D4D509EC2E4621120067A402 /* Debug */ = {
			isa = XCBuildConfiguration;
			buildSettings = {
				CODE_SIGN_ENTITLEMENTS = Targets/ShareExtension/Sources/Resources/ShareExtension.entitlements;
				CODE_SIGN_IDENTITY = "Apple Development";
				"CODE_SIGN_IDENTITY[sdk=iphoneos*]" = "iPhone Developer";
				CODE_SIGN_STYLE = Manual;
				CURRENT_PROJECT_VERSION = 42;
				DEVELOPMENT_TEAM = "";
				"DEVELOPMENT_TEAM[sdk=iphoneos*]" = BZ362SQ6AB;
				GENERATE_INFOPLIST_FILE = YES;
				INFOPLIST_FILE = Targets/ShareExtension/Sources/Resources/Info.plist;
				INFOPLIST_KEY_CFBundleDisplayName = ShareExtension;
				INFOPLIST_KEY_NSHumanReadableCopyright = "";
				IPHONEOS_DEPLOYMENT_TARGET = 18.0;
				LD_RUNPATH_SEARCH_PATHS = (
					"$(inherited)",
					"@executable_path/Frameworks",
					"@executable_path/../../Frameworks",
				);
				MARKETING_VERSION = 1.1.3;
				PRODUCT_BUNDLE_IDENTIFIER = com.techprimate.Flinky.ShareExtension;
				PRODUCT_NAME = "$(TARGET_NAME)";
				PROVISIONING_PROFILE_SPECIFIER = "";
				"PROVISIONING_PROFILE_SPECIFIER[sdk=iphoneos*]" = "match Development com.techprimate.Flinky.ShareExtension";
				SKIP_INSTALL = YES;
				SWIFT_EMIT_LOC_STRINGS = YES;
				SWIFT_VERSION = 5.0;
				TARGETED_DEVICE_FAMILY = "1,2";
			};
			name = Debug;
		};
		D4D509ED2E4621120067A402 /* Release */ = {
			isa = XCBuildConfiguration;
			buildSettings = {
				CODE_SIGN_ENTITLEMENTS = Targets/ShareExtension/Sources/Resources/ShareExtension.entitlements;
				CODE_SIGN_IDENTITY = "Apple Development";
				"CODE_SIGN_IDENTITY[sdk=iphoneos*]" = "iPhone Distribution";
				CODE_SIGN_STYLE = Manual;
				CURRENT_PROJECT_VERSION = 42;
				DEVELOPMENT_TEAM = "";
				"DEVELOPMENT_TEAM[sdk=iphoneos*]" = BZ362SQ6AB;
				GENERATE_INFOPLIST_FILE = YES;
				INFOPLIST_FILE = Targets/ShareExtension/Sources/Resources/Info.plist;
				INFOPLIST_KEY_CFBundleDisplayName = ShareExtension;
				INFOPLIST_KEY_NSHumanReadableCopyright = "";
				IPHONEOS_DEPLOYMENT_TARGET = 18.0;
				LD_RUNPATH_SEARCH_PATHS = (
					"$(inherited)",
					"@executable_path/Frameworks",
					"@executable_path/../../Frameworks",
				);
				MARKETING_VERSION = 1.1.3;
				PRODUCT_BUNDLE_IDENTIFIER = com.techprimate.Flinky.ShareExtension;
				PRODUCT_NAME = "$(TARGET_NAME)";
				PROVISIONING_PROFILE_SPECIFIER = "";
				"PROVISIONING_PROFILE_SPECIFIER[sdk=iphoneos*]" = "match AppStore com.techprimate.Flinky.ShareExtension";
				SKIP_INSTALL = YES;
				SWIFT_EMIT_LOC_STRINGS = YES;
				SWIFT_VERSION = 5.0;
				TARGETED_DEVICE_FAMILY = "1,2";
			};
			name = Release;
		};
		D4D50A0D2E46286D0067A402 /* Debug */ = {
			isa = XCBuildConfiguration;
			buildSettings = {
				CODE_SIGN_STYLE = Manual;
				CURRENT_PROJECT_VERSION = 42;
				DEVELOPMENT_TEAM = "";
				GENERATE_INFOPLIST_FILE = YES;
				IPHONEOS_DEPLOYMENT_TARGET = 18.0;
				MARKETING_VERSION = 1.1.3;
				PRODUCT_BUNDLE_IDENTIFIER = com.techprimate.Flinky.ShareExtensionUITests;
				PRODUCT_NAME = "$(TARGET_NAME)";
				PROVISIONING_PROFILE_SPECIFIER = "";
				SWIFT_EMIT_LOC_STRINGS = NO;
				SWIFT_VERSION = 5.0;
				TARGETED_DEVICE_FAMILY = "1,2";
				TEST_TARGET_NAME = Flinky;
			};
			name = Debug;
		};
		D4D50A0E2E46286D0067A402 /* Release */ = {
			isa = XCBuildConfiguration;
			buildSettings = {
				CODE_SIGN_STYLE = Manual;
				CURRENT_PROJECT_VERSION = 42;
				DEVELOPMENT_TEAM = "";
				GENERATE_INFOPLIST_FILE = YES;
				IPHONEOS_DEPLOYMENT_TARGET = 18.0;
				MARKETING_VERSION = 1.1.3;
				PRODUCT_BUNDLE_IDENTIFIER = com.techprimate.Flinky.ShareExtensionUITests;
				PRODUCT_NAME = "$(TARGET_NAME)";
				PROVISIONING_PROFILE_SPECIFIER = "";
				SWIFT_EMIT_LOC_STRINGS = NO;
				SWIFT_VERSION = 5.0;
				TARGETED_DEVICE_FAMILY = "1,2";
				TEST_TARGET_NAME = Flinky;
			};
			name = Release;
		};
		D4E789192E461A83005DA720 /* Debug */ = {
			isa = XCBuildConfiguration;
			buildSettings = {
				BUNDLE_LOADER = "$(TEST_HOST)";
				CODE_SIGN_STYLE = Manual;
				CURRENT_PROJECT_VERSION = 42;
				DEVELOPMENT_TEAM = "";
				GENERATE_INFOPLIST_FILE = YES;
				IPHONEOS_DEPLOYMENT_TARGET = 18.0;
				MARKETING_VERSION = 1.1.3;
				PRODUCT_BUNDLE_IDENTIFIER = com.techprimate.Flinky.CoreTests;
				PRODUCT_NAME = "$(TARGET_NAME)";
				PROVISIONING_PROFILE_SPECIFIER = "";
				SWIFT_EMIT_LOC_STRINGS = NO;
				SWIFT_VERSION = 5.0;
				TARGETED_DEVICE_FAMILY = "1,2";
				TEST_HOST = "$(BUILT_PRODUCTS_DIR)/Flinky.app/$(BUNDLE_EXECUTABLE_FOLDER_PATH)/Flinky";
			};
			name = Debug;
		};
		D4E7891A2E461A83005DA720 /* Release */ = {
			isa = XCBuildConfiguration;
			buildSettings = {
				BUNDLE_LOADER = "$(TEST_HOST)";
				CODE_SIGN_STYLE = Manual;
				CURRENT_PROJECT_VERSION = 42;
				DEVELOPMENT_TEAM = "";
				GENERATE_INFOPLIST_FILE = YES;
				IPHONEOS_DEPLOYMENT_TARGET = 18.0;
				MARKETING_VERSION = 1.1.3;
				PRODUCT_BUNDLE_IDENTIFIER = com.techprimate.Flinky.CoreTests;
				PRODUCT_NAME = "$(TARGET_NAME)";
				PROVISIONING_PROFILE_SPECIFIER = "";
				SWIFT_EMIT_LOC_STRINGS = NO;
				SWIFT_VERSION = 5.0;
				TARGETED_DEVICE_FAMILY = "1,2";
				TEST_HOST = "$(BUILT_PRODUCTS_DIR)/Flinky.app/$(BUNDLE_EXECUTABLE_FOLDER_PATH)/Flinky";
			};
			name = Release;
		};
		D4ECAABC2E3CF6FB00C757EA /* Debug */ = {
			isa = XCBuildConfiguration;
			buildSettings = {
				CODE_SIGN_STYLE = Manual;
				CURRENT_PROJECT_VERSION = 42;
				DEVELOPMENT_TEAM = "";
				GENERATE_INFOPLIST_FILE = YES;
				IPHONEOS_DEPLOYMENT_TARGET = 18.0;
				MARKETING_VERSION = 1.1.3;
				PRODUCT_BUNDLE_IDENTIFIER = com.techprimate.Flinky.ScreenshotUITests;
				PRODUCT_NAME = "$(TARGET_NAME)";
				PROVISIONING_PROFILE_SPECIFIER = "";
				SWIFT_EMIT_LOC_STRINGS = NO;
				SWIFT_VERSION = 5.0;
				TARGETED_DEVICE_FAMILY = "1,2";
				TEST_TARGET_NAME = Flinky;
			};
			name = Debug;
		};
		D4ECAABD2E3CF6FB00C757EA /* Release */ = {
			isa = XCBuildConfiguration;
			buildSettings = {
				CODE_SIGN_STYLE = Manual;
				CURRENT_PROJECT_VERSION = 42;
				DEVELOPMENT_TEAM = "";
				GENERATE_INFOPLIST_FILE = YES;
				IPHONEOS_DEPLOYMENT_TARGET = 18.0;
				MARKETING_VERSION = 1.1.3;
				PRODUCT_BUNDLE_IDENTIFIER = com.techprimate.Flinky.ScreenshotUITests;
				PRODUCT_NAME = "$(TARGET_NAME)";
				PROVISIONING_PROFILE_SPECIFIER = "";
				SWIFT_EMIT_LOC_STRINGS = NO;
				SWIFT_VERSION = 5.0;
				TARGETED_DEVICE_FAMILY = "1,2";
				TEST_TARGET_NAME = Flinky;
			};
			name = Release;
		};
/* End XCBuildConfiguration section */

/* Begin XCConfigurationList section */
		D40BEC1D2E2EE0C500391C5A /* Build configuration list for PBXNativeTarget "Tests" */ = {
			isa = XCConfigurationList;
			buildConfigurations = (
				D40BEC1E2E2EE0C500391C5A /* Debug */,
				D40BEC1F2E2EE0C500391C5A /* Release */,
			);
			defaultConfigurationIsVisible = 0;
			defaultConfigurationName = Release;
		};
		D4A014D42E83DE2900117E01 /* Build configuration list for PBXNativeTarget "UITests" */ = {
			isa = XCConfigurationList;
			buildConfigurations = (
				D4A014D52E83DE2900117E01 /* Debug */,
				D4A014D62E83DE2900117E01 /* Release */,
			);
			defaultConfigurationIsVisible = 0;
			defaultConfigurationName = Release;
		};
		D4A014EB2E83E11500117E01 /* Build configuration list for PBXNativeTarget "ShareExtensionTests" */ = {
			isa = XCConfigurationList;
			buildConfigurations = (
				D4A014EC2E83E11500117E01 /* Debug */,
				D4A014ED2E83E11500117E01 /* Release */,
			);
			defaultConfigurationIsVisible = 0;
			defaultConfigurationName = Release;
		};
		D4A5DC5B2E46133A00027944 /* Build configuration list for PBXNativeTarget "FlinkyCore" */ = {
			isa = XCConfigurationList;
			buildConfigurations = (
				D4A5DC5C2E46133A00027944 /* Debug */,
				D4A5DC5D2E46133A00027944 /* Release */,
			);
			defaultConfigurationIsVisible = 0;
			defaultConfigurationName = Release;
		};
		D4D359D42E1BDF540006226D /* Build configuration list for PBXProject "Flinky" */ = {
			isa = XCConfigurationList;
			buildConfigurations = (
				D4D359E42E1BDF560006226D /* Debug */,
				D4D359E52E1BDF560006226D /* Release */,
			);
			defaultConfigurationIsVisible = 0;
			defaultConfigurationName = Release;
		};
		D4D359E62E1BDF560006226D /* Build configuration list for PBXNativeTarget "Flinky" */ = {
			isa = XCConfigurationList;
			buildConfigurations = (
				D4D359E72E1BDF560006226D /* Debug */,
				D4D359E82E1BDF560006226D /* Release */,
			);
			defaultConfigurationIsVisible = 0;
			defaultConfigurationName = Release;
		};
		D4D509EB2E4621120067A402 /* Build configuration list for PBXNativeTarget "ShareExtension" */ = {
			isa = XCConfigurationList;
			buildConfigurations = (
				D4D509EC2E4621120067A402 /* Debug */,
				D4D509ED2E4621120067A402 /* Release */,
			);
			defaultConfigurationIsVisible = 0;
			defaultConfigurationName = Release;
		};
		D4D50A0C2E46286D0067A402 /* Build configuration list for PBXNativeTarget "ShareExtensionUITests" */ = {
			isa = XCConfigurationList;
			buildConfigurations = (
				D4D50A0D2E46286D0067A402 /* Debug */,
				D4D50A0E2E46286D0067A402 /* Release */,
			);
			defaultConfigurationIsVisible = 0;
			defaultConfigurationName = Release;
		};
		D4E789182E461A83005DA720 /* Build configuration list for PBXNativeTarget "FlinkyCoreTests" */ = {
			isa = XCConfigurationList;
			buildConfigurations = (
				D4E789192E461A83005DA720 /* Debug */,
				D4E7891A2E461A83005DA720 /* Release */,
			);
			defaultConfigurationIsVisible = 0;
			defaultConfigurationName = Release;
		};
		D4ECAABE2E3CF6FB00C757EA /* Build configuration list for PBXNativeTarget "ScreenshotUITests" */ = {
			isa = XCConfigurationList;
			buildConfigurations = (
				D4ECAABC2E3CF6FB00C757EA /* Debug */,
				D4ECAABD2E3CF6FB00C757EA /* Release */,
			);
			defaultConfigurationIsVisible = 0;
			defaultConfigurationName = Release;
		};
/* End XCConfigurationList section */

/* Begin XCRemoteSwiftPackageReference section */
		D410FC5E2F3C8ABD0028B18D /* XCRemoteSwiftPackageReference "sentry-cocoa" */ = {
			isa = XCRemoteSwiftPackageReference;
			repositoryURL = "https://github.com/getsentry/sentry-cocoa";
			requirement = {
				kind = exactVersion;
				version = 9.5.1;
			};
		};
		D44A62A42E33B2800018D789 /* XCRemoteSwiftPackageReference "OnLaunch-iOS-Client" */ = {
			isa = XCRemoteSwiftPackageReference;
			repositoryURL = "https://github.com/kula-app/OnLaunch-iOS-Client";
			requirement = {
				kind = exactVersion;
				version = 0.0.6;
			};
		};
		D4CFD1772E1E38F2001447E9 /* XCRemoteSwiftPackageReference "SFSafeSymbols" */ = {
			isa = XCRemoteSwiftPackageReference;
			repositoryURL = "https://github.com/SFSafeSymbols/SFSafeSymbols";
			requirement = {
				kind = exactVersion;
				version = 7.0.0;
			};
		};
/* End XCRemoteSwiftPackageReference section */

/* Begin XCSwiftPackageProductDependency section */
		D410FC5C2F3C8AAB0028B18D /* SentrySPM */ = {
			isa = XCSwiftPackageProductDependency;
			productName = SentrySPM;
		};
		D44A62A52E33B2800018D789 /* OnLaunch */ = {
			isa = XCSwiftPackageProductDependency;
			package = D44A62A42E33B2800018D789 /* XCRemoteSwiftPackageReference "OnLaunch-iOS-Client" */;
			productName = OnLaunch;
		};
		D4A016262E83E8FB00117E01 /* SFSafeSymbols */ = {
			isa = XCSwiftPackageProductDependency;
			package = D4CFD1772E1E38F2001447E9 /* XCRemoteSwiftPackageReference "SFSafeSymbols" */;
			productName = SFSafeSymbols;
		};
		D4A5DD8D2E46142D00027944 /* SFSafeSymbols */ = {
			isa = XCSwiftPackageProductDependency;
			package = D4CFD1772E1E38F2001447E9 /* XCRemoteSwiftPackageReference "SFSafeSymbols" */;
			productName = SFSafeSymbols;
		};
		D4A5DD8F2E46143500027944 /* SFSafeSymbols */ = {
			isa = XCSwiftPackageProductDependency;
			package = D4CFD1772E1E38F2001447E9 /* XCRemoteSwiftPackageReference "SFSafeSymbols" */;
			productName = SFSafeSymbols;
		};
		D4A5DD982E46160B00027944 /* SFSafeSymbols */ = {
			isa = XCSwiftPackageProductDependency;
			package = D4CFD1772E1E38F2001447E9 /* XCRemoteSwiftPackageReference "SFSafeSymbols" */;
			productName = SFSafeSymbols;
		};
		D4A5DD9A2E46160F00027944 /* SFSafeSymbols */ = {
			isa = XCSwiftPackageProductDependency;
			package = D4CFD1772E1E38F2001447E9 /* XCRemoteSwiftPackageReference "SFSafeSymbols" */;
			productName = SFSafeSymbols;
		};
		D4B471892E1F1300005099F3 /* SFSafeSymbols */ = {
			isa = XCSwiftPackageProductDependency;
			package = D4CFD1772E1E38F2001447E9 /* XCRemoteSwiftPackageReference "SFSafeSymbols" */;
			productName = SFSafeSymbols;
		};
		D4C71A132F3C8B05006E688D /* SentrySPM */ = {
			isa = XCSwiftPackageProductDependency;
			package = D410FC5E2F3C8ABD0028B18D /* XCRemoteSwiftPackageReference "sentry-cocoa" */;
			productName = SentrySPM;
		};
		D4C71A152F3C8B0A006E688D /* SentrySPM */ = {
			isa = XCSwiftPackageProductDependency;
			package = D410FC5E2F3C8ABD0028B18D /* XCRemoteSwiftPackageReference "sentry-cocoa" */;
			productName = SentrySPM;
		};
		D4C71A172F3C8B0E006E688D /* SentrySPM */ = {
			isa = XCSwiftPackageProductDependency;
			package = D410FC5E2F3C8ABD0028B18D /* XCRemoteSwiftPackageReference "sentry-cocoa" */;
			productName = SentrySPM;
		};
		D4CFD1782E1E38F2001447E9 /* SFSafeSymbols */ = {
			isa = XCSwiftPackageProductDependency;
			package = D4CFD1772E1E38F2001447E9 /* XCRemoteSwiftPackageReference "SFSafeSymbols" */;
			productName = SFSafeSymbols;
		};
/* End XCSwiftPackageProductDependency section */
	};
	rootObject = D4D359D12E1BDF540006226D /* Project object */;
}
