// !$*UTF8*$!
{
	archiveVersion = 1;
	classes = {
	};
	objectVersion = 77;
	objects = {

/* Begin PBXBuildFile section */
		D40BECB32E2EFDAD00391C5A /* SwiftUIIntrospect in Frameworks */ = {isa = PBXBuildFile; productRef = D40BECB22E2EFDAD00391C5A /* SwiftUIIntrospect */; };
		D430F9A12E38BC6500C0CDA3 /* SentrySwiftUI in Frameworks */ = {isa = PBXBuildFile; productRef = D430F9A02E38BC6500C0CDA3 /* SentrySwiftUI */; };
		D44A62A62E33B2800018D789 /* OnLaunch in Frameworks */ = {isa = PBXBuildFile; productRef = D44A62A52E33B2800018D789 /* OnLaunch */; };
		D4B471882E1F12FA005099F3 /* Sentry in Frameworks */ = {isa = PBXBuildFile; productRef = D4B471872E1F12FA005099F3 /* Sentry */; };
		D4CFD1792E1E38F2001447E9 /* SFSafeSymbols in Frameworks */ = {isa = PBXBuildFile; productRef = D4CFD1782E1E38F2001447E9 /* SFSafeSymbols */; };
/* End PBXBuildFile section */

/* Begin PBXContainerItemProxy section */
		D40BEC1B2E2EE0C500391C5A /* PBXContainerItemProxy */ = {
			isa = PBXContainerItemProxy;
			containerPortal = D4D359D12E1BDF540006226D /* Project object */;
			proxyType = 1;
			remoteGlobalIDString = D4D359D82E1BDF540006226D;
			remoteInfo = Flinky;
		};
/* End PBXContainerItemProxy section */

/* Begin PBXFileReference section */
		D40BEC172E2EE0C500391C5A /* Tests.xctest */ = {isa = PBXFileReference; explicitFileType = wrapper.cfbundle; includeInIndex = 0; path = Tests.xctest; sourceTree = BUILT_PRODUCTS_DIR; };
		D40BEEF42E2EFFC900391C5A /* .gitignore */ = {isa = PBXFileReference; lastKnownFileType = text; path = .gitignore; sourceTree = "<group>"; };
		D40BEEF52E2EFFC900391C5A /* .swiftformat */ = {isa = PBXFileReference; lastKnownFileType = text; path = .swiftformat; sourceTree = "<group>"; };
		D40BEEF62E2EFFC900391C5A /* .swiftlint.yml */ = {isa = PBXFileReference; lastKnownFileType = text.yaml; path = .swiftlint.yml; sourceTree = "<group>"; };
		D40BEEF72E2EFFC900391C5A /* Brewfile */ = {isa = PBXFileReference; lastKnownFileType = text; path = Brewfile; sourceTree = "<group>"; };
		D40BEF022E2EFFC900391C5A /* Makefile */ = {isa = PBXFileReference; lastKnownFileType = sourcecode.make; path = Makefile; sourceTree = "<group>"; };
		D40BEF072E2EFFC900391C5A /* swiftgen.yml */ = {isa = PBXFileReference; lastKnownFileType = text.yaml; path = swiftgen.yml; sourceTree = "<group>"; };
		D40BF4B82E2FC376000BE785 /* Flinky.xctestplan */ = {isa = PBXFileReference; lastKnownFileType = text; path = Flinky.xctestplan; sourceTree = "<group>"; };
		D4D359D92E1BDF540006226D /* Flinky.app */ = {isa = PBXFileReference; explicitFileType = wrapper.application; includeInIndex = 0; path = Flinky.app; sourceTree = BUILT_PRODUCTS_DIR; };
/* End PBXFileReference section */

/* Begin PBXFileSystemSynchronizedRootGroup section */
		D40BEC182E2EE0C500391C5A /* Tests */ = {
			isa = PBXFileSystemSynchronizedRootGroup;
			path = Tests;
			sourceTree = "<group>";
		};
		D40BEF0E2E2EFFD400391C5A /* docs */ = {
			isa = PBXFileSystemSynchronizedRootGroup;
			path = docs;
			sourceTree = "<group>";
		};
		D40BEF142E2EFFD600391C5A /* Generated */ = {
			isa = PBXFileSystemSynchronizedRootGroup;
			path = Generated;
			sourceTree = "<group>";
		};
		D40BEF182E2EFFDD00391C5A /* Scripts */ = {
			isa = PBXFileSystemSynchronizedRootGroup;
			path = Scripts;
			sourceTree = "<group>";
		};
		D40BEF1B2E2EFFE300391C5A /* Templates */ = {
			isa = PBXFileSystemSynchronizedRootGroup;
			path = Templates;
			sourceTree = "<group>";
		};
		D4B94A352E3197BA0000FEA2 /* Resources */ = {
			isa = PBXFileSystemSynchronizedRootGroup;
			path = Resources;
			sourceTree = "<group>";
		};
		D4D359DB2E1BDF540006226D /* Sources */ = {
			isa = PBXFileSystemSynchronizedRootGroup;
			path = Sources;
			sourceTree = "<group>";
		};
/* End PBXFileSystemSynchronizedRootGroup section */

/* Begin PBXFrameworksBuildPhase section */
		D40BEC142E2EE0C500391C5A /* Frameworks */ = {
			isa = PBXFrameworksBuildPhase;
			buildActionMask = 2147483647;
			files = (
			);
			runOnlyForDeploymentPostprocessing = 0;
		};
		D4D359D62E1BDF540006226D /* Frameworks */ = {
			isa = PBXFrameworksBuildPhase;
			buildActionMask = 2147483647;
			files = (
				D44A62A62E33B2800018D789 /* OnLaunch in Frameworks */,
				D430F9A12E38BC6500C0CDA3 /* SentrySwiftUI in Frameworks */,
				D40BECB32E2EFDAD00391C5A /* SwiftUIIntrospect in Frameworks */,
				D4CFD1792E1E38F2001447E9 /* SFSafeSymbols in Frameworks */,
				D4B471882E1F12FA005099F3 /* Sentry in Frameworks */,
			);
			runOnlyForDeploymentPostprocessing = 0;
		};
/* End PBXFrameworksBuildPhase section */

/* Begin PBXGroup section */
		D40BEF1C2E2EFFEC00391C5A /* Config */ = {
			isa = PBXGroup;
			children = (
				D40BEEF42E2EFFC900391C5A /* .gitignore */,
				D40BEEF52E2EFFC900391C5A /* .swiftformat */,
				D40BEEF62E2EFFC900391C5A /* .swiftlint.yml */,
				D40BEEF72E2EFFC900391C5A /* Brewfile */,
				D40BF4B82E2FC376000BE785 /* Flinky.xctestplan */,
				D40BEF022E2EFFC900391C5A /* Makefile */,
				D40BEF072E2EFFC900391C5A /* swiftgen.yml */,
			);
			name = Config;
			sourceTree = "<group>";
		};
		D4B471862E1F12FA005099F3 /* Frameworks */ = {
			isa = PBXGroup;
			children = (
			);
			name = Frameworks;
			sourceTree = "<group>";
		};
		D4D359D02E1BDF540006226D = {
			isa = PBXGroup;
			children = (
				D40BEF1C2E2EFFEC00391C5A /* Config */,
				D40BEF0E2E2EFFD400391C5A /* docs */,
				D40BEF142E2EFFD600391C5A /* Generated */,
				D40BEF182E2EFFDD00391C5A /* Scripts */,
				D4D359DB2E1BDF540006226D /* Sources */,
				D40BEF1B2E2EFFE300391C5A /* Templates */,
				D4B94A352E3197BA0000FEA2 /* Resources */,
				D40BEC182E2EE0C500391C5A /* Tests */,
				D4B471862E1F12FA005099F3 /* Frameworks */,
				D4D359DA2E1BDF540006226D /* Products */,
			);
			sourceTree = "<group>";
		};
		D4D359DA2E1BDF540006226D /* Products */ = {
			isa = PBXGroup;
			children = (
				D4D359D92E1BDF540006226D /* Flinky.app */,
				D40BEC172E2EE0C500391C5A /* Tests.xctest */,
			);
			name = Products;
			sourceTree = "<group>";
		};
/* End PBXGroup section */

/* Begin PBXNativeTarget section */
		D40BEC162E2EE0C500391C5A /* Tests */ = {
			isa = PBXNativeTarget;
			buildConfigurationList = D40BEC1D2E2EE0C500391C5A /* Build configuration list for PBXNativeTarget "Tests" */;
			buildPhases = (
				D40BEC132E2EE0C500391C5A /* Sources */,
				D40BEC142E2EE0C500391C5A /* Frameworks */,
				D40BEC152E2EE0C500391C5A /* Resources */,
			);
			buildRules = (
			);
			dependencies = (
				D40BEC1C2E2EE0C500391C5A /* PBXTargetDependency */,
			);
			fileSystemSynchronizedGroups = (
				D40BEC182E2EE0C500391C5A /* Tests */,
			);
			name = Tests;
			packageProductDependencies = (
			);
			productName = Tests;
			productReference = D40BEC172E2EE0C500391C5A /* Tests.xctest */;
			productType = "com.apple.product-type.bundle.unit-test";
		};
		D4D359D82E1BDF540006226D /* Flinky */ = {
			isa = PBXNativeTarget;
			buildConfigurationList = D4D359E62E1BDF560006226D /* Build configuration list for PBXNativeTarget "Flinky" */;
			buildPhases = (
				D4D359DC2E1BDF540006226D /* Run Script - Generate Files */,
				D4D359D52E1BDF540006226D /* Sources */,
				D4D359D62E1BDF540006226D /* Frameworks */,
				D4D359D72E1BDF540006226D /* Resources */,
				8260B96167064F3C9C0B45C7 /* Upload Debug Symbols to Sentry */,
			);
			buildRules = (
			);
			dependencies = (
				D430F9A32E38BC6E00C0CDA3 /* PBXTargetDependency */,
				D4B4718C2E1F1303005099F3 /* PBXTargetDependency */,
				D4B4718A2E1F1300005099F3 /* PBXTargetDependency */,
			);
			fileSystemSynchronizedGroups = (
				D4D359DB2E1BDF540006226D /* Sources */,
			);
			name = Flinky;
			packageProductDependencies = (
				D4CFD1782E1E38F2001447E9 /* SFSafeSymbols */,
				D4B471872E1F12FA005099F3 /* Sentry */,
				D40BECB22E2EFDAD00391C5A /* SwiftUIIntrospect */,
				D44A62A52E33B2800018D789 /* OnLaunch */,
				D430F9A02E38BC6500C0CDA3 /* SentrySwiftUI */,
			);
			productName = LinkManager;
			productReference = D4D359D92E1BDF540006226D /* Flinky.app */;
			productType = "com.apple.product-type.application";
		};
/* End PBXNativeTarget section */

/* Begin PBXProject section */
		D4D359D12E1BDF540006226D /* Project object */ = {
			isa = PBXProject;
			attributes = {
				BuildIndependentTargetsInParallel = 1;
				LastSwiftUpdateCheck = 1640;
				LastUpgradeCheck = 1640;
				TargetAttributes = {
					D40BEC162E2EE0C500391C5A = {
						CreatedOnToolsVersion = 16.4;
						TestTargetID = D4D359D82E1BDF540006226D;
					};
					D4D359D82E1BDF540006226D = {
						CreatedOnToolsVersion = 16.4;
					};
				};
			};
			buildConfigurationList = D4D359D42E1BDF540006226D /* Build configuration list for PBXProject "Flinky" */;
			developmentRegion = en;
			hasScannedForEncodings = 0;
			knownRegions = (
				en,
				Base,
			);
			mainGroup = D4D359D02E1BDF540006226D;
			minimizedProjectReferenceProxies = 1;
			packageReferences = (
				D4CFD1772E1E38F2001447E9 /* XCRemoteSwiftPackageReference "SFSafeSymbols" */,
				D4BB80702E1F12190013AEEB /* XCRemoteSwiftPackageReference "sentry-cocoa" */,
				D470EA6B2E2E51D400F4FD16 /* XCRemoteSwiftPackageReference "swiftui-introspect" */,
				D44A62A42E33B2800018D789 /* XCRemoteSwiftPackageReference "OnLaunch-iOS-Client" */,
			);
			preferredProjectObjectVersion = 77;
			productRefGroup = D4D359DA2E1BDF540006226D /* Products */;
			projectDirPath = "";
			projectRoot = "";
			targets = (
				D4D359D82E1BDF540006226D /* Flinky */,
				D40BEC162E2EE0C500391C5A /* Tests */,
			);
		};
/* End PBXProject section */

/* Begin PBXResourcesBuildPhase section */
		D40BEC152E2EE0C500391C5A /* Resources */ = {
			isa = PBXResourcesBuildPhase;
			buildActionMask = 2147483647;
			files = (
			);
			runOnlyForDeploymentPostprocessing = 0;
		};
		D4D359D72E1BDF540006226D /* Resources */ = {
			isa = PBXResourcesBuildPhase;
			buildActionMask = 2147483647;
			files = (
			);
			runOnlyForDeploymentPostprocessing = 0;
		};
/* End PBXResourcesBuildPhase section */

/* Begin PBXShellScriptBuildPhase section */
		8260B96167064F3C9C0B45C7 /* Upload Debug Symbols to Sentry */ = {
			isa = PBXShellScriptBuildPhase;
			buildActionMask = 2147483647;
			files = (
			);
			inputPaths = (
				"${DWARF_DSYM_FOLDER_PATH}/${DWARF_DSYM_FILE_NAME}/Contents/Resources/DWARF/${TARGET_NAME}",
			);
			name = "Upload Debug Symbols to Sentry";
			outputPaths = (
			);
			runOnlyForDeploymentPostprocessing = 0;
			shellPath = /bin/sh;
			shellScript = "# This script is responsible for uploading debug symbols and source context for Sentry.\nif [[ \"$(uname -m)\" == arm64 ]]; then\n    export PATH=\"/opt/homebrew/bin:$PATH\"\nfi\n\nif which sentry-cli >/dev/null; then\n    export SENTRY_ORG=techprimate\n    export SENTRY_PROJECT=flinky\n    ERROR=$(sentry-cli debug-files upload --include-sources \"$DWARF_DSYM_FOLDER_PATH\" 2>&1 >/dev/null)\n    if [ ! $? -eq 0 ]; then\n        echo \"warning: sentry-cli - $ERROR\"\n    fi\nelse\n    echo \"warning: sentry-cli not installed, download from https://github.com/getsentry/sentry-cli/releases\"\nfi\n";
		};
		D4D359DC2E1BDF540006226D /* Run Script - Generate Files */ = {
			isa = PBXShellScriptBuildPhase;
			buildActionMask = 2147483647;
			files = (
			);
			inputFileListPaths = (
			);
			inputPaths = (
				"$(SRCROOT)/Scripts/generate-licenses.sh",
				"$(SRCROOT)/Scripts/generate-version-in-settings.sh",
				"$(SRCROOT)/Scripts/generate-localization.sh",
				"$(SRCROOT)/Sources/Resources/Localizable.xcstrings",
				"$(SRCROOT)/Templates/en-strings.stencil",
				"$(SRCROOT)/Templates/l21strings.stencil",
				"$(SRCROOT)/Flinky.xcodeproj/project.pbxproj",
				"$(SRCROOT)/Flinky.xcodeproj/project.xcworkspace/xcshareddata/swiftpm/Package.resolved",
			);
			name = "Run Script - Generate Files";
			outputFileListPaths = (
			);
			outputPaths = (
				"$(SRCROOT)/Sources/Resources/Settings.bundle/Licenses.plist",
				"$(SRCROOT)/Sources/Resources/Settings.bundle/Licenses.latest_result.txt",
				"$(SRCROOT)/Sources/Resources/Settings.bundle/Root.plist",
				"$(SRCROOT)/Sources/Utils/Localization.swift",
				"$(SRCROOT)/Generated/generated-en.strings",
			);
			runOnlyForDeploymentPostprocessing = 0;
			shellPath = /bin/zsh;
			shellScript = "set -e\n\n# Set up PATH for Homebrew tools\nif [[ \"$(uname -m)\" == arm64 ]]; then\n    export PATH=\"/opt/homebrew/bin:$PATH\"\nelse\n    export PATH=\"/usr/local/bin:$PATH\"\nfi\n\n# Change to project directory\ncd \"$SRCROOT\"\n\n# Generate licenses\n./Scripts/generate-licenses.sh\n\n# Generate version in settings\n./Scripts/generate-version-in-settings.sh\n\n# Generate localization\n./Scripts/generate-localization.sh\n\necho \"✅ All generation tasks completed successfully\"\n";
		};
/* End PBXShellScriptBuildPhase section */

/* Begin PBXSourcesBuildPhase section */
		D40BEC132E2EE0C500391C5A /* Sources */ = {
			isa = PBXSourcesBuildPhase;
			buildActionMask = 2147483647;
			files = (
			);
			runOnlyForDeploymentPostprocessing = 0;
		};
		D4D359D52E1BDF540006226D /* Sources */ = {
			isa = PBXSourcesBuildPhase;
			buildActionMask = 2147483647;
			files = (
			);
			runOnlyForDeploymentPostprocessing = 0;
		};
/* End PBXSourcesBuildPhase section */

/* Begin PBXTargetDependency section */
		D40BEC1C2E2EE0C500391C5A /* PBXTargetDependency */ = {
			isa = PBXTargetDependency;
			target = D4D359D82E1BDF540006226D /* Flinky */;
			targetProxy = D40BEC1B2E2EE0C500391C5A /* PBXContainerItemProxy */;
		};
		D430F9A32E38BC6E00C0CDA3 /* PBXTargetDependency */ = {
			isa = PBXTargetDependency;
			productRef = D430F9A22E38BC6E00C0CDA3 /* SentrySwiftUI */;
		};
		D4B4718A2E1F1300005099F3 /* PBXTargetDependency */ = {
			isa = PBXTargetDependency;
			productRef = D4B471892E1F1300005099F3 /* SFSafeSymbols */;
		};
		D4B4718C2E1F1303005099F3 /* PBXTargetDependency */ = {
			isa = PBXTargetDependency;
			productRef = D4B4718B2E1F1303005099F3 /* Sentry */;
		};
/* End PBXTargetDependency section */

/* Begin XCBuildConfiguration section */
		D40BEC1E2E2EE0C500391C5A /* Debug */ = {
			isa = XCBuildConfiguration;
			buildSettings = {
				BUNDLE_LOADER = "$(TEST_HOST)";
				CODE_SIGN_STYLE = Automatic;
				CURRENT_PROJECT_VERSION = 12;
				DEVELOPMENT_TEAM = BZ362SQ6AB;
				GENERATE_INFOPLIST_FILE = YES;
				MARKETING_VERSION = 1.0;
				PRODUCT_BUNDLE_IDENTIFIER = com.techprimate.Flinky.Tests;
				PRODUCT_NAME = "$(TARGET_NAME)";
				SWIFT_EMIT_LOC_STRINGS = NO;
				SWIFT_VERSION = 5.0;
				TARGETED_DEVICE_FAMILY = "1,2";
				TEST_HOST = "$(BUILT_PRODUCTS_DIR)/Flinky.app/$(BUNDLE_EXECUTABLE_FOLDER_PATH)/Flinky";
			};
			name = Debug;
		};
		D40BEC1F2E2EE0C500391C5A /* Release */ = {
			isa = XCBuildConfiguration;
			buildSettings = {
				BUNDLE_LOADER = "$(TEST_HOST)";
				CODE_SIGN_STYLE = Automatic;
				CURRENT_PROJECT_VERSION = 12;
				DEVELOPMENT_TEAM = BZ362SQ6AB;
				GENERATE_INFOPLIST_FILE = YES;
				MARKETING_VERSION = 1.0;
				PRODUCT_BUNDLE_IDENTIFIER = com.techprimate.Flinky.Tests;
				PRODUCT_NAME = "$(TARGET_NAME)";
				SWIFT_EMIT_LOC_STRINGS = NO;
				SWIFT_VERSION = 5.0;
				TARGETED_DEVICE_FAMILY = "1,2";
				TEST_HOST = "$(BUILT_PRODUCTS_DIR)/Flinky.app/$(BUNDLE_EXECUTABLE_FOLDER_PATH)/Flinky";
			};
			name = Release;
		};
		D4D359E42E1BDF560006226D /* Debug */ = {
			isa = XCBuildConfiguration;
			buildSettings = {
				ALWAYS_SEARCH_USER_PATHS = NO;
				ASSETCATALOG_COMPILER_GENERATE_SWIFT_ASSET_SYMBOL_EXTENSIONS = YES;
				CLANG_ANALYZER_NONNULL = YES;
				CLANG_ANALYZER_NUMBER_OBJECT_CONVERSION = YES_AGGRESSIVE;
				CLANG_CXX_LANGUAGE_STANDARD = "gnu++20";
				CLANG_ENABLE_MODULES = YES;
				CLANG_ENABLE_OBJC_ARC = YES;
				CLANG_ENABLE_OBJC_WEAK = YES;
				CLANG_WARN_BLOCK_CAPTURE_AUTORELEASING = YES;
				CLANG_WARN_BOOL_CONVERSION = YES;
				CLANG_WARN_COMMA = YES;
				CLANG_WARN_CONSTANT_CONVERSION = YES;
				CLANG_WARN_DEPRECATED_OBJC_IMPLEMENTATIONS = YES;
				CLANG_WARN_DIRECT_OBJC_ISA_USAGE = YES_ERROR;
				CLANG_WARN_DOCUMENTATION_COMMENTS = YES;
				CLANG_WARN_EMPTY_BODY = YES;
				CLANG_WARN_ENUM_CONVERSION = YES;
				CLANG_WARN_INFINITE_RECURSION = YES;
				CLANG_WARN_INT_CONVERSION = YES;
				CLANG_WARN_NON_LITERAL_NULL_CONVERSION = YES;
				CLANG_WARN_OBJC_IMPLICIT_RETAIN_SELF = YES;
				CLANG_WARN_OBJC_LITERAL_CONVERSION = YES;
				CLANG_WARN_OBJC_ROOT_CLASS = YES_ERROR;
				CLANG_WARN_QUOTED_INCLUDE_IN_FRAMEWORK_HEADER = YES;
				CLANG_WARN_RANGE_LOOP_ANALYSIS = YES;
				CLANG_WARN_STRICT_PROTOTYPES = YES;
				CLANG_WARN_SUSPICIOUS_MOVE = YES;
				CLANG_WARN_UNGUARDED_AVAILABILITY = YES_AGGRESSIVE;
				CLANG_WARN_UNREACHABLE_CODE = YES;
				CLANG_WARN__DUPLICATE_METHOD_MATCH = YES;
				COPY_PHASE_STRIP = NO;
				DEBUG_INFORMATION_FORMAT = dwarf;
				DEVELOPMENT_TEAM = BZ362SQ6AB;
				ENABLE_STRICT_OBJC_MSGSEND = YES;
				ENABLE_TESTABILITY = YES;
				ENABLE_USER_SCRIPT_SANDBOXING = YES;
				GCC_C_LANGUAGE_STANDARD = gnu17;
				GCC_DYNAMIC_NO_PIC = NO;
				GCC_NO_COMMON_BLOCKS = YES;
				GCC_OPTIMIZATION_LEVEL = 0;
				GCC_PREPROCESSOR_DEFINITIONS = (
					"DEBUG=1",
					"$(inherited)",
				);
				GCC_WARN_64_TO_32_BIT_CONVERSION = YES;
				GCC_WARN_ABOUT_RETURN_TYPE = YES_ERROR;
				GCC_WARN_UNDECLARED_SELECTOR = YES;
				GCC_WARN_UNINITIALIZED_AUTOS = YES_AGGRESSIVE;
				GCC_WARN_UNUSED_FUNCTION = YES;
				GCC_WARN_UNUSED_VARIABLE = YES;
				IPHONEOS_DEPLOYMENT_TARGET = 18.5;
				LOCALIZATION_PREFERS_STRING_CATALOGS = YES;
				MTL_ENABLE_DEBUG_INFO = INCLUDE_SOURCE;
				MTL_FAST_MATH = YES;
				ONLY_ACTIVE_ARCH = YES;
				SDKROOT = iphoneos;
				SWIFT_ACTIVE_COMPILATION_CONDITIONS = "DEBUG $(inherited)";
				SWIFT_EMIT_LOC_STRINGS = YES;
				SWIFT_OPTIMIZATION_LEVEL = "-Onone";
			};
			name = Debug;
		};
		D4D359E52E1BDF560006226D /* Release */ = {
			isa = XCBuildConfiguration;
			buildSettings = {
				ALWAYS_SEARCH_USER_PATHS = NO;
				ASSETCATALOG_COMPILER_GENERATE_SWIFT_ASSET_SYMBOL_EXTENSIONS = YES;
				CLANG_ANALYZER_NONNULL = YES;
				CLANG_ANALYZER_NUMBER_OBJECT_CONVERSION = YES_AGGRESSIVE;
				CLANG_CXX_LANGUAGE_STANDARD = "gnu++20";
				CLANG_ENABLE_MODULES = YES;
				CLANG_ENABLE_OBJC_ARC = YES;
				CLANG_ENABLE_OBJC_WEAK = YES;
				CLANG_WARN_BLOCK_CAPTURE_AUTORELEASING = YES;
				CLANG_WARN_BOOL_CONVERSION = YES;
				CLANG_WARN_COMMA = YES;
				CLANG_WARN_CONSTANT_CONVERSION = YES;
				CLANG_WARN_DEPRECATED_OBJC_IMPLEMENTATIONS = YES;
				CLANG_WARN_DIRECT_OBJC_ISA_USAGE = YES_ERROR;
				CLANG_WARN_DOCUMENTATION_COMMENTS = YES;
				CLANG_WARN_EMPTY_BODY = YES;
				CLANG_WARN_ENUM_CONVERSION = YES;
				CLANG_WARN_INFINITE_RECURSION = YES;
				CLANG_WARN_INT_CONVERSION = YES;
				CLANG_WARN_NON_LITERAL_NULL_CONVERSION = YES;
				CLANG_WARN_OBJC_IMPLICIT_RETAIN_SELF = YES;
				CLANG_WARN_OBJC_LITERAL_CONVERSION = YES;
				CLANG_WARN_OBJC_ROOT_CLASS = YES_ERROR;
				CLANG_WARN_QUOTED_INCLUDE_IN_FRAMEWORK_HEADER = YES;
				CLANG_WARN_RANGE_LOOP_ANALYSIS = YES;
				CLANG_WARN_STRICT_PROTOTYPES = YES;
				CLANG_WARN_SUSPICIOUS_MOVE = YES;
				CLANG_WARN_UNGUARDED_AVAILABILITY = YES_AGGRESSIVE;
				CLANG_WARN_UNREACHABLE_CODE = YES;
				CLANG_WARN__DUPLICATE_METHOD_MATCH = YES;
				COPY_PHASE_STRIP = NO;
				DEBUG_INFORMATION_FORMAT = "dwarf-with-dsym";
				DEVELOPMENT_TEAM = BZ362SQ6AB;
				ENABLE_NS_ASSERTIONS = NO;
				ENABLE_STRICT_OBJC_MSGSEND = YES;
				ENABLE_USER_SCRIPT_SANDBOXING = YES;
				GCC_C_LANGUAGE_STANDARD = gnu17;
				GCC_NO_COMMON_BLOCKS = YES;
				GCC_WARN_64_TO_32_BIT_CONVERSION = YES;
				GCC_WARN_ABOUT_RETURN_TYPE = YES_ERROR;
				GCC_WARN_UNDECLARED_SELECTOR = YES;
				GCC_WARN_UNINITIALIZED_AUTOS = YES_AGGRESSIVE;
				GCC_WARN_UNUSED_FUNCTION = YES;
				GCC_WARN_UNUSED_VARIABLE = YES;
				IPHONEOS_DEPLOYMENT_TARGET = 18.5;
				LOCALIZATION_PREFERS_STRING_CATALOGS = YES;
				MTL_ENABLE_DEBUG_INFO = NO;
				MTL_FAST_MATH = YES;
				SDKROOT = iphoneos;
				SWIFT_COMPILATION_MODE = wholemodule;
				SWIFT_EMIT_LOC_STRINGS = YES;
				VALIDATE_PRODUCT = YES;
			};
			name = Release;
		};
		D4D359E72E1BDF560006226D /* Debug */ = {
			isa = XCBuildConfiguration;
			buildSettings = {
				ASSETCATALOG_COMPILER_APPICON_NAME = AppIcon;
				ASSETCATALOG_COMPILER_GLOBAL_ACCENT_COLOR_NAME = AccentColor;
				CODE_SIGN_ENTITLEMENTS = Sources/Resources/Flinky.entitlements;
				CODE_SIGN_IDENTITY = "Apple Development";
				CODE_SIGN_STYLE = Automatic;
				CURRENT_PROJECT_VERSION = 12;
				DEBUG_INFORMATION_FORMAT = "dwarf-with-dsym";
				DEVELOPMENT_TEAM = BZ362SQ6AB;
				ENABLE_PREVIEWS = YES;
				ENABLE_USER_SCRIPT_SANDBOXING = NO;
				GENERATE_INFOPLIST_FILE = YES;
				INFOPLIST_FILE = "Sources/Resources/Flinky-Info.plist";
				INFOPLIST_KEY_CFBundleDisplayName = Flinky;
				INFOPLIST_KEY_ITSAppUsesNonExemptEncryption = NO;
				INFOPLIST_KEY_LSApplicationCategoryType = "public.app-category.productivity";
				INFOPLIST_KEY_NFCReaderUsageDescription = "Share links with other NFC-capable devices by bringing them close together.";
				INFOPLIST_KEY_NSPhotoLibraryAddUsageDescription = "Save your QRCode to your Photos";
				INFOPLIST_KEY_UIApplicationSceneManifest_Generation = YES;
				INFOPLIST_KEY_UIApplicationSupportsIndirectInputEvents = YES;
				INFOPLIST_KEY_UILaunchScreen_Generation = YES;
				INFOPLIST_KEY_UISupportedInterfaceOrientations = UIInterfaceOrientationPortrait;
				INFOPLIST_KEY_UISupportedInterfaceOrientations_iPad = "UIInterfaceOrientationLandscapeLeft UIInterfaceOrientationLandscapeRight UIInterfaceOrientationPortrait UIInterfaceOrientationPortraitUpsideDown";
				LD_RUNPATH_SEARCH_PATHS = (
					"$(inherited)",
					"@executable_path/Frameworks",
				);
				MARKETING_VERSION = 1.0.0;
				OTHER_SWIFT_FLAGS = "";
				PRODUCT_BUNDLE_IDENTIFIER = com.techprimate.Flinky;
				PRODUCT_NAME = "$(TARGET_NAME)";
				PROVISIONING_PROFILE_SPECIFIER = "";
				SWIFT_EMIT_LOC_STRINGS = YES;
				SWIFT_VERSION = 5.0;
				TARGETED_DEVICE_FAMILY = "1,2";
			};
			name = Debug;
		};
		D4D359E82E1BDF560006226D /* Release */ = {
			isa = XCBuildConfiguration;
			buildSettings = {
				ASSETCATALOG_COMPILER_APPICON_NAME = AppIcon;
				ASSETCATALOG_COMPILER_GLOBAL_ACCENT_COLOR_NAME = AccentColor;
				CODE_SIGN_ENTITLEMENTS = Sources/Resources/Flinky.entitlements;
				CODE_SIGN_IDENTITY = "Apple Development";
				CODE_SIGN_STYLE = Automatic;
				CURRENT_PROJECT_VERSION = 12;
				DEBUG_INFORMATION_FORMAT = "dwarf-with-dsym";
				DEVELOPMENT_TEAM = BZ362SQ6AB;
				ENABLE_PREVIEWS = YES;
				ENABLE_USER_SCRIPT_SANDBOXING = NO;
				GENERATE_INFOPLIST_FILE = YES;
				INFOPLIST_FILE = "Sources/Resources/Flinky-Info.plist";
				INFOPLIST_KEY_CFBundleDisplayName = Flinky;
				INFOPLIST_KEY_ITSAppUsesNonExemptEncryption = NO;
				INFOPLIST_KEY_LSApplicationCategoryType = "public.app-category.productivity";
				INFOPLIST_KEY_NFCReaderUsageDescription = "Share links with other NFC-capable devices by bringing them close together.";
				INFOPLIST_KEY_NSPhotoLibraryAddUsageDescription = "Save your QRCode to your Photos";
				INFOPLIST_KEY_UIApplicationSceneManifest_Generation = YES;
				INFOPLIST_KEY_UIApplicationSupportsIndirectInputEvents = YES;
				INFOPLIST_KEY_UILaunchScreen_Generation = YES;
				INFOPLIST_KEY_UISupportedInterfaceOrientations = UIInterfaceOrientationPortrait;
				INFOPLIST_KEY_UISupportedInterfaceOrientations_iPad = "UIInterfaceOrientationLandscapeLeft UIInterfaceOrientationLandscapeRight UIInterfaceOrientationPortrait UIInterfaceOrientationPortraitUpsideDown";
				LD_RUNPATH_SEARCH_PATHS = (
					"$(inherited)",
					"@executable_path/Frameworks",
				);
				MARKETING_VERSION = 1.0.0;
				OTHER_SWIFT_FLAGS = "";
				PRODUCT_BUNDLE_IDENTIFIER = com.techprimate.Flinky;
				PRODUCT_NAME = "$(TARGET_NAME)";
				PROVISIONING_PROFILE_SPECIFIER = "";
				SWIFT_ACTIVE_COMPILATION_CONDITIONS = ANALYTICS;
				SWIFT_EMIT_LOC_STRINGS = YES;
				SWIFT_VERSION = 5.0;
				TARGETED_DEVICE_FAMILY = "1,2";
			};
			name = Release;
		};
/* End XCBuildConfiguration section */

/* Begin XCConfigurationList section */
		D40BEC1D2E2EE0C500391C5A /* Build configuration list for PBXNativeTarget "Tests" */ = {
			isa = XCConfigurationList;
			buildConfigurations = (
				D40BEC1E2E2EE0C500391C5A /* Debug */,
				D40BEC1F2E2EE0C500391C5A /* Release */,
			);
			defaultConfigurationIsVisible = 0;
			defaultConfigurationName = Release;
		};
		D4D359D42E1BDF540006226D /* Build configuration list for PBXProject "Flinky" */ = {
			isa = XCConfigurationList;
			buildConfigurations = (
				D4D359E42E1BDF560006226D /* Debug */,
				D4D359E52E1BDF560006226D /* Release */,
			);
			defaultConfigurationIsVisible = 0;
			defaultConfigurationName = Release;
		};
		D4D359E62E1BDF560006226D /* Build configuration list for PBXNativeTarget "Flinky" */ = {
			isa = XCConfigurationList;
			buildConfigurations = (
				D4D359E72E1BDF560006226D /* Debug */,
				D4D359E82E1BDF560006226D /* Release */,
			);
			defaultConfigurationIsVisible = 0;
			defaultConfigurationName = Release;
		};
/* End XCConfigurationList section */

/* Begin XCRemoteSwiftPackageReference section */
		D44A62A42E33B2800018D789 /* XCRemoteSwiftPackageReference "OnLaunch-iOS-Client" */ = {
			isa = XCRemoteSwiftPackageReference;
			repositoryURL = "https://github.com/kula-app/OnLaunch-iOS-Client";
			requirement = {
				kind = exactVersion;
				version = 0.0.6;
			};
		};
		D470EA6B2E2E51D400F4FD16 /* XCRemoteSwiftPackageReference "swiftui-introspect" */ = {
			isa = XCRemoteSwiftPackageReference;
			repositoryURL = "https://github.com/siteline/swiftui-introspect";
			requirement = {
				kind = exactVersion;
				version = 1.3.0;
			};
		};
		D4BB80702E1F12190013AEEB /* XCRemoteSwiftPackageReference "sentry-cocoa" */ = {
			isa = XCRemoteSwiftPackageReference;
			repositoryURL = "https://github.com/getsentry/sentry-cocoa.git";
			requirement = {
				kind = exactVersion;
				version = 8.53.2;
			};
		};
		D4CFD1772E1E38F2001447E9 /* XCRemoteSwiftPackageReference "SFSafeSymbols" */ = {
			isa = XCRemoteSwiftPackageReference;
			repositoryURL = "https://github.com/SFSafeSymbols/SFSafeSymbols";
			requirement = {
				kind = exactVersion;
				version = 6.2.0;
			};
		};
/* End XCRemoteSwiftPackageReference section */

/* Begin XCSwiftPackageProductDependency section */
		D40BECB22E2EFDAD00391C5A /* SwiftUIIntrospect */ = {
			isa = XCSwiftPackageProductDependency;
			package = D470EA6B2E2E51D400F4FD16 /* XCRemoteSwiftPackageReference "swiftui-introspect" */;
			productName = SwiftUIIntrospect;
		};
		D430F9A02E38BC6500C0CDA3 /* SentrySwiftUI */ = {
			isa = XCSwiftPackageProductDependency;
			package = D4BB80702E1F12190013AEEB /* XCRemoteSwiftPackageReference "sentry-cocoa" */;
			productName = SentrySwiftUI;
		};
		D430F9A22E38BC6E00C0CDA3 /* SentrySwiftUI */ = {
			isa = XCSwiftPackageProductDependency;
			package = D4BB80702E1F12190013AEEB /* XCRemoteSwiftPackageReference "sentry-cocoa" */;
			productName = SentrySwiftUI;
		};
		D44A62A52E33B2800018D789 /* OnLaunch */ = {
			isa = XCSwiftPackageProductDependency;
			package = D44A62A42E33B2800018D789 /* XCRemoteSwiftPackageReference "OnLaunch-iOS-Client" */;
			productName = OnLaunch;
		};
		D4B471872E1F12FA005099F3 /* Sentry */ = {
			isa = XCSwiftPackageProductDependency;
			package = D4BB80702E1F12190013AEEB /* XCRemoteSwiftPackageReference "sentry-cocoa" */;
			productName = Sentry;
		};
		D4B471892E1F1300005099F3 /* SFSafeSymbols */ = {
			isa = XCSwiftPackageProductDependency;
			package = D4CFD1772E1E38F2001447E9 /* XCRemoteSwiftPackageReference "SFSafeSymbols" */;
			productName = SFSafeSymbols;
		};
		D4B4718B2E1F1303005099F3 /* Sentry */ = {
			isa = XCSwiftPackageProductDependency;
			package = D4BB80702E1F12190013AEEB /* XCRemoteSwiftPackageReference "sentry-cocoa" */;
			productName = Sentry;
		};
		D4CFD1782E1E38F2001447E9 /* SFSafeSymbols */ = {
			isa = XCSwiftPackageProductDependency;
			package = D4CFD1772E1E38F2001447E9 /* XCRemoteSwiftPackageReference "SFSafeSymbols" */;
			productName = SFSafeSymbols;
		};
/* End XCSwiftPackageProductDependency section */
	};
	rootObject = D4D359D12E1BDF540006226D /* Project object */;
}
