{
  "originHash" : "4d85826d2c63c3479f29dc7ab35bf62c96617b4a03ca7b4b74c80b7638732346",
  "pins" : [
    {
      "identity" : "onlaunch-ios-client",
      "kind" : "remoteSourceControl",
      "location" : "https://github.com/kula-app/OnLaunch-iOS-Client",
      "state" : {
        "revision" : "f11d6ef11918b3f66b41dd041647629834f7bcb6",
        "version" : "0.0.6"
      }
    },
    {
      "identity" : "sentry-cocoa",
      "kind" : "remoteSourceControl",
      "location" : "https://github.com/getsentry/sentry-cocoa.git",
      "state" : {
        "revision" : "fad8f23d7a2e3e6a1080fa16249216882810dbaf",
        "version" : "8.56.0-alpha.3"
      }
    },
    {
      "identity" : "sfsafesymbols",
      "kind" : "remoteSourceControl",
      "location" : "https://github.com/SFSafeSymbols/SFSafeSymbols",
      "state" : {
        "revision" : "3dd282d3269b061853a3b3bcd23a509d2aa166ce",
        "version" : "6.2.0"
      }
    },
    {
      "identity" : "swiftui-introspect",
      "kind" : "remoteSourceControl",
      "location" : "https://github.com/siteline/swiftui-introspect",
      "state" : {
        "revision" : "807f73ce09a9b9723f12385e592b4e0aaebd3336",
        "version" : "1.3.0"
      }
    }
  ],
  "version" : 3
}
