{
  "originHash" : "066cfc47cc61a840261a149c1b34351630f14c135197fe29f5e52638d4613460",
  "pins" : [
    {
      "identity" : "onlaunch-ios-client",
      "kind" : "remoteSourceControl",
      "location" : "https://github.com/kula-app/OnLaunch-iOS-Client",
      "state" : {
        "revision" : "f11d6ef11918b3f66b41dd041647629834f7bcb6",
        "version" : "0.0.6"
      }
    },
    {
      "identity" : "sentry-cocoa",
      "kind" : "remoteSourceControl",
      "location" : "https://github.com/getsentry/sentry-cocoa",
      "state" : {
        "branch" : "main",
        "revision" : "a4e1541f3daecfc52d812a12b1a90e2312f599e0"
      }
    },
    {
      "identity" : "sfsafesymbols",
      "kind" : "remoteSourceControl",
      "location" : "https://github.com/SFSafeSymbols/SFSafeSymbols",
      "state" : {
        "revision" : "3dd282d3269b061853a3b3bcd23a509d2aa166ce",
        "version" : "6.2.0"
      }
    }
  ],
  "version" : 3
}
