{
  "originHash" : "1e1809b99168546be69b374deb4dd910fbd24cfab75a2f8407dbcccea8d8b800",
  "pins" : [
    {
      "identity" : "onlaunch-ios-client",
      "kind" : "remoteSourceControl",
      "location" : "https://github.com/kula-app/OnLaunch-iOS-Client",
      "state" : {
        "revision" : "f11d6ef11918b3f66b41dd041647629834f7bcb6",
        "version" : "0.0.6"
      }
    },
    {
      "identity" : "sentry-cocoa",
      "kind" : "remoteSourceControl",
      "location" : "https://github.com/getsentry/sentry-cocoa.git",
      "state" : {
        "revision" : "fad8f23d7a2e3e6a1080fa16249216882810dbaf",
        "version" : "8.56.0-alpha.3"
      }
    },
    {
      "identity" : "sfsafesymbols",
      "kind" : "remoteSourceControl",
      "location" : "https://github.com/philprime/SFSafeSymbols",
      "state" : {
        "branch" : "philprime/optimize-binary-size",
        "revision" : "868cdca0165eff5a24feab770401e535c763dd9b"
      }
    },
    {
      "identity" : "swiftui-introspect",
      "kind" : "remoteSourceControl",
      "location" : "https://github.com/siteline/swiftui-introspect",
      "state" : {
        "revision" : "807f73ce09a9b9723f12385e592b4e0aaebd3336",
        "version" : "1.3.0"
      }
    }
  ],
  "version" : 3
}
